<?xml version="1.0" encoding="utf-8"?>
<Project ToolsVersion="4.0" xmlns="http://schemas.microsoft.com/developer/msbuild/2003">
  <ItemGroup>
    <ClCompile Include="AmbientOcclusion.cpp" />
  </ItemGroup>
  <ItemGroup>
    <ClInclude Include="AmbientOcclusion.h" />
  </ItemGroup>
  <ItemGroup>
    <Filter Include="Data">
      <UniqueIdentifier>{8d83802f-4f5a-4ff4-a74d-221c75b6ee6b}</UniqueIdentifier>
    </Filter>
  </ItemGroup>
  <ItemGroup>
    <None Include="Data\AOPrePass.ps.hlsl">
      <Filter>Data</Filter>
    </None>
    <None Include="Data\ApplyAO.ps.hlsl">
      <Filter>Data</Filter>
    </None>
  </ItemGroup>
</Project>