<?xml version="1.0" encoding="utf-8"?>
<Project ToolsVersion="4.0" xmlns="http://schemas.microsoft.com/developer/msbuild/2003">
  <ItemGroup>
    <ClCompile Include="Mogwai.cpp" />
    <ClCompile Include="MogwaiScripting.cpp" />
    <ClCompile Include="stdafx.cpp" />
    <ClCompile Include="Extensions\Capture\FrameCapture.cpp">
      <Filter>Extensions\Capture</Filter>
    </ClCompile>
    <ClCompile Include="Extensions\Capture\CaptureTrigger.cpp">
      <Filter>Extensions\Capture</Filter>
    </ClCompile>
    <ClCompile Include="Extensions\Capture\VideoCapture.cpp">
      <Filter>Extensions\Capture</Filter>
    </ClCompile>
    <ClCompile Include="MogwaiSettings.cpp" />
    <ClCompile Include="Extensions\Profiler\TimingCapture.cpp">
      <Filter>Extensions\Profiler</Filter>
    </ClCompile>
    <ClCompile Include="AppData.cpp" />
  </ItemGroup>
  <ItemGroup>
    <ClInclude Include="Mogwai.h" />
    <ClInclude Include="stdafx.h" />
    <ClInclude Include="Extensions\Capture\FrameCapture.h">
      <Filter>Extensions\Capture</Filter>
    </ClInclude>
    <ClInclude Include="Extensions\Capture\CaptureTrigger.h">
      <Filter>Extensions\Capture</Filter>
    </ClInclude>
    <ClInclude Include="Extensions\Capture\VideoCapture.h">
      <Filter>Extensions\Capture</Filter>
    </ClInclude>
    <ClInclude Include="MogwaiSettings.h" />
    <ClInclude Include="Extensions\Profiler\TimingCapture.h">
      <Filter>Extensions\Profiler</Filter>
    </ClInclude>
    <ClInclude Include="AppData.h" />
  </ItemGroup>
  <ItemGroup>
    <Filter Include="Data">
      <UniqueIdentifier>{43cd0683-b939-4d18-a231-2ab0053cbf9a}</UniqueIdentifier>
    </Filter>
    <Filter Include="Extensions">
      <UniqueIdentifier>{002e1de0-f9e3-40c6-a920-bc17c9369762}</UniqueIdentifier>
    </Filter>
    <Filter Include="Extensions\Capture">
      <UniqueIdentifier>{306d36f4-db42-4d88-ad51-be753440d5fa}</UniqueIdentifier>
    </Filter>
    <Filter Include="Extensions\Profiler">
      <UniqueIdentifier>{b68fbd90-4c98-4a56-b140-075e2e0d4e84}</UniqueIdentifier>
    </Filter>
  </ItemGroup>
  <ItemGroup>
    <None Include="Data\forward_renderer.py">
      <Filter>Data</Filter>
    </None>
    <None Include="Data\config.py">
      <Filter>Data</Filter>
    </None>
    <None Include="Data\BSDFViewer.py">
      <Filter>Data</Filter>
    </None>
    <None Include="Data\PathTracer.py">
      <Filter>Data</Filter>
    </None>
  </ItemGroup>
</Project>