Microsoft Visual Studio Solution File, Format Version 12.00
# Visual Studio Version 16
VisualStudioVersion = 16.0.29728.190
MinimumVisualStudioVersion = 10.0.40219.1
Project("{2150E333-8FDC-42A3-9474-1A3956D46DE8}") = "Solution Items", "Solution Items", "{350A0B15-98C0-45E3-872B-4FEFB47AA37C}"
	ProjectSection(SolutionItems) = preProject
		.editorconfig = .editorconfig
	EndProjectSection
EndProject
Project("{2150E333-8FDC-42A3-9474-1A3956D46DE8}") = "Samples", "Samples", "{4B8EAC4B-FFDF-4CCA-A6FE-4505631E51EC}"
EndProject
Project("{2150E333-8FDC-42A3-9474-1A3956D46DE8}") = "Tools", "Tools", "{935D7586-B55D-431A-A0ED-338383DE1A1E}"
EndProject
Project("{8BC9CEB8-8B4A-11D0-8D11-00A0C91BC942}") = "FalcorTest", "Source\Tools\FalcorTest\FalcorTest.vcxproj", "{20401FAD-6022-8EB7-2F78-41369B8F0F49}"
EndProject
Project("{8BC9CEB8-8B4A-11D0-8D11-00A0C91BC942}") = "RenderGraphEditor", "Source\Tools\RenderGraphEditor\RenderGraphEditor.vcxproj", "{DE81ACAA-933F-4DBC-A7EB-D69B9CB0BA71}"
EndProject
Project("{8BC9CEB8-8B4A-11D0-8D11-00A0C91BC942}") = "Falcor", "Source\Falcor\Falcor.vcxproj", "{2C535635-E4C5-4098-A928-574F0E7CD5F9}"
EndProject
Project("{2150E333-8FDC-42A3-9474-1A3956D46DE8}") = "BuildScripts", "BuildScripts", "{0ABDD59E-937B-41FF-B78A-7F47CBCCA387}"
	ProjectSection(SolutionItems) = preProject
		Build\deploycommon.bat = Build\deploycommon.bat
		Build\deployproject.bat = Build\deployproject.bat
		Build\patchpropssheet.py = Build\patchpropssheet.py
		Build\prebuild.bat = Build\prebuild.bat
		Build\update_dependencies.bat = Build\update_dependencies.bat
	EndProjectSection
EndProject
Project("{8BC9CEB8-8B4A-11D0-8D11-00A0C91BC942}") = "Mogwai", "Source\Mogwai\Mogwai.vcxproj", "{204D1CBA-6D34-4EB7-9F78-A1369F8F0F49}"
EndProject
Project("{2150E333-8FDC-42A3-9474-1A3956D46DE8}") = "RenderPasses", "RenderPasses", "{D16038A7-B031-4181-B4A1-2C416C02330C}"
EndProject
Project("{8BC9CEB8-8B4A-11D0-8D11-00A0C91BC942}") = "TemporalDelayPass", "Source\RenderPasses\TemporalDelayPass\TemporalDelayPass.vcxproj", "{6B527E70-C2C6-4C87-BB7D-E1154F6A6FEF}"
EndProject
Project("{8BC9CEB8-8B4A-11D0-8D11-00A0C91BC942}") = "HelloDXR", "Source\Samples\HelloDXR\HelloDXR.vcxproj", "{71B60B71-89A2-4196-BFB9-4A848CF6C541}"
EndProject
Project("{8BC9CEB8-8B4A-11D0-8D11-00A0C91BC942}") = "ModelViewer", "Source\Samples\ModelViewer\ModelViewer.vcxproj", "{7BFFD891-AAD6-4E5C-8ADC-611C2625DCD9}"
EndProject
Project("{8BC9CEB8-8B4A-11D0-8D11-00A0C91BC942}") = "ProjectTemplate", "Source\Samples\ProjectTemplate\ProjectTemplate.vcxproj", "{605856E4-34D4-40DF-B859-EEA3A7D52A7B}"
EndProject
Project("{8BC9CEB8-8B4A-11D0-8D11-00A0C91BC942}") = "ShaderToy", "Source\Samples\ShaderToy\ShaderToy.vcxproj", "{8AB4CF3D-9824-4390-8569-B07776C4D1F6}"
EndProject
Project("{8BC9CEB8-8B4A-11D0-8D11-00A0C91BC942}") = "AccumulatePass", "Source\RenderPasses\AccumulatePass\AccumulatePass.vcxproj", "{081FD8DE-6C92-4CDC-84AD-C514F7E83F93}"
EndProject
Project("{8BC9CEB8-8B4A-11D0-8D11-00A0C91BC942}") = "BSDFViewer", "Source\RenderPasses\BSDFViewer\BSDFViewer.vcxproj", "{B219C161-94D2-4DCB-A75D-E6A0906F534D}"
EndProject
Project("{8BC9CEB8-8B4A-11D0-8D11-00A0C91BC942}") = "ErrorMeasurePass", "Source\RenderPasses\ErrorMeasurePass\ErrorMeasurePass.vcxproj", "{DAE949BD-2C44-40DA-A592-7CCAB00D4A7D}"
EndProject
Project("{8BC9CEB8-8B4A-11D0-8D11-00A0C91BC942}") = "GBuffer", "Source\RenderPasses\GBuffer\GBuffer.vcxproj", "{CA155B01-7528-4D81-B5CD-E801B4AA4027}"
EndProject
Project("{8BC9CEB8-8B4A-11D0-8D11-00A0C91BC942}") = "MinimalPathTracer", "Source\RenderPasses\MinimalPathTracer\MinimalPathTracer.vcxproj", "{FF7FE9B8-2ACE-4044-869D-A5C4EF8042D3}"
EndProject
Project("{8BC9CEB8-8B4A-11D0-8D11-00A0C91BC942}") = "PixelInspectorPass", "Source\RenderPasses\PixelInspectorPass\PixelInspectorPass.vcxproj", "{80DDDE59-A412-4E64-880A-6B52697C967B}"
EndProject
Project("{8BC9CEB8-8B4A-11D0-8D11-00A0C91BC942}") = "SVGFPass", "Source\RenderPasses\SVGFPass\SVGFPass.vcxproj", "{691F64DD-0941-49DE-B52E-949341192154}"
EndProject
Project("{8BC9CEB8-8B4A-11D0-8D11-00A0C91BC942}") = "SSAO", "Source\RenderPasses\SSAO\SSAO.vcxproj", "{6CC70B9F-CA56-4EF2-8075-A1BE0005DCF4}"
EndProject
Project("{8BC9CEB8-8B4A-11D0-8D11-00A0C91BC942}") = "Antialiasing", "Source\RenderPasses\Antialiasing\Antialiasing.vcxproj", "{8ECC586D-1F5E-46D4-82BB-28044E6D67A2}"
EndProject
Project("{8BC9CEB8-8B4A-11D0-8D11-00A0C91BC942}") = "CSM", "Source\RenderPasses\CSM\CSM.vcxproj", "{52CB6295-6163-49B8-B3B6-8A6140E0479D}"
EndProject
Project("{8BC9CEB8-8B4A-11D0-8D11-00A0C91BC942}") = "SkyBox", "Source\RenderPasses\SkyBox\SkyBox.vcxproj", "{C6EB0AC0-FF3B-474E-A453-44D84329D13A}"
EndProject
Project("{8BC9CEB8-8B4A-11D0-8D11-00A0C91BC942}") = "ToneMapper", "Source\RenderPasses\ToneMapper\ToneMapper.vcxproj", "{E58DB0ED-58CD-4724-91EA-99419084CB3A}"
EndProject
Project("{8BC9CEB8-8B4A-11D0-8D11-00A0C91BC942}") = "Utils", "Source\RenderPasses\Utils\Utils.vcxproj", "{BCA3CCD2-6118-4821-BF30-23B725B0C230}"
EndProject
Project("{8BC9CEB8-8B4A-11D0-8D11-00A0C91BC942}") = "BlitPass", "Source\RenderPasses\BlitPass\BlitPass.vcxproj", "{15770768-65FC-4889-A34B-3CC27CC452BC}"
EndProject
Project("{8BC9CEB8-8B4A-11D0-8D11-00A0C91BC942}") = "DepthPass", "Source\RenderPasses\DepthPass\DepthPass.vcxproj", "{730AA5B9-7DDB-40AF-A882-EB39B9D3AC7C}"
EndProject
Project("{8BC9CEB8-8B4A-11D0-8D11-00A0C91BC942}") = "ForwardLightingPass", "Source\RenderPasses\ForwardLightingPass\ForwardLightingPass.vcxproj", "{C028BF86-8F34-42C2-84DA-4CBE1CF783FE}"
EndProject
Project("{8BC9CEB8-8B4A-11D0-8D11-00A0C91BC942}") = "ImageLoader", "Source\RenderPasses\ImageLoader\ImageLoader.vcxproj", "{8CE33F5F-CFB9-4B25-9298-990DAE982991}"
EndProject
Project("{8BC9CEB8-8B4A-11D0-8D11-00A0C91BC942}") = "DebugPasses", "Source\RenderPasses\DebugPasses\DebugPasses.vcxproj", "{E92137D5-B374-4216-9A96-6AD67965B2EE}"
EndProject
Project("{8BC9CEB8-8B4A-11D0-8D11-00A0C91BC942}") = "PassLibraryTemplate", "Source\RenderPasses\PassLibraryTemplate\PassLibraryTemplate.vcxproj", "{E484AEEC-ED88-408E-ADA5-66DF6301D75B}"
EndProject
Project("{8BC9CEB8-8B4A-11D0-8D11-00A0C91BC942}") = "ImageCompare", "Source\Tools\ImageCompare\ImageCompare.vcxproj", "{8F6B5FAB-30FA-45C6-B5EA-BCD1D26781C0}"
EndProject
Project("{8BC9CEB8-8B4A-11D0-8D11-00A0C91BC942}") = "MegakernelPathTracer", "Source\RenderPasses\MegakernelPathTracer\MegakernelPathTracer.vcxproj", "{873F13CA-A9C7-47BA-857D-8848C5E7F07E}"
EndProject
Project("{8BC9CEB8-8B4A-11D0-8D11-00A0C91BC942}") = "WhittedRayTracer", "Source\RenderPasses\WhittedRayTracer\WhittedRayTracer.vcxproj", "{431C3127-E613-424C-B964-FB53DAA87789}"
EndProject
Project("{8BC9CEB8-8B4A-11D0-8D11-00A0C91BC942}") = "SceneDebugger", "Source\RenderPasses\SceneDebugger\SceneDebugger.vcxproj", "{B1715F7A-6EFD-4910-B271-7423AB6961CB}"
EndProject
Global
	GlobalSection(SolutionConfigurationPlatforms) = preSolution
		DebugD3D12|x64 = DebugD3D12|x64
		ReleaseD3D12|x64 = ReleaseD3D12|x64
	EndGlobalSection
	GlobalSection(ProjectConfigurationPlatforms) = postSolution
		{20401FAD-6022-8EB7-2F78-41369B8F0F49}.DebugD3D12|x64.ActiveCfg = Debug|x64
		{20401FAD-6022-8EB7-2F78-41369B8F0F49}.DebugD3D12|x64.Build.0 = Debug|x64
		{20401FAD-6022-8EB7-2F78-41369B8F0F49}.ReleaseD3D12|x64.ActiveCfg = Release|x64
		{20401FAD-6022-8EB7-2F78-41369B8F0F49}.ReleaseD3D12|x64.Build.0 = Release|x64
		{DE81ACAA-933F-4DBC-A7EB-D69B9CB0BA71}.DebugD3D12|x64.ActiveCfg = Debug|x64
		{DE81ACAA-933F-4DBC-A7EB-D69B9CB0BA71}.DebugD3D12|x64.Build.0 = Debug|x64
		{DE81ACAA-933F-4DBC-A7EB-D69B9CB0BA71}.ReleaseD3D12|x64.ActiveCfg = Release|x64
		{DE81ACAA-933F-4DBC-A7EB-D69B9CB0BA71}.ReleaseD3D12|x64.Build.0 = Release|x64
		{2C535635-E4C5-4098-A928-574F0E7CD5F9}.DebugD3D12|x64.ActiveCfg = DebugD3D12|x64
		{2C535635-E4C5-4098-A928-574F0E7CD5F9}.DebugD3D12|x64.Build.0 = DebugD3D12|x64
		{2C535635-E4C5-4098-A928-574F0E7CD5F9}.ReleaseD3D12|x64.ActiveCfg = ReleaseD3D12|x64
		{2C535635-E4C5-4098-A928-574F0E7CD5F9}.ReleaseD3D12|x64.Build.0 = ReleaseD3D12|x64
		{204D1CBA-6D34-4EB7-9F78-A1369F8F0F49}.DebugD3D12|x64.ActiveCfg = Debug|x64
		{204D1CBA-6D34-4EB7-9F78-A1369F8F0F49}.DebugD3D12|x64.Build.0 = Debug|x64
		{204D1CBA-6D34-4EB7-9F78-A1369F8F0F49}.ReleaseD3D12|x64.ActiveCfg = Release|x64
		{204D1CBA-6D34-4EB7-9F78-A1369F8F0F49}.ReleaseD3D12|x64.Build.0 = Release|x64
		{6B527E70-C2C6-4C87-BB7D-E1154F6A6FEF}.DebugD3D12|x64.ActiveCfg = Debug|x64
		{6B527E70-C2C6-4C87-BB7D-E1154F6A6FEF}.DebugD3D12|x64.Build.0 = Debug|x64
		{6B527E70-C2C6-4C87-BB7D-E1154F6A6FEF}.ReleaseD3D12|x64.ActiveCfg = Release|x64
		{6B527E70-C2C6-4C87-BB7D-E1154F6A6FEF}.ReleaseD3D12|x64.Build.0 = Release|x64
		{71B60B71-89A2-4196-BFB9-4A848CF6C541}.DebugD3D12|x64.ActiveCfg = Debug|x64
		{71B60B71-89A2-4196-BFB9-4A848CF6C541}.DebugD3D12|x64.Build.0 = Debug|x64
		{71B60B71-89A2-4196-BFB9-4A848CF6C541}.ReleaseD3D12|x64.ActiveCfg = Release|x64
		{71B60B71-89A2-4196-BFB9-4A848CF6C541}.ReleaseD3D12|x64.Build.0 = Release|x64
		{7BFFD891-AAD6-4E5C-8ADC-611C2625DCD9}.DebugD3D12|x64.ActiveCfg = Debug|x64
		{7BFFD891-AAD6-4E5C-8ADC-611C2625DCD9}.DebugD3D12|x64.Build.0 = Debug|x64
		{7BFFD891-AAD6-4E5C-8ADC-611C2625DCD9}.ReleaseD3D12|x64.ActiveCfg = Release|x64
		{7BFFD891-AAD6-4E5C-8ADC-611C2625DCD9}.ReleaseD3D12|x64.Build.0 = Release|x64
		{605856E4-34D4-40DF-B859-EEA3A7D52A7B}.DebugD3D12|x64.ActiveCfg = Debug|x64
		{605856E4-34D4-40DF-B859-EEA3A7D52A7B}.DebugD3D12|x64.Build.0 = Debug|x64
		{605856E4-34D4-40DF-B859-EEA3A7D52A7B}.ReleaseD3D12|x64.ActiveCfg = Release|x64
		{605856E4-34D4-40DF-B859-EEA3A7D52A7B}.ReleaseD3D12|x64.Build.0 = Release|x64
		{8AB4CF3D-9824-4390-8569-B07776C4D1F6}.DebugD3D12|x64.ActiveCfg = Debug|x64
		{8AB4CF3D-9824-4390-8569-B07776C4D1F6}.DebugD3D12|x64.Build.0 = Debug|x64
		{8AB4CF3D-9824-4390-8569-B07776C4D1F6}.ReleaseD3D12|x64.ActiveCfg = Release|x64
		{8AB4CF3D-9824-4390-8569-B07776C4D1F6}.ReleaseD3D12|x64.Build.0 = Release|x64
		{081FD8DE-6C92-4CDC-84AD-C514F7E83F93}.DebugD3D12|x64.ActiveCfg = Debug|x64
		{081FD8DE-6C92-4CDC-84AD-C514F7E83F93}.DebugD3D12|x64.Build.0 = Debug|x64
		{081FD8DE-6C92-4CDC-84AD-C514F7E83F93}.ReleaseD3D12|x64.ActiveCfg = Release|x64
		{081FD8DE-6C92-4CDC-84AD-C514F7E83F93}.ReleaseD3D12|x64.Build.0 = Release|x64
		{B219C161-94D2-4DCB-A75D-E6A0906F534D}.DebugD3D12|x64.ActiveCfg = Debug|x64
		{B219C161-94D2-4DCB-A75D-E6A0906F534D}.DebugD3D12|x64.Build.0 = Debug|x64
		{B219C161-94D2-4DCB-A75D-E6A0906F534D}.ReleaseD3D12|x64.ActiveCfg = Release|x64
		{B219C161-94D2-4DCB-A75D-E6A0906F534D}.ReleaseD3D12|x64.Build.0 = Release|x64
		{DAE949BD-2C44-40DA-A592-7CCAB00D4A7D}.DebugD3D12|x64.ActiveCfg = Debug|x64
		{DAE949BD-2C44-40DA-A592-7CCAB00D4A7D}.DebugD3D12|x64.Build.0 = Debug|x64
		{DAE949BD-2C44-40DA-A592-7CCAB00D4A7D}.ReleaseD3D12|x64.ActiveCfg = Release|x64
		{DAE949BD-2C44-40DA-A592-7CCAB00D4A7D}.ReleaseD3D12|x64.Build.0 = Release|x64
		{CA155B01-7528-4D81-B5CD-E801B4AA4027}.DebugD3D12|x64.ActiveCfg = Debug|x64
		{CA155B01-7528-4D81-B5CD-E801B4AA4027}.DebugD3D12|x64.Build.0 = Debug|x64
		{CA155B01-7528-4D81-B5CD-E801B4AA4027}.ReleaseD3D12|x64.ActiveCfg = Release|x64
		{CA155B01-7528-4D81-B5CD-E801B4AA4027}.ReleaseD3D12|x64.Build.0 = Release|x64
		{FF7FE9B8-2ACE-4044-869D-A5C4EF8042D3}.DebugD3D12|x64.ActiveCfg = Debug|x64
		{FF7FE9B8-2ACE-4044-869D-A5C4EF8042D3}.DebugD3D12|x64.Build.0 = Debug|x64
		{FF7FE9B8-2ACE-4044-869D-A5C4EF8042D3}.ReleaseD3D12|x64.ActiveCfg = Release|x64
		{FF7FE9B8-2ACE-4044-869D-A5C4EF8042D3}.ReleaseD3D12|x64.Build.0 = Release|x64
		{80DDDE59-A412-4E64-880A-6B52697C967B}.DebugD3D12|x64.ActiveCfg = Debug|x64
		{80DDDE59-A412-4E64-880A-6B52697C967B}.DebugD3D12|x64.Build.0 = Debug|x64
		{80DDDE59-A412-4E64-880A-6B52697C967B}.ReleaseD3D12|x64.ActiveCfg = Release|x64
		{80DDDE59-A412-4E64-880A-6B52697C967B}.ReleaseD3D12|x64.Build.0 = Release|x64
		{691F64DD-0941-49DE-B52E-949341192154}.DebugD3D12|x64.ActiveCfg = Debug|x64
		{691F64DD-0941-49DE-B52E-949341192154}.DebugD3D12|x64.Build.0 = Debug|x64
		{691F64DD-0941-49DE-B52E-949341192154}.ReleaseD3D12|x64.ActiveCfg = Release|x64
		{691F64DD-0941-49DE-B52E-949341192154}.ReleaseD3D12|x64.Build.0 = Release|x64
		{6CC70B9F-CA56-4EF2-8075-A1BE0005DCF4}.DebugD3D12|x64.ActiveCfg = Debug|x64
		{6CC70B9F-CA56-4EF2-8075-A1BE0005DCF4}.DebugD3D12|x64.Build.0 = Debug|x64
		{6CC70B9F-CA56-4EF2-8075-A1BE0005DCF4}.ReleaseD3D12|x64.ActiveCfg = Release|x64
		{6CC70B9F-CA56-4EF2-8075-A1BE0005DCF4}.ReleaseD3D12|x64.Build.0 = Release|x64
		{8ECC586D-1F5E-46D4-82BB-28044E6D67A2}.DebugD3D12|x64.ActiveCfg = Debug|x64
		{8ECC586D-1F5E-46D4-82BB-28044E6D67A2}.DebugD3D12|x64.Build.0 = Debug|x64
		{8ECC586D-1F5E-46D4-82BB-28044E6D67A2}.ReleaseD3D12|x64.ActiveCfg = Release|x64
		{8ECC586D-1F5E-46D4-82BB-28044E6D67A2}.ReleaseD3D12|x64.Build.0 = Release|x64
		{52CB6295-6163-49B8-B3B6-8A6140E0479D}.DebugD3D12|x64.ActiveCfg = Debug|x64
		{52CB6295-6163-49B8-B3B6-8A6140E0479D}.DebugD3D12|x64.Build.0 = Debug|x64
		{52CB6295-6163-49B8-B3B6-8A6140E0479D}.ReleaseD3D12|x64.ActiveCfg = Release|x64
		{52CB6295-6163-49B8-B3B6-8A6140E0479D}.ReleaseD3D12|x64.Build.0 = Release|x64
		{C6EB0AC0-FF3B-474E-A453-44D84329D13A}.DebugD3D12|x64.ActiveCfg = Debug|x64
		{C6EB0AC0-FF3B-474E-A453-44D84329D13A}.DebugD3D12|x64.Build.0 = Debug|x64
		{C6EB0AC0-FF3B-474E-A453-44D84329D13A}.ReleaseD3D12|x64.ActiveCfg = Release|x64
		{C6EB0AC0-FF3B-474E-A453-44D84329D13A}.ReleaseD3D12|x64.Build.0 = Release|x64
		{E58DB0ED-58CD-4724-91EA-99419084CB3A}.DebugD3D12|x64.ActiveCfg = Debug|x64
		{E58DB0ED-58CD-4724-91EA-99419084CB3A}.DebugD3D12|x64.Build.0 = Debug|x64
		{E58DB0ED-58CD-4724-91EA-99419084CB3A}.ReleaseD3D12|x64.ActiveCfg = Release|x64
		{E58DB0ED-58CD-4724-91EA-99419084CB3A}.ReleaseD3D12|x64.Build.0 = Release|x64
		{BCA3CCD2-6118-4821-BF30-23B725B0C230}.DebugD3D12|x64.ActiveCfg = Debug|x64
		{BCA3CCD2-6118-4821-BF30-23B725B0C230}.DebugD3D12|x64.Build.0 = Debug|x64
		{BCA3CCD2-6118-4821-BF30-23B725B0C230}.ReleaseD3D12|x64.ActiveCfg = Release|x64
		{BCA3CCD2-6118-4821-BF30-23B725B0C230}.ReleaseD3D12|x64.Build.0 = Release|x64
		{15770768-65FC-4889-A34B-3CC27CC452BC}.DebugD3D12|x64.ActiveCfg = Debug|x64
		{15770768-65FC-4889-A34B-3CC27CC452BC}.DebugD3D12|x64.Build.0 = Debug|x64
		{15770768-65FC-4889-A34B-3CC27CC452BC}.ReleaseD3D12|x64.ActiveCfg = Release|x64
		{15770768-65FC-4889-A34B-3CC27CC452BC}.ReleaseD3D12|x64.Build.0 = Release|x64
		{730AA5B9-7DDB-40AF-A882-EB39B9D3AC7C}.DebugD3D12|x64.ActiveCfg = Debug|x64
		{730AA5B9-7DDB-40AF-A882-EB39B9D3AC7C}.DebugD3D12|x64.Build.0 = Debug|x64
		{730AA5B9-7DDB-40AF-A882-EB39B9D3AC7C}.ReleaseD3D12|x64.ActiveCfg = Release|x64
		{730AA5B9-7DDB-40AF-A882-EB39B9D3AC7C}.ReleaseD3D12|x64.Build.0 = Release|x64
		{C028BF86-8F34-42C2-84DA-4CBE1CF783FE}.DebugD3D12|x64.ActiveCfg = Debug|x64
		{C028BF86-8F34-42C2-84DA-4CBE1CF783FE}.DebugD3D12|x64.Build.0 = Debug|x64
		{C028BF86-8F34-42C2-84DA-4CBE1CF783FE}.ReleaseD3D12|x64.ActiveCfg = Release|x64
		{C028BF86-8F34-42C2-84DA-4CBE1CF783FE}.ReleaseD3D12|x64.Build.0 = Release|x64
		{8CE33F5F-CFB9-4B25-9298-990DAE982991}.DebugD3D12|x64.ActiveCfg = Debug|x64
		{8CE33F5F-CFB9-4B25-9298-990DAE982991}.DebugD3D12|x64.Build.0 = Debug|x64
		{8CE33F5F-CFB9-4B25-9298-990DAE982991}.ReleaseD3D12|x64.ActiveCfg = Release|x64
		{8CE33F5F-CFB9-4B25-9298-990DAE982991}.ReleaseD3D12|x64.Build.0 = Release|x64
		{E92137D5-B374-4216-9A96-6AD67965B2EE}.DebugD3D12|x64.ActiveCfg = Debug|x64
		{E92137D5-B374-4216-9A96-6AD67965B2EE}.DebugD3D12|x64.Build.0 = Debug|x64
		{E92137D5-B374-4216-9A96-6AD67965B2EE}.ReleaseD3D12|x64.ActiveCfg = Release|x64
		{E92137D5-B374-4216-9A96-6AD67965B2EE}.ReleaseD3D12|x64.Build.0 = Release|x64
		{E484AEEC-ED88-408E-ADA5-66DF6301D75B}.DebugD3D12|x64.ActiveCfg = Debug|x64
		{E484AEEC-ED88-408E-ADA5-66DF6301D75B}.DebugD3D12|x64.Build.0 = Debug|x64
		{E484AEEC-ED88-408E-ADA5-66DF6301D75B}.ReleaseD3D12|x64.ActiveCfg = Release|x64
		{E484AEEC-ED88-408E-ADA5-66DF6301D75B}.ReleaseD3D12|x64.Build.0 = Release|x64
		{8F6B5FAB-30FA-45C6-B5EA-BCD1D26781C0}.DebugD3D12|x64.ActiveCfg = Debug|x64
		{8F6B5FAB-30FA-45C6-B5EA-BCD1D26781C0}.DebugD3D12|x64.Build.0 = Debug|x64
		{8F6B5FAB-30FA-45C6-B5EA-BCD1D26781C0}.ReleaseD3D12|x64.ActiveCfg = Release|x64
		{8F6B5FAB-30FA-45C6-B5EA-BCD1D26781C0}.ReleaseD3D12|x64.Build.0 = Release|x64
		{873F13CA-A9C7-47BA-857D-8848C5E7F07E}.DebugD3D12|x64.ActiveCfg = Debug|x64
		{873F13CA-A9C7-47BA-857D-8848C5E7F07E}.DebugD3D12|x64.Build.0 = Debug|x64
		{873F13CA-A9C7-47BA-857D-8848C5E7F07E}.ReleaseD3D12|x64.ActiveCfg = Release|x64
		{873F13CA-A9C7-47BA-857D-8848C5E7F07E}.ReleaseD3D12|x64.Build.0 = Release|x64
		{431C3127-E613-424C-B964-FB53DAA87789}.DebugD3D12|x64.ActiveCfg = Debug|x64
		{431C3127-E613-424C-B964-FB53DAA87789}.DebugD3D12|x64.Build.0 = Debug|x64
		{431C3127-E613-424C-B964-FB53DAA87789}.ReleaseD3D12|x64.ActiveCfg = Release|x64
		{431C3127-E613-424C-B964-FB53DAA87789}.ReleaseD3D12|x64.Build.0 = Release|x64
		{B1715F7A-6EFD-4910-B271-7423AB6961CB}.DebugD3D12|x64.ActiveCfg = Debug|x64
		{B1715F7A-6EFD-4910-B271-7423AB6961CB}.DebugD3D12|x64.Build.0 = Debug|x64
		{B1715F7A-6EFD-4910-B271-7423AB6961CB}.ReleaseD3D12|x64.ActiveCfg = Release|x64
		{B1715F7A-6EFD-4910-B271-7423AB6961CB}.ReleaseD3D12|x64.Build.0 = Release|x64
	EndGlobalSection
	GlobalSection(SolutionProperties) = preSolution
		HideSolutionNode = FALSE
	EndGlobalSection
	GlobalSection(NestedProjects) = preSolution
		{20401FAD-6022-8EB7-2F78-41369B8F0F49} = {935D7586-B55D-431A-A0ED-338383DE1A1E}
		{DE81ACAA-933F-4DBC-A7EB-D69B9CB0BA71} = {935D7586-B55D-431A-A0ED-338383DE1A1E}
		{0ABDD59E-937B-41FF-B78A-7F47CBCCA387} = {350A0B15-98C0-45E3-872B-4FEFB47AA37C}
		{6B527E70-C2C6-4C87-BB7D-E1154F6A6FEF} = {D16038A7-B031-4181-B4A1-2C416C02330C}
		{71B60B71-89A2-4196-BFB9-4A848CF6C541} = {4B8EAC4B-FFDF-4CCA-A6FE-4505631E51EC}
		{7BFFD891-AAD6-4E5C-8ADC-611C2625DCD9} = {4B8EAC4B-FFDF-4CCA-A6FE-4505631E51EC}
		{605856E4-34D4-40DF-B859-EEA3A7D52A7B} = {4B8EAC4B-FFDF-4CCA-A6FE-4505631E51EC}
		{8AB4CF3D-9824-4390-8569-B07776C4D1F6} = {4B8EAC4B-FFDF-4CCA-A6FE-4505631E51EC}
		{081FD8DE-6C92-4CDC-84AD-C514F7E83F93} = {D16038A7-B031-4181-B4A1-2C416C02330C}
		{B219C161-94D2-4DCB-A75D-E6A0906F534D} = {D16038A7-B031-4181-B4A1-2C416C02330C}
		{DAE949BD-2C44-40DA-A592-7CCAB00D4A7D} = {D16038A7-B031-4181-B4A1-2C416C02330C}
		{CA155B01-7528-4D81-B5CD-E801B4AA4027} = {D16038A7-B031-4181-B4A1-2C416C02330C}
		{FF7FE9B8-2ACE-4044-869D-A5C4EF8042D3} = {D16038A7-B031-4181-B4A1-2C416C02330C}
		{80DDDE59-A412-4E64-880A-6B52697C967B} = {D16038A7-B031-4181-B4A1-2C416C02330C}
		{691F64DD-0941-49DE-B52E-949341192154} = {D16038A7-B031-4181-B4A1-2C416C02330C}
		{6CC70B9F-CA56-4EF2-8075-A1BE0005DCF4} = {D16038A7-B031-4181-B4A1-2C416C02330C}
		{8ECC586D-1F5E-46D4-82BB-28044E6D67A2} = {D16038A7-B031-4181-B4A1-2C416C02330C}
		{52CB6295-6163-49B8-B3B6-8A6140E0479D} = {D16038A7-B031-4181-B4A1-2C416C02330C}
		{C6EB0AC0-FF3B-474E-A453-44D84329D13A} = {D16038A7-B031-4181-B4A1-2C416C02330C}
		{E58DB0ED-58CD-4724-91EA-99419084CB3A} = {D16038A7-B031-4181-B4A1-2C416C02330C}
		{BCA3CCD2-6118-4821-BF30-23B725B0C230} = {D16038A7-B031-4181-B4A1-2C416C02330C}
		{15770768-65FC-4889-A34B-3CC27CC452BC} = {D16038A7-B031-4181-B4A1-2C416C02330C}
		{730AA5B9-7DDB-40AF-A882-EB39B9D3AC7C} = {D16038A7-B031-4181-B4A1-2C416C02330C}
		{C028BF86-8F34-42C2-84DA-4CBE1CF783FE} = {D16038A7-B031-4181-B4A1-2C416C02330C}
		{8CE33F5F-CFB9-4B25-9298-990DAE982991} = {D16038A7-B031-4181-B4A1-2C416C02330C}
		{E92137D5-B374-4216-9A96-6AD67965B2EE} = {D16038A7-B031-4181-B4A1-2C416C02330C}
		{E484AEEC-ED88-408E-ADA5-66DF6301D75B} = {D16038A7-B031-4181-B4A1-2C416C02330C}
		{8F6B5FAB-30FA-45C6-B5EA-BCD1D26781C0} = {935D7586-B55D-431A-A0ED-338383DE1A1E}
		{873F13CA-A9C7-47BA-857D-8848C5E7F07E} = {D16038A7-B031-4181-B4A1-2C416C02330C}
		{431C3127-E613-424C-B964-FB53DAA87789} = {D16038A7-B031-4181-B4A1-2C416C02330C}
		{B1715F7A-6EFD-4910-B271-7423AB6961CB} = {D16038A7-B031-4181-B4A1-2C416C02330C}
	EndGlobalSection
	GlobalSection(ExtensibilityGlobals) = postSolution
		SolutionGuid = {357B2AE0-FE30-4AC6-8D41-B580232BC0DE}
	EndGlobalSection
EndGlobal
