<?xml version="1.0" encoding="utf-8"?>
<Project ToolsVersion="4.0" xmlns="http://schemas.microsoft.com/developer/msbuild/2003">
  <ItemGroup>
    <ClCompile Include="..\..\..\Source\RenderContextTest.cpp" />
  </ItemGroup>
  <ItemGroup>
    <ClInclude Include="..\..\..\Source\RenderContextTest.h" />
  </ItemGroup>
  <ItemGroup>
    <Filter Include="Data">
      <UniqueIdentifier>{1fdeb01e-1e2b-4fd9-a045-a39c68ba9326}</UniqueIdentifier>
    </Filter>
  </ItemGroup>
</Project>