<?xml version="1.0" encoding="utf-8"?>
<Project ToolsVersion="4.0" xmlns="http://schemas.microsoft.com/developer/msbuild/2003">
  <ItemGroup>
    <ClCompile Include="StereoRendering.cpp" />
  </ItemGroup>
  <ItemGroup>
    <ClInclude Include="StereoRendering.h" />
  </ItemGroup>
  <ItemGroup>
    <Filter Include="Data">
      <UniqueIdentifier>{871b6b71-44ab-43ba-a02e-f3ffb5a43e17}</UniqueIdentifier>
    </Filter>
  </ItemGroup>
  <ItemGroup>
    <None Include="Data\StereoRendering.ps.hlsl">
      <Filter>Data</Filter>
    </None>
    <None Include="Data\StereoRendering.gs.hlsl">
      <Filter>Data</Filter>
    </None>
    <None Include="Data\StereoRendering.vs.hlsl">
      <Filter>Data</Filter>
    </None>
  </ItemGroup>
</Project>