<?xml version="1.0" encoding="utf-8"?>
<Project ToolsVersion="4.0" xmlns="http://schemas.microsoft.com/developer/msbuild/2003">
  <ItemGroup>
    <ClCompile Include="GBuffer\GBufferRaster.cpp">
      <Filter>GBuffer</Filter>
    </ClCompile>
    <ClCompile Include="GBuffer\GBufferRT.cpp">
      <Filter>GBuffer</Filter>
    </ClCompile>
    <ClCompile Include="GBufferBase.cpp" />
    <ClCompile Include="GBuffer\GBuffer.cpp">
      <Filter>GBuffer</Filter>
    </ClCompile>
    <ClCompile Include="VBuffer\VBufferRT.cpp">
      <Filter>VBuffer</Filter>
    </ClCompile>
    <ClCompile Include="VBuffer\VBufferRaster.cpp">
      <Filter>VBuffer</Filter>
    </ClCompile>
  </ItemGroup>
  <ItemGroup>
    <ClInclude Include="GBuffer\GBufferRaster.h">
      <Filter>GBuffer</Filter>
    </ClInclude>
    <ClInclude Include="GBuffer\GBufferRT.h">
      <Filter>GBuffer</Filter>
    </ClInclude>
    <ClInclude Include="GBufferBase.h" />
    <ClInclude Include="GBuffer\GBuffer.h">
      <Filter>GBuffer</Filter>
    </ClInclude>
    <ClInclude Include="VBuffer\VBufferRT.h">
      <Filter>VBuffer</Filter>
    </ClInclude>
    <ClInclude Include="VBuffer\VBufferRaster.h">
      <Filter>VBuffer</Filter>
    </ClInclude>
  </ItemGroup>
  <ItemGroup>
    <Filter Include="GBuffer">
      <UniqueIdentifier>{7b4bbb53-cea4-4293-a783-a37d0cd00b09}</UniqueIdentifier>
    </Filter>
    <Filter Include="VBuffer">
      <UniqueIdentifier>{ea9f0ada-5e50-4f04-b7ba-dbe7fedded43}</UniqueIdentifier>
    </Filter>
  </ItemGroup>
  <ItemGroup>
    <ShaderSource Include="GBuffer\GBufferHelpers.slang">
      <Filter>GBuffer</Filter>
    </ShaderSource>
    <ShaderSource Include="GBuffer\GBufferParams.slang">
      <Filter>GBuffer</Filter>
    </ShaderSource>
    <ShaderSource Include="VBuffer\VBufferRT.rt.slang">
      <Filter>VBuffer</Filter>
    </ShaderSource>
    <ShaderSource Include="GBuffer\GBufferRaster.3d.slang">
      <Filter>GBuffer</Filter>
    </ShaderSource>
    <ShaderSource Include="GBuffer\GBufferRT.rt.slang">
      <Filter>GBuffer</Filter>
    </ShaderSource>
    <ShaderSource Include="VBuffer\VBufferRaster.3d.slang">
      <Filter>VBuffer</Filter>
    </ShaderSource>
  </ItemGroup>
</Project>