<?xml version="1.0" encoding="utf-8"?>
<Project ToolsVersion="4.0" xmlns="http://schemas.microsoft.com/developer/msbuild/2003">
  <ItemGroup>
    <ClCompile Include="PathTracer.cpp" />
    <ClCompile Include="RenderPasses\GGXGlobalIllumination.cpp">
      <Filter>RenderPasses\GGXGlobalIllumination</Filter>
    </ClCompile>
    <ClCompile Include="RenderPasses\TemporalAccumulation.cpp">
      <Filter>RenderPasses\TemporalAccumulation</Filter>
    </ClCompile>
    <ClCompile Include="RenderPasses\GBufferRaster.cpp">
      <Filter>RenderPasses\GBuffer</Filter>
    </ClCompile>
  </ItemGroup>
  <ItemGroup>
    <ClInclude Include="PathTracer.h" />
    <ClInclude Include="RenderPasses\GGXGlobalIllumination.h">
      <Filter>RenderPasses\GGXGlobalIllumination</Filter>
    </ClInclude>
    <ClInclude Include="RenderPasses\TemporalAccumulation.h">
      <Filter>RenderPasses\TemporalAccumulation</Filter>
    </ClInclude>
    <ClInclude Include="RenderPasses\GBufferRaster.h">
      <Filter>RenderPasses\GBuffer</Filter>
    </ClInclude>
    <ClInclude Include="RenderPasses\GBuffer.h">
      <Filter>RenderPasses\GBuffer</Filter>
    </ClInclude>
  </ItemGroup>
  <ItemGroup>
    <Filter Include="RenderPasses">
      <UniqueIdentifier>{b6a8a680-8843-4162-9110-beb7c61c98c3}</UniqueIdentifier>
    </Filter>
    <Filter Include="RenderPasses\GBuffer">
      <UniqueIdentifier>{b2788f57-7ebf-40c0-b553-3102f2279bf9}</UniqueIdentifier>
    </Filter>
    <Filter Include="RenderPasses\GGXGlobalIllumination">
      <UniqueIdentifier>{90b33fce-7aa1-4ae1-be85-2bac5f88c8ce}</UniqueIdentifier>
    </Filter>
    <Filter Include="RenderPasses\TemporalAccumulation">
      <UniqueIdentifier>{c3473781-ddb5-4597-971a-be0daf6bb798}</UniqueIdentifier>
    </Filter>
    <Filter Include="Data">
      <UniqueIdentifier>{f060b8f2-6026-499b-9047-99d2ccba11e6}</UniqueIdentifier>
    </Filter>
    <Filter Include="Data\GBuffer">
      <UniqueIdentifier>{929740ec-b9db-4ac0-ba45-b444f34fc1c2}</UniqueIdentifier>
    </Filter>
    <Filter Include="Data\GGXGlobalIllumination">
      <UniqueIdentifier>{8a6d968b-234a-4d7a-a6ba-3f78bc3e4018}</UniqueIdentifier>
    </Filter>
    <Filter Include="Data\TemporalAccumulation">
      <UniqueIdentifier>{9159f8eb-dbfe-493c-8d7c-752459cc0aa0}</UniqueIdentifier>
    </Filter>
  </ItemGroup>
  <ItemGroup>
    <None Include="Data\RasterPrimary.slang">
      <Filter>Data\GBuffer</Filter>
    </None>
    <None Include="Data\Accumulate.slang">
      <Filter>Data\TemporalAccumulation</Filter>
    </None>
    <None Include="Data\GGXGICommon.slang">
      <Filter>Data\GGXGlobalIllumination</Filter>
    </None>
    <None Include="Data\GGXGIRayGen.slang">
      <Filter>Data\GGXGlobalIllumination</Filter>
    </None>
    <None Include="Data\GGXGIIndirectRay.slang">
      <Filter>Data\GGXGlobalIllumination</Filter>
    </None>
    <None Include="Data\GGXGIShadowRay.slang">
      <Filter>Data\GGXGlobalIllumination</Filter>
    </None>
  </ItemGroup>
</Project>