<?xml version="1.0" encoding="utf-8"?>
<Project ToolsVersion="4.0" xmlns="http://schemas.microsoft.com/developer/msbuild/2003">
  <ItemGroup>
    <ClCompile Include="MinimalPathTracer.cpp" />
  </ItemGroup>
  <ItemGroup>
    <ClInclude Include="MinimalPathTracer.h" />
  </ItemGroup>
  <ItemGroup>
    <ShaderSource Include="MinimalPathTracer.rt.slang" />
  </ItemGroup>
</Project>