<?xml version="1.0" encoding="utf-8"?>
<Project ToolsVersion="4.0" xmlns="http://schemas.microsoft.com/developer/msbuild/2003">
  <ItemGroup>
    <ClInclude Include="Core\API\D3D12\D3D12DescriptorData.h">
      <Filter>Core\API\D3D12</Filter>
    </ClInclude>
    <ClInclude Include="Core\API\D3D12\D3D12DescriptorHeap.h">
      <Filter>Core\API\D3D12</Filter>
    </ClInclude>
    <ClInclude Include="Core\API\D3D12\D3D12NvApiExDesc.h">
      <Filter>Core\API\D3D12</Filter>
    </ClInclude>
    <ClInclude Include="Core\API\D3D12\D3D12Resource.h">
      <Filter>Core\API\D3D12</Filter>
    </ClInclude>
    <ClInclude Include="Core\API\D3D12\D3D12State.h">
      <Filter>Core\API\D3D12</Filter>
    </ClInclude>
    <ClInclude Include="Core\API\D3D12\FalcorD3D12.h">
      <Filter>Core\API\D3D12</Filter>
    </ClInclude>
    <ClInclude Include="Core\API\D3D12\D3D12ApiData.h">
      <Filter>Core\API\D3D12</Filter>
    </ClInclude>
    <ClInclude Include="Core\API\Vulkan\VKDescriptorData.h">
      <Filter>Core\API\Vulkan</Filter>
    </ClInclude>
    <ClInclude Include="Core\API\Vulkan\VKSmartHandle.h">
      <Filter>Core\API\Vulkan</Filter>
    </ClInclude>
    <ClInclude Include="Core\API\Vulkan\VKState.h">
      <Filter>Core\API\Vulkan</Filter>
    </ClInclude>
    <ClInclude Include="Core\API\Vulkan\FalcorVK.h">
      <Filter>Core\API\Vulkan</Filter>
    </ClInclude>
    <ClInclude Include="Core\API\ComputeStateObject.h">
      <Filter>Core\API</Filter>
    </ClInclude>
    <ClInclude Include="Core\API\CopyContext.h">
      <Filter>Core\API</Filter>
    </ClInclude>
    <ClInclude Include="Core\API\DepthStencilState.h">
      <Filter>Core\API</Filter>
    </ClInclude>
    <ClInclude Include="Core\API\DescriptorPool.h">
      <Filter>Core\API</Filter>
    </ClInclude>
    <ClInclude Include="Core\API\DescriptorSet.h">
      <Filter>Core\API</Filter>
    </ClInclude>
    <ClInclude Include="Core\API\Device.h">
      <Filter>Core\API</Filter>
    </ClInclude>
    <ClInclude Include="Core\API\FBO.h">
      <Filter>Core\API</Filter>
    </ClInclude>
    <ClInclude Include="Core\API\FencedPool.h">
      <Filter>Core\API</Filter>
    </ClInclude>
    <ClInclude Include="Core\API\Formats.h">
      <Filter>Core\API</Filter>
    </ClInclude>
    <ClInclude Include="Core\API\GpuFence.h">
      <Filter>Core\API</Filter>
    </ClInclude>
    <ClInclude Include="Core\API\GpuTimer.h">
      <Filter>Core\API</Filter>
    </ClInclude>
    <ClInclude Include="Core\API\GraphicsStateObject.h">
      <Filter>Core\API</Filter>
    </ClInclude>
    <ClInclude Include="Core\API\LowLevelContextData.h">
      <Filter>Core\API</Filter>
    </ClInclude>
    <ClInclude Include="Core\API\QueryHeap.h">
      <Filter>Core\API</Filter>
    </ClInclude>
    <ClInclude Include="Core\API\RasterizerState.h">
      <Filter>Core\API</Filter>
    </ClInclude>
    <ClInclude Include="Core\API\RenderContext.h">
      <Filter>Core\API</Filter>
    </ClInclude>
    <ClInclude Include="Core\API\Resource.h">
      <Filter>Core\API</Filter>
    </ClInclude>
    <ClInclude Include="Core\API\ResourceViews.h">
      <Filter>Core\API</Filter>
    </ClInclude>
    <ClInclude Include="Core\API\RootSignature.h">
      <Filter>Core\API</Filter>
    </ClInclude>
    <ClInclude Include="Core\API\Sampler.h">
      <Filter>Core\API</Filter>
    </ClInclude>
    <ClInclude Include="Core\API\Shader.h">
      <Filter>Core\API</Filter>
    </ClInclude>
    <ClInclude Include="Core\API\Texture.h">
      <Filter>Core\API</Filter>
    </ClInclude>
    <ClInclude Include="Core\API\VAO.h">
      <Filter>Core\API</Filter>
    </ClInclude>
    <ClInclude Include="Core\API\VertexLayout.h">
      <Filter>Core\API</Filter>
    </ClInclude>
    <ClInclude Include="Core\API\BlendState.h">
      <Filter>Core\API</Filter>
    </ClInclude>
    <ClInclude Include="Core\API\Buffer.h">
      <Filter>Core\API</Filter>
    </ClInclude>
    <ClInclude Include="Core\API\ComputeContext.h">
      <Filter>Core\API</Filter>
    </ClInclude>
    <ClInclude Include="Core\Program\GraphicsProgram.h">
      <Filter>Core\Program</Filter>
    </ClInclude>
    <ClInclude Include="Core\Program\Program.h">
      <Filter>Core\Program</Filter>
    </ClInclude>
    <ClInclude Include="Core\Program\ProgramReflection.h">
      <Filter>Core\Program</Filter>
    </ClInclude>
    <ClInclude Include="Core\Program\ProgramVars.h">
      <Filter>Core\Program</Filter>
    </ClInclude>
    <ClInclude Include="Core\Program\ProgramVersion.h">
      <Filter>Core\Program</Filter>
    </ClInclude>
    <ClInclude Include="Core\Program\ShaderLibrary.h">
      <Filter>Core\Program</Filter>
    </ClInclude>
    <ClInclude Include="Core\Program\ComputeProgram.h">
      <Filter>Core\Program</Filter>
    </ClInclude>
    <ClInclude Include="Core\State\GraphicsState.h">
      <Filter>Core\State</Filter>
    </ClInclude>
    <ClInclude Include="Core\State\ComputeState.h">
      <Filter>Core\State</Filter>
    </ClInclude>
    <ClInclude Include="Core\FalcorConfig.h">
      <Filter>Core</Filter>
    </ClInclude>
    <ClInclude Include="Core\Sample.h">
      <Filter>Core</Filter>
    </ClInclude>
    <ClInclude Include="Core\Window.h">
      <Filter>Core</Filter>
    </ClInclude>
    <ClInclude Include="Scene\Camera\Camera.h">
      <Filter>Scene\Camera</Filter>
    </ClInclude>
    <ClInclude Include="Scene\Camera\CameraController.h">
      <Filter>Scene\Camera</Filter>
    </ClInclude>
    <ClInclude Include="Scene\Lights\Light.h">
      <Filter>Scene\Lights</Filter>
    </ClInclude>
    <ClInclude Include="Scene\Material\Material.h">
      <Filter>Scene\Material</Filter>
    </ClInclude>
    <ClInclude Include="Testing\UnitTest.h">
      <Filter>Testing</Filter>
    </ClInclude>
    <ClInclude Include="Utils\StringUtils.h">
      <Filter>Utils</Filter>
    </ClInclude>
    <ClInclude Include="Utils\BinaryFileStream.h">
      <Filter>Utils</Filter>
    </ClInclude>
    <ClInclude Include="Utils\Scripting\Scripting.h">
      <Filter>Utils\Scripting</Filter>
    </ClInclude>
    <ClInclude Include="Utils\Video\VideoEncoder.h">
      <Filter>Utils\Video</Filter>
    </ClInclude>
    <ClInclude Include="Utils\Video\VideoEncoderUI.h">
      <Filter>Utils\Video</Filter>
    </ClInclude>
    <ClInclude Include="Falcor.h" />
    <ClInclude Include="FalcorExperimental.h" />
    <ClInclude Include="Utils\Timing\CpuTimer.h">
      <Filter>Utils\Timing</Filter>
    </ClInclude>
    <ClInclude Include="Utils\Timing\Profiler.h">
      <Filter>Utils\Timing</Filter>
    </ClInclude>
    <ClInclude Include="Utils\Timing\FrameRate.h">
      <Filter>Utils\Timing</Filter>
    </ClInclude>
    <ClInclude Include="Utils\UI\Gui.h">
      <Filter>Utils\UI</Filter>
    </ClInclude>
    <ClInclude Include="Utils\UI\PixelZoom.h">
      <Filter>Utils\UI</Filter>
    </ClInclude>
    <ClInclude Include="Utils\UI\TextRenderer.h">
      <Filter>Utils\UI</Filter>
    </ClInclude>
    <ClInclude Include="Utils\UI\UserInput.h">
      <Filter>Utils\UI</Filter>
    </ClInclude>
    <ClInclude Include="Utils\UI\Font.h">
      <Filter>Utils\UI</Filter>
    </ClInclude>
    <ClInclude Include="Utils\Image\Bitmap.h">
      <Filter>Utils\Image</Filter>
    </ClInclude>
    <ClInclude Include="Utils\Algorithm\ParallelReduction.h">
      <Filter>Utils\Algorithm</Filter>
    </ClInclude>
    <ClInclude Include="Core\Platform\OS.h">
      <Filter>Core\Platform</Filter>
    </ClInclude>
    <ClInclude Include="Core\Platform\ProgressBar.h">
      <Filter>Core\Platform</Filter>
    </ClInclude>
    <ClInclude Include="Core\BufferTypes\VariablesBufferUI.h">
      <Filter>Core\BufferTypes</Filter>
    </ClInclude>
    <ClInclude Include="Utils\Perception\SingleThresholdMeasurement.h">
      <Filter>Utils\Perception</Filter>
    </ClInclude>
    <ClInclude Include="Utils\Perception\Experiment.h">
      <Filter>Utils\Perception</Filter>
    </ClInclude>
    <ClInclude Include="stdafx.h" />
    <ClInclude Include="Core\Renderer.h">
      <Filter>Core</Filter>
    </ClInclude>
    <ClInclude Include="Core\Framework.h">
      <Filter>Core</Filter>
    </ClInclude>
    <ClInclude Include="Utils\UI\DebugDrawer.h">
      <Filter>Utils\UI</Filter>
    </ClInclude>
    <ClInclude Include="Core\Platform\MonitorInfo.h">
      <Filter>Core\Platform</Filter>
    </ClInclude>
    <ClInclude Include="Utils\Scripting\Dictionary.h">
      <Filter>Utils\Scripting</Filter>
    </ClInclude>
    <ClInclude Include="Core\State\StateGraph.h">
      <Filter>Core\State</Filter>
    </ClInclude>
    <ClInclude Include="Utils\Algorithm\DirectedGraph.h">
      <Filter>Utils\Algorithm</Filter>
    </ClInclude>
    <ClInclude Include="Utils\Algorithm\DirectedGraphTraversal.h">
      <Filter>Utils\Algorithm</Filter>
    </ClInclude>
    <ClInclude Include="Utils\SampleGenerators\HaltonSamplePattern.h">
      <Filter>Utils\SampleGenerators</Filter>
    </ClInclude>
    <ClInclude Include="Utils\SampleGenerators\DxSamplePattern.h">
      <Filter>Utils\SampleGenerators</Filter>
    </ClInclude>
    <ClInclude Include="Utils\SampleGenerators\CPUSampleGenerator.h">
      <Filter>Utils\SampleGenerators</Filter>
    </ClInclude>
    <ClInclude Include="..\Externals\.packman\dear_imgui\imconfig.h">
      <Filter>Externals\dear_imgui</Filter>
    </ClInclude>
    <ClInclude Include="..\Externals\.packman\dear_imgui\imgui.h">
      <Filter>Externals\dear_imgui</Filter>
    </ClInclude>
    <ClInclude Include="..\Externals\.packman\dear_imgui\imgui_internal.h">
      <Filter>Externals\dear_imgui</Filter>
    </ClInclude>
    <ClInclude Include="..\Externals\.packman\dear_imgui\imstb_rectpack.h">
      <Filter>Externals\dear_imgui</Filter>
    </ClInclude>
    <ClInclude Include="..\Externals\.packman\dear_imgui\imstb_textedit.h">
      <Filter>Externals\dear_imgui</Filter>
    </ClInclude>
    <ClInclude Include="..\Externals\.packman\dear_imgui\imstb_truetype.h">
      <Filter>Externals\dear_imgui</Filter>
    </ClInclude>
    <ClInclude Include="..\Externals\dear_imgui_addons\imguinodegrapheditor\imguinodegrapheditor.h">
      <Filter>Externals\dear_imgui_addons</Filter>
    </ClInclude>
    <ClInclude Include="Utils\Scripting\ScriptBindings.h">
      <Filter>Utils\Scripting</Filter>
    </ClInclude>
    <ClInclude Include="Utils\Logger.h">
      <Filter>Utils</Filter>
    </ClInclude>
    <ClInclude Include="RenderGraph\BasePasses\BaseGraphicsPass.h">
      <Filter>RenderGraph\BasePasses</Filter>
    </ClInclude>
    <ClInclude Include="RenderGraph\BasePasses\ComputePass.h">
      <Filter>RenderGraph\BasePasses</Filter>
    </ClInclude>
    <ClInclude Include="RenderGraph\BasePasses\FullScreenPass.h">
      <Filter>RenderGraph\BasePasses</Filter>
    </ClInclude>
    <ClInclude Include="RenderGraph\BasePasses\RasterPass.h">
      <Filter>RenderGraph\BasePasses</Filter>
    </ClInclude>
    <ClInclude Include="RenderGraph\BasePasses\RasterScenePass.h">
      <Filter>RenderGraph\BasePasses</Filter>
    </ClInclude>
    <ClInclude Include="RenderGraph\RenderGraph.h">
      <Filter>RenderGraph</Filter>
    </ClInclude>
    <ClInclude Include="RenderGraph\RenderGraphImportExport.h">
      <Filter>RenderGraph</Filter>
    </ClInclude>
    <ClInclude Include="RenderGraph\RenderGraphIR.h">
      <Filter>RenderGraph</Filter>
    </ClInclude>
    <ClInclude Include="RenderGraph\RenderGraphUI.h">
      <Filter>RenderGraph</Filter>
    </ClInclude>
    <ClInclude Include="RenderGraph\RenderPass.h">
      <Filter>RenderGraph</Filter>
    </ClInclude>
    <ClInclude Include="RenderGraph\RenderPassLibrary.h">
      <Filter>RenderGraph</Filter>
    </ClInclude>
    <ClInclude Include="RenderGraph\RenderPassReflection.h">
      <Filter>RenderGraph</Filter>
    </ClInclude>
    <ClInclude Include="RenderGraph\RenderPassStandardFlags.h">
      <Filter>RenderGraph</Filter>
    </ClInclude>
    <ClInclude Include="RenderGraph\ResourceCache.h">
      <Filter>RenderGraph</Filter>
    </ClInclude>
    <ClInclude Include="RenderGraph\RenderGraphCompiler.h">
      <Filter>RenderGraph</Filter>
    </ClInclude>
    <ClInclude Include="RenderGraph\RenderGraphExe.h">
      <Filter>RenderGraph</Filter>
    </ClInclude>
    <ClInclude Include="Utils\Threading.h">
      <Filter>Utils</Filter>
    </ClInclude>
    <ClInclude Include="Utils\Timing\Clock.h">
      <Filter>Utils\Timing</Filter>
    </ClInclude>
    <ClInclude Include="Utils\Scripting\Console.h">
      <Filter>Utils\Scripting</Filter>
    </ClInclude>
    <ClInclude Include="Utils\Color\ColorUtils.h">
      <Filter>Utils\Color</Filter>
    </ClInclude>
    <ClInclude Include="Core\API\GpuMemoryHeap.h">
      <Filter>Core\API</Filter>
    </ClInclude>
    <ClInclude Include="Scene\SceneBuilder.h">
      <Filter>Scene</Filter>
    </ClInclude>
    <ClInclude Include="Utils\SampleGenerators\StratifiedSamplePattern.h">
      <Filter>Utils\SampleGenerators</Filter>
    </ClInclude>
    <ClInclude Include="Scene\Scene.h">
      <Filter>Scene</Filter>
    </ClInclude>
    <ClInclude Include="Scene\ParticleSystem\ParticleSystem.h">
      <Filter>Scene\ParticleSystem</Filter>
    </ClInclude>
    <ClInclude Include="Core\Program\ShaderVar.h">
      <Filter>Core\Program</Filter>
    </ClInclude>
    <ClInclude Include="Core\BufferTypes\ParameterBlock.h">
      <Filter>Core\BufferTypes</Filter>
    </ClInclude>
    <ClInclude Include="Scene\Animation\AnimationController.h">
      <Filter>Scene\Animation</Filter>
    </ClInclude>
    <ClInclude Include="Scene\Animation\Animation.h">
      <Filter>Scene\Animation</Filter>
    </ClInclude>
    <ClInclude Include="Scene\Importers\AssimpImporter.h">
      <Filter>Scene\Importers</Filter>
    </ClInclude>
    <ClInclude Include="RenderPasses\ResolvePass.h">
      <Filter>RenderPasses</Filter>
    </ClInclude>
    <ClInclude Include="Raytracing\RtProgram\RtProgram.h">
      <Filter>Raytracing\RtProgram</Filter>
    </ClInclude>
    <ClInclude Include="Raytracing\RtProgramVars.h">
      <Filter>Raytracing</Filter>
    </ClInclude>
    <ClInclude Include="Raytracing\RtProgramVarsHelper.h">
      <Filter>Raytracing</Filter>
    </ClInclude>
    <ClInclude Include="Raytracing\RtStateObject.h">
      <Filter>Raytracing</Filter>
    </ClInclude>
    <ClInclude Include="Raytracing\RtStateObjectHelper.h">
      <Filter>Raytracing</Filter>
    </ClInclude>
    <ClInclude Include="RenderGraph\RenderPassHelpers.h">
      <Filter>RenderGraph</Filter>
    </ClInclude>
    <ClInclude Include="Utils\Debug\PixelDebug.h">
      <Filter>Utils\Debug</Filter>
    </ClInclude>
    <ClInclude Include="Utils\Debug\DebugConsole.h">
      <Filter>Utils\Debug</Filter>
    </ClInclude>
    <ClInclude Include="Utils\Algorithm\PrefixSum.h">
      <Filter>Utils\Algorithm</Filter>
    </ClInclude>
    <ClInclude Include="Utils\Algorithm\BitonicSort.h">
      <Filter>Utils\Algorithm</Filter>
    </ClInclude>
    <ClInclude Include="Utils\Algorithm\ComputeParallelReduction.h">
      <Filter>Utils\Algorithm</Filter>
    </ClInclude>
    <ClInclude Include="Utils\Math\Vector.h">
      <Filter>Utils\Math</Filter>
    </ClInclude>
    <ClInclude Include="Utils\Math\AABB.h">
      <Filter>Utils\Math</Filter>
    </ClInclude>
    <ClInclude Include="Utils\Math\CubicSpline.h">
      <Filter>Utils\Math</Filter>
    </ClInclude>
    <ClInclude Include="Utils\Math\FalcorMath.h">
      <Filter>Utils\Math</Filter>
    </ClInclude>
    <ClInclude Include="Utils\Sampling\SampleGenerator.h">
      <Filter>Utils\Sampling</Filter>
    </ClInclude>
    <ClInclude Include="Utils\AlignedAllocator.h">
      <Filter>Utils</Filter>
    </ClInclude>
    <ClInclude Include="Experimental\Scene\Lights\EmissiveUniformSampler.h">
      <Filter>Experimental\Scene\Lights</Filter>
    </ClInclude>
    <ClInclude Include="Experimental\Scene\Lights\EmissiveLightSampler.h">
      <Filter>Experimental\Scene\Lights</Filter>
    </ClInclude>
    <ClInclude Include="Experimental\Scene\Lights\LightBVHSampler.h">
      <Filter>Experimental\Scene\Lights</Filter>
    </ClInclude>
    <ClInclude Include="Experimental\Scene\Lights\LightBVH.h">
      <Filter>Experimental\Scene\Lights</Filter>
    </ClInclude>
    <ClInclude Include="Experimental\Scene\Lights\LightBVHBuilder.h">
      <Filter>Experimental\Scene\Lights</Filter>
    </ClInclude>
    <ClInclude Include="Raytracing\ShaderTable.h">
      <Filter>Raytracing</Filter>
    </ClInclude>
    <ClInclude Include="Scene\Importers\PythonImporter.h">
      <Filter>Scene\Importers</Filter>
    </ClInclude>
    <ClInclude Include="Utils\TermColor.h">
      <Filter>Utils</Filter>
    </ClInclude>
    <ClInclude Include="RenderPasses\Shared\PathTracer\PixelStats.h">
      <Filter>RenderPasses\Shared\PathTracer</Filter>
    </ClInclude>
    <ClInclude Include="RenderPasses\Shared\PathTracer\PathTracer.h">
      <Filter>RenderPasses\Shared\PathTracer</Filter>
    </ClInclude>
    <ClInclude Include="Scene\HitInfo.h">
      <Filter>Scene</Filter>
    </ClInclude>
    <ClInclude Include="Utils\Math\PackedFormats.h">
      <Filter>Utils\Math</Filter>
    </ClInclude>
    <ClInclude Include="Experimental\Scene\Lights\EnvMapSampler.h">
      <Filter>Experimental\Scene\Lights</Filter>
    </ClInclude>
    <ClInclude Include="Utils\Timing\TimeReport.h">
      <Filter>Utils\Timing</Filter>
    </ClInclude>
    <ClInclude Include="Scene\Animation\Animatable.h">
      <Filter>Scene\Animation</Filter>
    </ClInclude>
    <ClInclude Include="Scene\Importer.h">
      <Filter>Scene</Filter>
    </ClInclude>
    <ClInclude Include="Utils\AsyncTextureLoader.h">
      <Filter>Utils</Filter>
    </ClInclude>
    <ClInclude Include="Scene\Curves\CurveTessellation.h">
      <Filter>Scene\Curves</Filter>
    </ClInclude>
    <ClInclude Include="Utils\Scripting\ScriptWriter.h">
      <Filter>Utils\Scripting</Filter>
    </ClInclude>
    <ClInclude Include="Utils\Math\MathHelpers.h">
      <Filter>Utils\Math</Filter>
    </ClInclude>
    <ClInclude Include="Scene\Material\MaterialTextureLoader.h">
      <Filter>Scene\Material</Filter>
    </ClInclude>
    <ClInclude Include="Scene\Transform.h">
      <Filter>Scene</Filter>
    </ClInclude>
    <ClInclude Include="Scene\TriangleMesh.h">
      <Filter>Scene</Filter>
    </ClInclude>
    <ClInclude Include="Scene\Volume\Volume.h">
      <Filter>Scene\Volume</Filter>
    </ClInclude>
    <ClInclude Include="Scene\Volume\Grid.h">
      <Filter>Scene\Volume</Filter>
    </ClInclude>
    <ClInclude Include="Core\Program\CUDAProgram.h">
      <Filter>Core\Program</Filter>
    </ClInclude>
    <ClInclude Include="Experimental\Scene\Lights\EnvMapLighting.h">
      <Filter>Experimental\Scene\Lights</Filter>
    </ClInclude>
    <ClInclude Include="Experimental\Scene\Volume\VolumeSampler.h">
      <Filter>Experimental\Scene\Volume</Filter>
    </ClInclude>
    <ClInclude Include="Experimental\Scene\Lights\EmissivePowerSampler.h">
      <Filter>Experimental\Scene\Lights</Filter>
    </ClInclude>
    <ClInclude Include="Utils\Sampling\AliasTable.h">
      <Filter>Utils\Sampling</Filter>
    </ClInclude>
    <ClInclude Include="Utils\CryptoUtils.h">
      <Filter>Utils</Filter>
    </ClInclude>
    <ClInclude Include="Scene\SceneCache.h">
      <Filter>Scene</Filter>
    </ClInclude>
    <ClInclude Include="Scene\Lights\LightCollection.h">
      <Filter>Scene\Lights</Filter>
    </ClInclude>
    <ClInclude Include="Scene\Lights\EnvMap.h">
      <Filter>Scene\Lights</Filter>
    </ClInclude>
    <ClInclude Include="Utils\Image\TextureAnalyzer.h">
      <Filter>Utils\Image</Filter>
    </ClInclude>
    <ClInclude Include="Scene\Volume\GridConverter.h">
      <Filter>Scene\Volume</Filter>
    </ClInclude>
    <ClInclude Include="Scene\Volume\BrickedGrid.h">
      <Filter>Scene\Volume</Filter>
    </ClInclude>
    <ClInclude Include="Utils\Image\ImageIO.h">
      <Filter>Utils\Image</Filter>
    </ClInclude>
    <ClInclude Include="Raytracing\RtBindingTable.h">
      <Filter>Raytracing</Filter>
    </ClInclude>
    <ClInclude Include="Utils\Timing\ProfilerUI.h">
      <Filter>Utils\Timing</Filter>
    </ClInclude>
    <ClInclude Include="Scene\Animation\AnimatedVertexCache.h">
      <Filter>Scene\Animation</Filter>
    </ClInclude>
  </ItemGroup>
  <ItemGroup>
    <Filter Include="Core">
      <UniqueIdentifier>{fc024fe5-7aa0-45ec-95d3-cf8a36a0604c}</UniqueIdentifier>
    </Filter>
    <Filter Include="Core\API">
      <UniqueIdentifier>{1d9e2adf-2ce8-4026-a082-0a4009876488}</UniqueIdentifier>
    </Filter>
    <Filter Include="Core\API\D3D12">
      <UniqueIdentifier>{c95f5d9c-1636-49d4-998f-495bade41a7e}</UniqueIdentifier>
    </Filter>
    <Filter Include="Core\API\Vulkan">
      <UniqueIdentifier>{9bc470ff-b97f-48f8-9841-6aed7b07e822}</UniqueIdentifier>
    </Filter>
    <Filter Include="Core\Program">
      <UniqueIdentifier>{6a7f5301-b62c-42de-a2af-6acc0448d998}</UniqueIdentifier>
    </Filter>
    <Filter Include="Core\State">
      <UniqueIdentifier>{ec387bf8-0d4e-48d0-846a-305ce558b727}</UniqueIdentifier>
    </Filter>
    <Filter Include="Scene">
      <UniqueIdentifier>{7faca135-6754-4385-ac63-19b3cc66645c}</UniqueIdentifier>
    </Filter>
    <Filter Include="Scene\Camera">
      <UniqueIdentifier>{b2a28c0d-a5c4-4009-b6f5-b78ab7c332f0}</UniqueIdentifier>
    </Filter>
    <Filter Include="Scene\Lights">
      <UniqueIdentifier>{3655e9d0-9f32-45d9-b2c2-4ab1b6d6c2cd}</UniqueIdentifier>
    </Filter>
    <Filter Include="Scene\Material">
      <UniqueIdentifier>{8c8e9d50-7602-4d7e-85c7-26a0a81384be}</UniqueIdentifier>
    </Filter>
    <Filter Include="Testing">
      <UniqueIdentifier>{6dec3763-1b49-4566-a58e-1525e77c65e1}</UniqueIdentifier>
    </Filter>
    <Filter Include="Utils">
      <UniqueIdentifier>{e4e519f9-020d-44b0-8870-b8367286dc00}</UniqueIdentifier>
    </Filter>
    <Filter Include="Utils\Math">
      <UniqueIdentifier>{118b7402-d149-48b8-804d-5fcb4205ef72}</UniqueIdentifier>
    </Filter>
    <Filter Include="Utils\Scripting">
      <UniqueIdentifier>{3e0ab2ec-f2c4-41d5-b10d-60f70ebc2d6d}</UniqueIdentifier>
    </Filter>
    <Filter Include="Utils\Video">
      <UniqueIdentifier>{9999c231-948d-4160-a088-12b25bef6a3b}</UniqueIdentifier>
    </Filter>
    <Filter Include="Core\BufferTypes">
      <UniqueIdentifier>{3a04af1b-9d6e-42f2-b2a6-d6b4b2922aeb}</UniqueIdentifier>
    </Filter>
    <Filter Include="Utils\Timing">
      <UniqueIdentifier>{06f3304e-12ad-420b-9cef-b460bd61dc0d}</UniqueIdentifier>
    </Filter>
    <Filter Include="Utils\UI">
      <UniqueIdentifier>{d33ca7a1-7b44-44c8-b36e-7e5e6b77e68a}</UniqueIdentifier>
    </Filter>
    <Filter Include="Utils\Image">
      <UniqueIdentifier>{7fc1faaf-4fa0-4a81-ae01-56a753e90df5}</UniqueIdentifier>
    </Filter>
    <Filter Include="Utils\Algorithm">
      <UniqueIdentifier>{7772a30e-d0e2-4f31-a15d-a216bc35fb3c}</UniqueIdentifier>
    </Filter>
    <Filter Include="Core\Platform">
      <UniqueIdentifier>{be2db7dc-a056-481f-b4a7-2c2200f24c84}</UniqueIdentifier>
    </Filter>
    <Filter Include="Core\Platform\Windows">
      <UniqueIdentifier>{4e4c07fc-b797-4aa3-825d-9c2be22f8779}</UniqueIdentifier>
    </Filter>
    <Filter Include="Core\Platform\Linux">
      <UniqueIdentifier>{76f8f596-3289-4454-a85b-e4a64ffe9c7b}</UniqueIdentifier>
    </Filter>
    <Filter Include="Utils\Perception">
      <UniqueIdentifier>{9d2e420c-c138-442a-92f8-6708bccd83b5}</UniqueIdentifier>
    </Filter>
    <Filter Include="Utils\SampleGenerators">
      <UniqueIdentifier>{247c1c5d-bde2-4022-a1a6-94e708cf7b4f}</UniqueIdentifier>
    </Filter>
    <Filter Include="Externals">
      <UniqueIdentifier>{7e48640c-bc9b-4c5b-9d85-07742285d7f0}</UniqueIdentifier>
    </Filter>
    <Filter Include="Externals\dear_imgui">
      <UniqueIdentifier>{a6798266-6b9d-4dc4-8192-ee74ec5ff190}</UniqueIdentifier>
    </Filter>
    <Filter Include="Externals\dear_imgui_addons">
      <UniqueIdentifier>{a7eea0a2-3bb5-4920-a0c2-542e81f02cad}</UniqueIdentifier>
    </Filter>
    <Filter Include="RenderGraph">
      <UniqueIdentifier>{03a384b8-3d4f-4e76-973e-1e215d71603d}</UniqueIdentifier>
    </Filter>
    <Filter Include="RenderGraph\BasePasses">
      <UniqueIdentifier>{e8da297a-6e6a-4104-8948-53a5e0c67c29}</UniqueIdentifier>
    </Filter>
    <Filter Include="Utils\Color">
      <UniqueIdentifier>{13ab0eff-5708-4b2c-9ec3-d6d1df839719}</UniqueIdentifier>
    </Filter>
    <Filter Include="Scene\ParticleSystem">
      <UniqueIdentifier>{a5e366f9-af02-4a41-a630-621da069c661}</UniqueIdentifier>
    </Filter>
    <Filter Include="Scene\Animation">
      <UniqueIdentifier>{6d9bd53c-0171-4f34-80ed-77d948789c2b}</UniqueIdentifier>
    </Filter>
    <Filter Include="Scene\Importers">
      <UniqueIdentifier>{2639b21f-a7da-42dc-80eb-6445f1429668}</UniqueIdentifier>
    </Filter>
    <Filter Include="Raytracing">
      <UniqueIdentifier>{017d4e86-3442-47ea-972e-14c11ab4fa54}</UniqueIdentifier>
    </Filter>
    <Filter Include="Raytracing\RtProgram">
      <UniqueIdentifier>{d0bf1d70-9550-409c-b072-70bd43e64d67}</UniqueIdentifier>
    </Filter>
    <Filter Include="Utils\Debug">
      <UniqueIdentifier>{001bb8ce-735b-44d4-b170-0140b510dd0e}</UniqueIdentifier>
    </Filter>
    <Filter Include="Utils\Sampling">
      <UniqueIdentifier>{71cc7354-bbb3-4fda-ab6d-bf93a3e05d8a}</UniqueIdentifier>
    </Filter>
    <Filter Include="Utils\Sampling\Pseudorandom">
      <UniqueIdentifier>{bf53cf51-a063-4004-b562-ad4d1c68879a}</UniqueIdentifier>
    </Filter>
    <Filter Include="Experimental">
      <UniqueIdentifier>{0ee0f6df-2831-4da1-bdb5-d910ae1a6126}</UniqueIdentifier>
    </Filter>
    <Filter Include="Experimental\Scene">
      <UniqueIdentifier>{1936fdab-bbc5-4d52-bd4f-fe6346e8ee4c}</UniqueIdentifier>
    </Filter>
    <Filter Include="Experimental\Scene\Lights">
      <UniqueIdentifier>{e73a5a47-f7ca-4606-a4f9-8395d8758080}</UniqueIdentifier>
    </Filter>
    <Filter Include="Experimental\Scene\Material">
      <UniqueIdentifier>{f68ff384-c7a3-48db-bea4-7ed52734fdad}</UniqueIdentifier>
    </Filter>
    <Filter Include="RenderPasses">
      <UniqueIdentifier>{a994ccdb-f91e-402b-8891-fef3b9c40b4d}</UniqueIdentifier>
    </Filter>
    <Filter Include="RenderPasses\Shared">
      <UniqueIdentifier>{39fd92b7-504a-40eb-999f-94f32f091883}</UniqueIdentifier>
    </Filter>
    <Filter Include="RenderPasses\Shared\PathTracer">
      <UniqueIdentifier>{dbf6e13a-7331-4de3-9123-6119e75c31d6}</UniqueIdentifier>
    </Filter>
    <Filter Include="Scene\Curves">
      <UniqueIdentifier>{078c1d08-979e-42d3-bee0-adbbae09f8e0}</UniqueIdentifier>
    </Filter>
    <Filter Include="Scene\Volume">
      <UniqueIdentifier>{dab1a8c2-24d6-4768-9cf8-eccf8df38c81}</UniqueIdentifier>
    </Filter>
    <Filter Include="Experimental\Scene\Volume">
      <UniqueIdentifier>{b71b1c11-7080-4491-9571-9daad77e3a75}</UniqueIdentifier>
    </Filter>
    <Filter Include="Utils\Sampling\LowDiscrepancy">
      <UniqueIdentifier>{5320375b-01ad-4192-943f-33cbf89c24f4}</UniqueIdentifier>
    </Filter>
    <Filter Include="Utils\Geometry">
      <UniqueIdentifier>{70a830d8-4d6a-4489-b11f-ad4bdee09054}</UniqueIdentifier>
    </Filter>
    <Filter Include="Scene\Displacement">
      <UniqueIdentifier>{57b60483-127f-4c17-b24e-aa143987c0b0}</UniqueIdentifier>
    </Filter>
    <Filter Include="Utils\SDF">
      <UniqueIdentifier>{8252692b-95b4-4793-8709-3fb8f9a590a9}</UniqueIdentifier>
    </Filter>
  </ItemGroup>
  <ItemGroup>
    <ClCompile Include="Core\API\D3D12\D3D12DescriptorHeap.cpp">
      <Filter>Core\API\D3D12</Filter>
    </ClCompile>
    <ClCompile Include="Core\API\D3D12\D3D12DescriptorPool.cpp">
      <Filter>Core\API\D3D12</Filter>
    </ClCompile>
    <ClCompile Include="Core\API\D3D12\D3D12DescriptorSet.cpp">
      <Filter>Core\API\D3D12</Filter>
    </ClCompile>
    <ClCompile Include="Core\API\D3D12\D3D12Device.cpp">
      <Filter>Core\API\D3D12</Filter>
    </ClCompile>
    <ClCompile Include="Core\API\D3D12\D3D12Fbo.cpp">
      <Filter>Core\API\D3D12</Filter>
    </ClCompile>
    <ClCompile Include="Core\API\D3D12\D3D12GpuFence.cpp">
      <Filter>Core\API\D3D12</Filter>
    </ClCompile>
    <ClCompile Include="Core\API\D3D12\D3D12GpuTimer.cpp">
      <Filter>Core\API\D3D12</Filter>
    </ClCompile>
    <ClCompile Include="Core\API\D3D12\D3D12GraphicsStateObject.cpp">
      <Filter>Core\API\D3D12</Filter>
    </ClCompile>
    <ClCompile Include="Core\API\D3D12\D3D12LowLevelContextData.cpp">
      <Filter>Core\API\D3D12</Filter>
    </ClCompile>
    <ClCompile Include="Core\API\D3D12\D3D12QueryHeap.cpp">
      <Filter>Core\API\D3D12</Filter>
    </ClCompile>
    <ClCompile Include="Core\API\D3D12\D3D12RasterizerState.cpp">
      <Filter>Core\API\D3D12</Filter>
    </ClCompile>
    <ClCompile Include="Core\API\D3D12\D3D12RenderContext.cpp">
      <Filter>Core\API\D3D12</Filter>
    </ClCompile>
    <ClCompile Include="Core\API\D3D12\D3D12Resource.cpp">
      <Filter>Core\API\D3D12</Filter>
    </ClCompile>
    <ClCompile Include="Core\API\D3D12\D3D12ResourceViews.cpp">
      <Filter>Core\API\D3D12</Filter>
    </ClCompile>
    <ClCompile Include="Core\API\D3D12\D3D12RootSignature.cpp">
      <Filter>Core\API\D3D12</Filter>
    </ClCompile>
    <ClCompile Include="Core\API\D3D12\D3D12Sampler.cpp">
      <Filter>Core\API\D3D12</Filter>
    </ClCompile>
    <ClCompile Include="Core\API\D3D12\D3D12State.cpp">
      <Filter>Core\API\D3D12</Filter>
    </ClCompile>
    <ClCompile Include="Core\API\D3D12\D3D12Texture.cpp">
      <Filter>Core\API\D3D12</Filter>
    </ClCompile>
    <ClCompile Include="Core\API\D3D12\D3D12Vao.cpp">
      <Filter>Core\API\D3D12</Filter>
    </ClCompile>
    <ClCompile Include="Core\API\D3D12\D3D12Buffer.cpp">
      <Filter>Core\API\D3D12</Filter>
    </ClCompile>
    <ClCompile Include="Core\API\D3D12\D3D12ComputeContext.cpp">
      <Filter>Core\API\D3D12</Filter>
    </ClCompile>
    <ClCompile Include="Core\API\D3D12\D3D12ComputeStateObject.cpp">
      <Filter>Core\API\D3D12</Filter>
    </ClCompile>
    <ClCompile Include="Core\API\D3D12\D3D12CopyContext.cpp">
      <Filter>Core\API\D3D12</Filter>
    </ClCompile>
    <ClCompile Include="Core\API\Vulkan\VKCopyContext.cpp">
      <Filter>Core\API\Vulkan</Filter>
    </ClCompile>
    <ClCompile Include="Core\API\Vulkan\VKDescriptorPool.cpp">
      <Filter>Core\API\Vulkan</Filter>
    </ClCompile>
    <ClCompile Include="Core\API\Vulkan\VKDescriptorSet.cpp">
      <Filter>Core\API\Vulkan</Filter>
    </ClCompile>
    <ClCompile Include="Core\API\Vulkan\VKDevice.cpp">
      <Filter>Core\API\Vulkan</Filter>
    </ClCompile>
    <ClCompile Include="Core\API\Vulkan\VKFbo.cpp">
      <Filter>Core\API\Vulkan</Filter>
    </ClCompile>
    <ClCompile Include="Core\API\Vulkan\VKFormats.cpp">
      <Filter>Core\API\Vulkan</Filter>
    </ClCompile>
    <ClCompile Include="Core\API\Vulkan\VKGpuFence.cpp">
      <Filter>Core\API\Vulkan</Filter>
    </ClCompile>
    <ClCompile Include="Core\API\Vulkan\VKGpuTimer.cpp">
      <Filter>Core\API\Vulkan</Filter>
    </ClCompile>
    <ClCompile Include="Core\API\Vulkan\VKGraphicsStateObject.cpp">
      <Filter>Core\API\Vulkan</Filter>
    </ClCompile>
    <ClCompile Include="Core\API\Vulkan\VKLowLevelContextData.cpp">
      <Filter>Core\API\Vulkan</Filter>
    </ClCompile>
    <ClCompile Include="Core\API\Vulkan\VkQueryHeap.cpp">
      <Filter>Core\API\Vulkan</Filter>
    </ClCompile>
    <ClCompile Include="Core\API\Vulkan\VKRasterizerState.cpp">
      <Filter>Core\API\Vulkan</Filter>
    </ClCompile>
    <ClCompile Include="Core\API\Vulkan\VKRenderContext.cpp">
      <Filter>Core\API\Vulkan</Filter>
    </ClCompile>
    <ClCompile Include="Core\API\Vulkan\VkResource.cpp">
      <Filter>Core\API\Vulkan</Filter>
    </ClCompile>
    <ClCompile Include="Core\API\Vulkan\VKResourceViews.cpp">
      <Filter>Core\API\Vulkan</Filter>
    </ClCompile>
    <ClCompile Include="Core\API\Vulkan\VKRootSignature.cpp">
      <Filter>Core\API\Vulkan</Filter>
    </ClCompile>
    <ClCompile Include="Core\API\Vulkan\VKSampler.cpp">
      <Filter>Core\API\Vulkan</Filter>
    </ClCompile>
    <ClCompile Include="Core\API\Vulkan\VKShader.cpp">
      <Filter>Core\API\Vulkan</Filter>
    </ClCompile>
    <ClCompile Include="Core\API\Vulkan\VkSmartHandle.cpp">
      <Filter>Core\API\Vulkan</Filter>
    </ClCompile>
    <ClCompile Include="Core\API\Vulkan\VKState.cpp">
      <Filter>Core\API\Vulkan</Filter>
    </ClCompile>
    <ClCompile Include="Core\API\Vulkan\VKTexture.cpp">
      <Filter>Core\API\Vulkan</Filter>
    </ClCompile>
    <ClCompile Include="Core\API\Vulkan\VKVao.cpp">
      <Filter>Core\API\Vulkan</Filter>
    </ClCompile>
    <ClCompile Include="Core\API\Vulkan\VKBuffer.cpp">
      <Filter>Core\API\Vulkan</Filter>
    </ClCompile>
    <ClCompile Include="Core\API\Vulkan\VKComputeContext.cpp">
      <Filter>Core\API\Vulkan</Filter>
    </ClCompile>
    <ClCompile Include="Core\API\Vulkan\VKComputeStateObject.cpp">
      <Filter>Core\API\Vulkan</Filter>
    </ClCompile>
    <ClCompile Include="Core\API\CopyContext.cpp">
      <Filter>Core\API</Filter>
    </ClCompile>
    <ClCompile Include="Core\API\DepthStencilState.cpp">
      <Filter>Core\API</Filter>
    </ClCompile>
    <ClCompile Include="Core\API\DescriptorPool.cpp">
      <Filter>Core\API</Filter>
    </ClCompile>
    <ClCompile Include="Core\API\DescriptorSet.cpp">
      <Filter>Core\API</Filter>
    </ClCompile>
    <ClCompile Include="Core\API\Device.cpp">
      <Filter>Core\API</Filter>
    </ClCompile>
    <ClCompile Include="Core\API\FBO.cpp">
      <Filter>Core\API</Filter>
    </ClCompile>
    <ClCompile Include="Core\API\Formats.cpp">
      <Filter>Core\API</Filter>
    </ClCompile>
    <ClCompile Include="Core\API\GpuTimer.cpp">
      <Filter>Core\API</Filter>
    </ClCompile>
    <ClCompile Include="Core\API\GraphicsStateObject.cpp">
      <Filter>Core\API</Filter>
    </ClCompile>
    <ClCompile Include="Core\API\RenderContext.cpp">
      <Filter>Core\API</Filter>
    </ClCompile>
    <ClCompile Include="Core\API\Resource.cpp">
      <Filter>Core\API</Filter>
    </ClCompile>
    <ClCompile Include="Core\API\ResourceViews.cpp">
      <Filter>Core\API</Filter>
    </ClCompile>
    <ClCompile Include="Core\API\RootSignature.cpp">
      <Filter>Core\API</Filter>
    </ClCompile>
    <ClCompile Include="Core\API\Sampler.cpp">
      <Filter>Core\API</Filter>
    </ClCompile>
    <ClCompile Include="Core\API\Texture.cpp">
      <Filter>Core\API</Filter>
    </ClCompile>
    <ClCompile Include="Core\API\VAO.cpp">
      <Filter>Core\API</Filter>
    </ClCompile>
    <ClCompile Include="Core\API\BlendState.cpp">
      <Filter>Core\API</Filter>
    </ClCompile>
    <ClCompile Include="Core\API\Buffer.cpp">
      <Filter>Core\API</Filter>
    </ClCompile>
    <ClCompile Include="Core\API\ComputeContext.cpp">
      <Filter>Core\API</Filter>
    </ClCompile>
    <ClCompile Include="Core\API\ComputeStateObject.cpp">
      <Filter>Core\API</Filter>
    </ClCompile>
    <ClCompile Include="Core\Program\Program.cpp">
      <Filter>Core\Program</Filter>
    </ClCompile>
    <ClCompile Include="Core\Program\ProgramReflection.cpp">
      <Filter>Core\Program</Filter>
    </ClCompile>
    <ClCompile Include="Core\Program\ProgramVars.cpp">
      <Filter>Core\Program</Filter>
    </ClCompile>
    <ClCompile Include="Core\Program\ProgramVersion.cpp">
      <Filter>Core\Program</Filter>
    </ClCompile>
    <ClCompile Include="Core\Program\ShaderLibrary.cpp">
      <Filter>Core\Program</Filter>
    </ClCompile>
    <ClCompile Include="Core\Program\ComputeProgram.cpp">
      <Filter>Core\Program</Filter>
    </ClCompile>
    <ClCompile Include="Core\Program\GraphicsProgram.cpp">
      <Filter>Core\Program</Filter>
    </ClCompile>
    <ClCompile Include="Core\State\GraphicsState.cpp">
      <Filter>Core\State</Filter>
    </ClCompile>
    <ClCompile Include="Core\State\ComputeState.cpp">
      <Filter>Core\State</Filter>
    </ClCompile>
    <ClCompile Include="Core\Sample.cpp">
      <Filter>Core</Filter>
    </ClCompile>
    <ClCompile Include="Core\Window.cpp">
      <Filter>Core</Filter>
    </ClCompile>
    <ClCompile Include="Scene\Camera\CameraController.cpp">
      <Filter>Scene\Camera</Filter>
    </ClCompile>
    <ClCompile Include="Scene\Camera\Camera.cpp">
      <Filter>Scene\Camera</Filter>
    </ClCompile>
    <ClCompile Include="Scene\Lights\Light.cpp">
      <Filter>Scene\Lights</Filter>
    </ClCompile>
    <ClCompile Include="Scene\Material\Material.cpp">
      <Filter>Scene\Material</Filter>
    </ClCompile>
    <ClCompile Include="Testing\UnitTest.cpp">
      <Filter>Testing</Filter>
    </ClCompile>
    <ClCompile Include="Utils\Scripting\Scripting.cpp">
      <Filter>Utils\Scripting</Filter>
    </ClCompile>
    <ClCompile Include="Utils\Video\VideoEncoderUI.cpp">
      <Filter>Utils\Video</Filter>
    </ClCompile>
    <ClCompile Include="Utils\Video\VideoEncoder.cpp">
      <Filter>Utils\Video</Filter>
    </ClCompile>
    <ClCompile Include="Utils\Timing\Profiler.cpp">
      <Filter>Utils\Timing</Filter>
    </ClCompile>
    <ClCompile Include="Utils\UI\Gui.cpp">
      <Filter>Utils\UI</Filter>
    </ClCompile>
    <ClCompile Include="Utils\UI\PixelZoom.cpp">
      <Filter>Utils\UI</Filter>
    </ClCompile>
    <ClCompile Include="Utils\UI\TextRenderer.cpp">
      <Filter>Utils\UI</Filter>
    </ClCompile>
    <ClCompile Include="Utils\UI\Font.cpp">
      <Filter>Utils\UI</Filter>
    </ClCompile>
    <ClCompile Include="Utils\Image\Bitmap.cpp">
      <Filter>Utils\Image</Filter>
    </ClCompile>
    <ClCompile Include="Utils\Algorithm\ParallelReduction.cpp">
      <Filter>Utils\Algorithm</Filter>
    </ClCompile>
    <ClCompile Include="Core\Platform\OS.cpp">
      <Filter>Core\Platform</Filter>
    </ClCompile>
    <ClCompile Include="Core\Platform\ProgressBar.cpp">
      <Filter>Core\Platform</Filter>
    </ClCompile>
    <ClCompile Include="Core\Platform\Windows\ProgressBarWin.cpp">
      <Filter>Core\Platform\Windows</Filter>
    </ClCompile>
    <ClCompile Include="Core\Platform\Windows\Windows.cpp">
      <Filter>Core\Platform\Windows</Filter>
    </ClCompile>
    <ClCompile Include="Core\Platform\Linux\ProgressBarLinux.cpp">
      <Filter>Core\Platform\Linux</Filter>
    </ClCompile>
    <ClCompile Include="Core\Platform\Linux\Linux.cpp">
      <Filter>Core\Platform\Linux</Filter>
    </ClCompile>
    <ClCompile Include="Core\API\D3D12\D3D12Formats.cpp">
      <Filter>Core\API\D3D12</Filter>
    </ClCompile>
    <ClCompile Include="Core\API\D3D12\D3D12Shader.cpp">
      <Filter>Core\API\D3D12</Filter>
    </ClCompile>
    <ClCompile Include="Core\BufferTypes\VariablesBufferUI.cpp">
      <Filter>Core\BufferTypes</Filter>
    </ClCompile>
    <ClCompile Include="Utils\Perception\SingleThresholdMeasurement.cpp">
      <Filter>Utils\Perception</Filter>
    </ClCompile>
    <ClCompile Include="Utils\Perception\Experiment.cpp">
      <Filter>Utils\Perception</Filter>
    </ClCompile>
    <ClCompile Include="stdafx.cpp" />
    <ClCompile Include="Utils\UI\DebugDrawer.cpp">
      <Filter>Utils\UI</Filter>
    </ClCompile>
    <ClCompile Include="Core\Platform\MonitorInfo.cpp">
      <Filter>Core\Platform</Filter>
    </ClCompile>
    <ClCompile Include="Utils\SampleGenerators\DxSamplePattern.cpp">
      <Filter>Utils\SampleGenerators</Filter>
    </ClCompile>
    <ClCompile Include="Utils\SampleGenerators\HaltonSamplePattern.cpp">
      <Filter>Utils\SampleGenerators</Filter>
    </ClCompile>
    <ClCompile Include="Core\API\VertexLayout.cpp">
      <Filter>Core\API</Filter>
    </ClCompile>
    <ClCompile Include="Core\API\RasterizerState.cpp">
      <Filter>Core\API</Filter>
    </ClCompile>
    <ClCompile Include="Core\Framework.cpp">
      <Filter>Core</Filter>
    </ClCompile>
    <ClCompile Include="..\Externals\.packman\dear_imgui\imgui.cpp">
      <Filter>Externals\dear_imgui</Filter>
    </ClCompile>
    <ClCompile Include="..\Externals\.packman\dear_imgui\imgui_draw.cpp">
      <Filter>Externals\dear_imgui</Filter>
    </ClCompile>
    <ClCompile Include="..\Externals\.packman\dear_imgui\imgui_widgets.cpp">
      <Filter>Externals\dear_imgui</Filter>
    </ClCompile>
    <ClCompile Include="..\Externals\dear_imgui_addons\imguinodegrapheditor\imguinodegrapheditor.cpp">
      <Filter>Externals\dear_imgui_addons</Filter>
    </ClCompile>
    <ClCompile Include="Utils\Scripting\ScriptBindings.cpp">
      <Filter>Utils\Scripting</Filter>
    </ClCompile>
    <ClCompile Include="Utils\Logger.cpp">
      <Filter>Utils</Filter>
    </ClCompile>
    <ClCompile Include="RenderGraph\BasePasses\ComputePass.cpp">
      <Filter>RenderGraph\BasePasses</Filter>
    </ClCompile>
    <ClCompile Include="RenderGraph\BasePasses\FullScreenPass.cpp">
      <Filter>RenderGraph\BasePasses</Filter>
    </ClCompile>
    <ClCompile Include="RenderGraph\BasePasses\RasterPass.cpp">
      <Filter>RenderGraph\BasePasses</Filter>
    </ClCompile>
    <ClCompile Include="RenderGraph\BasePasses\RasterScenePass.cpp">
      <Filter>RenderGraph\BasePasses</Filter>
    </ClCompile>
    <ClCompile Include="RenderGraph\BasePasses\BaseGraphicsPass.cpp">
      <Filter>RenderGraph\BasePasses</Filter>
    </ClCompile>
    <ClCompile Include="RenderGraph\RenderGraph.cpp">
      <Filter>RenderGraph</Filter>
    </ClCompile>
    <ClCompile Include="RenderGraph\RenderGraphImportExport.cpp">
      <Filter>RenderGraph</Filter>
    </ClCompile>
    <ClCompile Include="RenderGraph\RenderGraphIR.cpp">
      <Filter>RenderGraph</Filter>
    </ClCompile>
    <ClCompile Include="RenderGraph\RenderGraphUI.cpp">
      <Filter>RenderGraph</Filter>
    </ClCompile>
    <ClCompile Include="RenderGraph\RenderPass.cpp">
      <Filter>RenderGraph</Filter>
    </ClCompile>
    <ClCompile Include="RenderGraph\RenderPassLibrary.cpp">
      <Filter>RenderGraph</Filter>
    </ClCompile>
    <ClCompile Include="RenderGraph\RenderPassReflection.cpp">
      <Filter>RenderGraph</Filter>
    </ClCompile>
    <ClCompile Include="RenderGraph\ResourceCache.cpp">
      <Filter>RenderGraph</Filter>
    </ClCompile>
    <ClCompile Include="RenderGraph\RenderGraphCompiler.cpp">
      <Filter>RenderGraph</Filter>
    </ClCompile>
    <ClCompile Include="RenderGraph\RenderGraphExe.cpp">
      <Filter>RenderGraph</Filter>
    </ClCompile>
    <ClCompile Include="Utils\Threading.cpp">
      <Filter>Utils</Filter>
    </ClCompile>
    <ClCompile Include="Utils\Timing\FrameRate.cpp">
      <Filter>Utils\Timing</Filter>
    </ClCompile>
    <ClCompile Include="Utils\Scripting\Console.cpp">
      <Filter>Utils\Scripting</Filter>
    </ClCompile>
    <ClCompile Include="Utils\Timing\Clock.cpp">
      <Filter>Utils\Timing</Filter>
    </ClCompile>
    <ClCompile Include="Core\API\GpuMemoryHeap.cpp">
      <Filter>Core\API</Filter>
    </ClCompile>
    <ClCompile Include="Core\API\Vulkan\VkGpuMemoryHeap.cpp">
      <Filter>Core\API\Vulkan</Filter>
    </ClCompile>
    <ClCompile Include="Core\API\D3D12\D3D12GpuMemoryHeap.cpp">
      <Filter>Core\API\D3D12</Filter>
    </ClCompile>
    <ClCompile Include="Scene\SceneBuilder.cpp">
      <Filter>Scene</Filter>
    </ClCompile>
    <ClCompile Include="Utils\SampleGenerators\StratifiedSamplePattern.cpp">
      <Filter>Utils\SampleGenerators</Filter>
    </ClCompile>
    <ClCompile Include="Scene\Scene.cpp">
      <Filter>Scene</Filter>
    </ClCompile>
    <ClCompile Include="Scene\ParticleSystem\ParticleSystem.cpp">
      <Filter>Scene\ParticleSystem</Filter>
    </ClCompile>
    <ClCompile Include="Core\Program\ShaderVar.cpp">
      <Filter>Core\Program</Filter>
    </ClCompile>
    <ClCompile Include="Core\BufferTypes\ParameterBlock.cpp">
      <Filter>Core\BufferTypes</Filter>
    </ClCompile>
    <ClCompile Include="Scene\Animation\AnimationController.cpp">
      <Filter>Scene\Animation</Filter>
    </ClCompile>
    <ClCompile Include="Scene\Animation\Animation.cpp">
      <Filter>Scene\Animation</Filter>
    </ClCompile>
    <ClCompile Include="Scene\Importers\AssimpImporter.cpp">
      <Filter>Scene\Importers</Filter>
    </ClCompile>
    <ClCompile Include="Raytracing\RtProgram\RtProgram.cpp">
      <Filter>Raytracing\RtProgram</Filter>
    </ClCompile>
    <ClCompile Include="Raytracing\RtProgramVars.cpp">
      <Filter>Raytracing</Filter>
    </ClCompile>
    <ClCompile Include="Raytracing\RtProgramVarsHelper.cpp">
      <Filter>Raytracing</Filter>
    </ClCompile>
    <ClCompile Include="Raytracing\RtStateObject.cpp">
      <Filter>Raytracing</Filter>
    </ClCompile>
    <ClCompile Include="Utils\Debug\PixelDebug.cpp">
      <Filter>Utils\Debug</Filter>
    </ClCompile>
    <ClCompile Include="Utils\Algorithm\PrefixSum.cpp">
      <Filter>Utils\Algorithm</Filter>
    </ClCompile>
    <ClCompile Include="Utils\Algorithm\BitonicSort.cpp">
      <Filter>Utils\Algorithm</Filter>
    </ClCompile>
    <ClCompile Include="Utils\Algorithm\ComputeParallelReduction.cpp">
      <Filter>Utils\Algorithm</Filter>
    </ClCompile>
    <ClCompile Include="Utils\Sampling\SampleGenerator.cpp">
      <Filter>Utils\Sampling</Filter>
    </ClCompile>
    <ClCompile Include="Experimental\Scene\Lights\EmissiveUniformSampler.cpp">
      <Filter>Experimental\Scene\Lights</Filter>
    </ClCompile>
    <ClCompile Include="Experimental\Scene\Lights\EmissiveLightSampler.cpp">
      <Filter>Experimental\Scene\Lights</Filter>
    </ClCompile>
    <ClCompile Include="Experimental\Scene\Lights\LightBVH.cpp">
      <Filter>Experimental\Scene\Lights</Filter>
    </ClCompile>
    <ClCompile Include="Experimental\Scene\Lights\LightBVHBuilder.cpp">
      <Filter>Experimental\Scene\Lights</Filter>
    </ClCompile>
    <ClCompile Include="Experimental\Scene\Lights\LightBVHSampler.cpp">
      <Filter>Experimental\Scene\Lights</Filter>
    </ClCompile>
    <ClCompile Include="Raytracing\ShaderTable.cpp">
      <Filter>Raytracing</Filter>
    </ClCompile>
    <ClCompile Include="RenderPasses\ResolvePass.cpp">
      <Filter>RenderPasses</Filter>
    </ClCompile>
    <ClCompile Include="Scene\Importers\PythonImporter.cpp">
      <Filter>Scene\Importers</Filter>
    </ClCompile>
    <ClCompile Include="Utils\TermColor.cpp">
      <Filter>Utils</Filter>
    </ClCompile>
    <ClCompile Include="RenderPasses\Shared\PathTracer\PixelStats.cpp">
      <Filter>RenderPasses\Shared\PathTracer</Filter>
    </ClCompile>
    <ClCompile Include="RenderPasses\Shared\PathTracer\PathTracer.cpp">
      <Filter>RenderPasses\Shared\PathTracer</Filter>
    </ClCompile>
    <ClCompile Include="Experimental\Scene\Lights\EnvMapSampler.cpp">
      <Filter>Experimental\Scene\Lights</Filter>
    </ClCompile>
    <ClCompile Include="Utils\Timing\TimeReport.cpp">
      <Filter>Utils\Timing</Filter>
    </ClCompile>
    <ClCompile Include="Scene\Animation\Animatable.cpp">
      <Filter>Scene\Animation</Filter>
    </ClCompile>
    <ClCompile Include="Scene\Importer.cpp">
      <Filter>Scene</Filter>
    </ClCompile>
    <ClCompile Include="Scene\HitInfo.cpp">
      <Filter>Scene</Filter>
    </ClCompile>
    <ClCompile Include="Utils\AsyncTextureLoader.cpp">
      <Filter>Utils</Filter>
    </ClCompile>
    <ClCompile Include="Scene\Curves\CurveTessellation.cpp">
      <Filter>Scene\Curves</Filter>
    </ClCompile>
    <ClCompile Include="Scene\Material\MaterialTextureLoader.cpp">
      <Filter>Scene\Material</Filter>
    </ClCompile>
    <ClCompile Include="Scene\Transform.cpp">
      <Filter>Scene</Filter>
    </ClCompile>
    <ClCompile Include="Scene\TriangleMesh.cpp">
      <Filter>Scene</Filter>
    </ClCompile>
    <ClCompile Include="Scene\Volume\Volume.cpp">
      <Filter>Scene\Volume</Filter>
    </ClCompile>
    <ClCompile Include="Scene\Volume\Grid.cpp">
      <Filter>Scene\Volume</Filter>
    </ClCompile>
    <ClCompile Include="Core\Program\CUDAProgram.cpp">
      <Filter>Core\Program</Filter>
    </ClCompile>
    <ClCompile Include="Utils\Math\AABB.cpp">
      <Filter>Utils\Math</Filter>
    </ClCompile>
    <ClCompile Include="Experimental\Scene\Lights\EnvMapLighting.cpp">
      <Filter>Experimental\Scene\Lights</Filter>
    </ClCompile>
    <ClCompile Include="Experimental\Scene\Volume\VolumeSampler.cpp">
      <Filter>Experimental\Scene\Volume</Filter>
    </ClCompile>
    <ClCompile Include="Experimental\Scene\Lights\EmissivePowerSampler.cpp">
      <Filter>Experimental\Scene\Lights</Filter>
    </ClCompile>
    <ClCompile Include="Utils\Sampling\AliasTable.cpp">
      <Filter>Utils\Sampling</Filter>
    </ClCompile>
    <ClCompile Include="Utils\CryptoUtils.cpp">
      <Filter>Utils</Filter>
    </ClCompile>
    <ClCompile Include="Utils\StringUtils.cpp">
      <Filter>Utils</Filter>
    </ClCompile>
    <ClCompile Include="Scene\SceneCache.cpp">
      <Filter>Scene</Filter>
    </ClCompile>
    <ClCompile Include="Scene\Lights\LightCollection.cpp">
      <Filter>Scene\Lights</Filter>
    </ClCompile>
    <ClCompile Include="Scene\Lights\EnvMap.cpp">
      <Filter>Scene\Lights</Filter>
    </ClCompile>
    <ClCompile Include="Utils\Image\TextureAnalyzer.cpp">
      <Filter>Utils\Image</Filter>
    </ClCompile>
    <ClCompile Include="Utils\Image\ImageIO.cpp">
      <Filter>Utils\Image</Filter>
    </ClCompile>
    <ClCompile Include="Raytracing\RtBindingTable.cpp">
      <Filter>Raytracing</Filter>
    </ClCompile>
    <ClCompile Include="Utils\Timing\ProfilerUI.cpp">
      <Filter>Utils\Timing</Filter>
    </ClCompile>
    <ClCompile Include="Experimental\Scene\Material\TexLODTypes.cpp">
      <Filter>Experimental\Scene\Material</Filter>
    </ClCompile>
    <ClCompile Include="Scene\Animation\AnimatedVertexCache.cpp">
      <Filter>Scene\Animation</Filter>
    </ClCompile>
  </ItemGroup>
  <ItemGroup>
    <Xml Include="dependencies.xml" />
  </ItemGroup>
  <ItemGroup>
    <ShaderSource Include="Utils\Math\AABB.slang">
      <Filter>Utils\Math</Filter>
    </ShaderSource>
    <ShaderSource Include="Utils\Algorithm\BitonicSort.cs.slang">
      <Filter>Utils\Algorithm</Filter>
    </ShaderSource>
    <ShaderSource Include="Utils\Math\BitTricks.slang">
      <Filter>Utils\Math</Filter>
    </ShaderSource>
    <ShaderSource Include="Utils\Color\ColorMap.slang">
      <Filter>Utils\Color</Filter>
    </ShaderSource>
    <ShaderSource Include="Experimental\Scene\Lights\EmissiveLightSampler.slang">
      <Filter>Experimental\Scene\Lights</Filter>
    </ShaderSource>
    <ShaderSource Include="Experimental\Scene\Lights\EmissiveLightSamplerInterface.slang">
      <Filter>Experimental\Scene\Lights</Filter>
    </ShaderSource>
    <ShaderSource Include="Experimental\Scene\Lights\EmissiveLightSamplerHelpers.slang">
      <Filter>Experimental\Scene\Lights</Filter>
    </ShaderSource>
    <ShaderSource Include="Experimental\Scene\Lights\EmissiveUniformSampler.slang">
      <Filter>Experimental\Scene\Lights</Filter>
    </ShaderSource>
    <ShaderSource Include="Utils\Math\FormatConversion.slang">
      <Filter>Utils\Math</Filter>
    </ShaderSource>
    <ShaderSource Include="Utils\Math\HalfUtils.slang">
      <Filter>Utils\Math</Filter>
    </ShaderSource>
    <ShaderSource Include="Utils\Math\HashUtils.slang">
      <Filter>Utils\Math</Filter>
    </ShaderSource>
    <ShaderSource Include="Utils\Sampling\Pseudorandom\LCG.slang">
      <Filter>Utils\Sampling\Pseudorandom</Filter>
    </ShaderSource>
    <ShaderSource Include="Experimental\Scene\Lights\LightBVH.slang">
      <Filter>Experimental\Scene\Lights</Filter>
    </ShaderSource>
    <ShaderSource Include="Experimental\Scene\Lights\LightBVHRefit.cs.slang">
      <Filter>Experimental\Scene\Lights</Filter>
    </ShaderSource>
    <ShaderSource Include="Experimental\Scene\Lights\LightBVHSampler.slang">
      <Filter>Experimental\Scene\Lights</Filter>
    </ShaderSource>
    <ShaderSource Include="Experimental\Scene\Lights\LightHelpers.slang">
      <Filter>Experimental\Scene\Lights</Filter>
    </ShaderSource>
    <ShaderSource Include="Experimental\Scene\Material\MaterialHelpers.slang">
      <Filter>Experimental\Scene\Material</Filter>
    </ShaderSource>
    <ShaderSource Include="Experimental\Scene\Material\TexLODHelpers.slang">
      <Filter>Experimental\Scene\Material</Filter>
    </ShaderSource>
    <ShaderSource Include="Utils\Math\MathHelpers.slang">
      <Filter>Utils\Math</Filter>
    </ShaderSource>
    <ShaderSource Include="Utils\Math\PackedFormats.slang">
      <Filter>Utils\Math</Filter>
    </ShaderSource>
    <ShaderSource Include="Utils\Algorithm\ParallelReduction.cs.slang">
      <Filter>Utils\Algorithm</Filter>
    </ShaderSource>
    <ShaderSource Include="Utils\Debug\PixelDebug.slang">
      <Filter>Utils\Debug</Filter>
    </ShaderSource>
    <ShaderSource Include="Utils\Algorithm\PrefixSum.cs.slang">
      <Filter>Utils\Algorithm</Filter>
    </ShaderSource>
    <ShaderSource Include="Utils\Sampling\SampleGenerator.slang">
      <Filter>Utils\Sampling</Filter>
    </ShaderSource>
    <ShaderSource Include="Utils\Sampling\SampleGeneratorInterface.slang">
      <Filter>Utils\Sampling</Filter>
    </ShaderSource>
    <ShaderSource Include="Utils\Sampling\Pseudorandom\SplitMix64.slang">
      <Filter>Utils\Sampling\Pseudorandom</Filter>
    </ShaderSource>
    <ShaderSource Include="Utils\Sampling\TinyUniformSampleGenerator.slang">
      <Filter>Utils\Sampling</Filter>
    </ShaderSource>
    <ShaderSource Include="Utils\Sampling\UniformSampleGenerator.slang">
      <Filter>Utils\Sampling</Filter>
    </ShaderSource>
    <ShaderSource Include="Utils\Sampling\Pseudorandom\Xoshiro.slang">
      <Filter>Utils\Sampling\Pseudorandom</Filter>
    </ShaderSource>
    <ShaderSource Include="Utils\Math\SphericalHarmonics.slang">
      <Filter>Utils\Math</Filter>
    </ShaderSource>
    <ShaderSource Include="Experimental\Scene\Material\BxDF.slang">
      <Filter>Experimental\Scene\Material</Filter>
    </ShaderSource>
    <ShaderSource Include="Experimental\Scene\Material\Fresnel.slang">
      <Filter>Experimental\Scene\Material</Filter>
    </ShaderSource>
    <ShaderSource Include="Experimental\Scene\Material\Microfacet.slang">
      <Filter>Experimental\Scene\Material</Filter>
    </ShaderSource>
    <ShaderSource Include="Utils\Algorithm\ParallelReduction.ps.slang">
      <Filter>Utils\Algorithm</Filter>
    </ShaderSource>
    <ShaderSource Include="Utils\UI\TextRenderer.slang">
      <Filter>Utils\UI</Filter>
    </ShaderSource>
    <ShaderSource Include="Scene\SceneBlock.slang">
      <Filter>Scene</Filter>
    </ShaderSource>
    <ShaderSource Include="Utils\UI\Gui.slang">
      <Filter>Utils\UI</Filter>
    </ShaderSource>
    <ShaderSource Include="RenderGraph\BasePasses\FullScreenPass.gs.slang">
      <Filter>RenderGraph\BasePasses</Filter>
    </ShaderSource>
    <ShaderSource Include="RenderGraph\BasePasses\FullScreenPass.vs.slang">
      <Filter>RenderGraph\BasePasses</Filter>
    </ShaderSource>
    <ShaderSource Include="Scene\ParticleSystem\ParticleConstColor.ps.slang">
      <Filter>Scene\ParticleSystem</Filter>
    </ShaderSource>
    <ShaderSource Include="Scene\ParticleSystem\ParticleEmit.cs.slang">
      <Filter>Scene\ParticleSystem</Filter>
    </ShaderSource>
    <ShaderSource Include="Scene\ParticleSystem\ParticleInterpColor.ps.slang">
      <Filter>Scene\ParticleSystem</Filter>
    </ShaderSource>
    <ShaderSource Include="Scene\ParticleSystem\ParticleSimulate.cs.slang">
      <Filter>Scene\ParticleSystem</Filter>
    </ShaderSource>
    <ShaderSource Include="Scene\ParticleSystem\ParticleSort.cs.slang">
      <Filter>Scene\ParticleSystem</Filter>
    </ShaderSource>
    <ShaderSource Include="Scene\ParticleSystem\ParticleTexture.ps.slang">
      <Filter>Scene\ParticleSystem</Filter>
    </ShaderSource>
    <ShaderSource Include="Scene\ParticleSystem\ParticleVertex.vs.slang">
      <Filter>Scene\ParticleSystem</Filter>
    </ShaderSource>
    <ShaderSource Include="Testing\UnitTest.cs.slang">
      <Filter>Testing</Filter>
    </ShaderSource>
    <ShaderSource Include="Scene\Animation\Skinning.slang">
      <Filter>Scene\Animation</Filter>
    </ShaderSource>
    <ShaderSource Include="Core\API\Blit.slang">
      <Filter>Core\API</Filter>
    </ShaderSource>
    <ShaderSource Include="Scene\Raytracing.slang">
      <Filter>Scene</Filter>
    </ShaderSource>
    <ShaderSource Include="Scene\Raster.slang">
      <Filter>Scene</Filter>
    </ShaderSource>
    <ShaderSource Include="Scene\Scene.slang">
      <Filter>Scene</Filter>
    </ShaderSource>
    <ShaderSource Include="Scene\Camera\CameraData.slang">
      <Filter>Scene\Camera</Filter>
    </ShaderSource>
    <ShaderSource Include="Scene\Shading.slang">
      <Filter>Scene</Filter>
    </ShaderSource>
    <ShaderSource Include="Scene\ShadingData.slang">
      <Filter>Scene</Filter>
    </ShaderSource>
    <ShaderSource Include="Utils\Color\ColorHelpers.slang">
      <Filter>Utils\Color</Filter>
    </ShaderSource>
    <ShaderSource Include="Scene\Material\MaterialData.slang">
      <Filter>Scene\Material</Filter>
    </ShaderSource>
    <ShaderSource Include="Scene\Lights\LightData.slang">
      <Filter>Scene\Lights</Filter>
    </ShaderSource>
    <ShaderSource Include="Scene\SceneTypes.slang">
      <Filter>Scene</Filter>
    </ShaderSource>
    <ShaderSource Include="Scene\Material\MaterialDefines.slangh">
      <Filter>Scene\Material</Filter>
    </ShaderSource>
    <ShaderSource Include="Experimental\Scene\Lights\EmissiveLightSamplerType.slangh">
      <Filter>Experimental\Scene\Lights</Filter>
    </ShaderSource>
    <ShaderSource Include="Utils\Math\MathConstants.slangh">
      <Filter>Utils\Math</Filter>
    </ShaderSource>
    <ShaderSource Include="Utils\HostDeviceShared.slangh">
      <Filter>Utils</Filter>
    </ShaderSource>
    <ShaderSource Include="Utils\Algorithm\ParallelReductionType.slangh">
      <Filter>Utils\Algorithm</Filter>
    </ShaderSource>
    <ShaderSource Include="Utils\Debug\PixelDebugTypes.slang">
      <Filter>Utils\Debug</Filter>
    </ShaderSource>
    <ShaderSource Include="Utils\Sampling\SampleGeneratorType.slangh">
      <Filter>Utils\Sampling</Filter>
    </ShaderSource>
    <ShaderSource Include="Scene\VertexAttrib.slangh">
      <Filter>Scene</Filter>
    </ShaderSource>
    <ShaderSource Include="Experimental\Scene\Lights\LightBVHSamplerSharedDefinitions.slang">
      <Filter>Experimental\Scene\Lights</Filter>
    </ShaderSource>
    <ShaderSource Include="Scene\ParticleSystem\ParticleData.slang">
      <Filter>Scene\ParticleSystem</Filter>
    </ShaderSource>
    <ShaderSource Include="Experimental\Scene\Material\BxDFConfig.slangh">
      <Filter>Experimental\Scene\Material</Filter>
    </ShaderSource>
    <ShaderSource Include="RenderPasses\Shared\PathTracer\InteriorList.slang">
      <Filter>RenderPasses\Shared\PathTracer</Filter>
    </ShaderSource>
    <ShaderSource Include="RenderPasses\Shared\PathTracer\InteriorListHelpers.slang">
      <Filter>RenderPasses\Shared\PathTracer</Filter>
    </ShaderSource>
    <ShaderSource Include="Scene\TextureSampler.slang">
      <Filter>Scene</Filter>
    </ShaderSource>
    <ShaderSource Include="Scene\RaytracingInline.slang">
      <Filter>Scene</Filter>
    </ShaderSource>
    <ShaderSource Include="Scene\Camera\Camera.slang">
      <Filter>Scene\Camera</Filter>
    </ShaderSource>
    <ShaderSource Include="RenderPasses\Shared\PathTracer\LoadShadingData.slang">
      <Filter>RenderPasses\Shared\PathTracer</Filter>
    </ShaderSource>
    <ShaderSource Include="RenderPasses\Shared\PathTracer\PixelStats.slang">
      <Filter>RenderPasses\Shared\PathTracer</Filter>
    </ShaderSource>
    <ShaderSource Include="RenderPasses\Shared\PathTracer\PathData.slang">
      <Filter>RenderPasses\Shared\PathTracer</Filter>
    </ShaderSource>
    <ShaderSource Include="RenderPasses\Shared\PathTracer\PathTracerHelpers.slang">
      <Filter>RenderPasses\Shared\PathTracer</Filter>
    </ShaderSource>
    <ShaderSource Include="RenderPasses\Shared\PathTracer\PathTracerParams.slang">
      <Filter>RenderPasses\Shared\PathTracer</Filter>
    </ShaderSource>
    <ShaderSource Include="RenderPasses\Shared\PathTracer\StaticParams.slang">
      <Filter>RenderPasses\Shared\PathTracer</Filter>
    </ShaderSource>
    <ShaderSource Include="Utils\Debug\ReflectPixelDebugTypes.cs.slang">
      <Filter>Utils\Debug</Filter>
    </ShaderSource>
    <ShaderSource Include="Experimental\Scene\Material\TexLODTypes.slang">
      <Filter>Experimental\Scene\Material</Filter>
    </ShaderSource>
    <ShaderSource Include="Utils\Attributes.slang">
      <Filter>Utils</Filter>
    </ShaderSource>
    <ShaderSource Include="Scene\HitInfo.slang">
      <Filter>Scene</Filter>
    </ShaderSource>
    <ShaderSource Include="RenderPasses\Shared\PathTracer\RayFootprint.slang">
      <Filter>RenderPasses\Shared\PathTracer</Filter>
    </ShaderSource>
    <ShaderSource Include="RenderPasses\Shared\PathTracer\RayFootprintData.slang">
      <Filter>RenderPasses\Shared\PathTracer</Filter>
    </ShaderSource>
    <ShaderSource Include="Utils\Sampling\Pseudorandom\Xorshift32.slang">
      <Filter>Utils\Sampling\Pseudorandom</Filter>
    </ShaderSource>
    <ShaderSource Include="Experimental\Scene\Lights\LightBVHTypes.slang">
      <Filter>Experimental\Scene\Lights</Filter>
    </ShaderSource>
    <ShaderSource Include="Experimental\Scene\Lights\EnvMapSampler.slang">
      <Filter>Experimental\Scene\Lights</Filter>
    </ShaderSource>
    <ShaderSource Include="Experimental\Scene\Lights\EnvMapSamplerSetup.cs.slang">
      <Filter>Experimental\Scene\Lights</Filter>
    </ShaderSource>
    <ShaderSource Include="RenderPasses\Shared\PathTracer\RayFootprintModes.slangh">
      <Filter>RenderPasses\Shared\PathTracer</Filter>
    </ShaderSource>
    <ShaderSource Include="Utils\Sampling\Pseudorandom\Xorshift32.slang">
      <Filter>Utils\Sampling\Pseudorandom</Filter>
    </ShaderSource>
    <ShaderSource Include="Utils\Timing\GpuTimer.slang">
      <Filter>Utils\Timing</Filter>
    </ShaderSource>
    <ShaderSource Include="RenderPasses\Shared\PathTracer\PixelStatsShared.slang">
      <Filter>RenderPasses\Shared\PathTracer</Filter>
    </ShaderSource>
    <ShaderSource Include="RenderPasses\Shared\PathTracer\PixelStats.cs.slang">
      <Filter>RenderPasses\Shared\PathTracer</Filter>
    </ShaderSource>
    <ShaderSource Include="Scene\Volume\VolumeData.slang">
      <Filter>Scene\Volume</Filter>
    </ShaderSource>
    <ShaderSource Include="Scene\Volume\Grid.slang">
      <Filter>Scene\Volume</Filter>
    </ShaderSource>
    <ShaderSource Include="Scene\Volume\Volume.slang">
      <Filter>Scene\Volume</Filter>
    </ShaderSource>
    <ShaderSource Include="Scene\NullTrace.cs.slang">
      <Filter>Scene</Filter>
    </ShaderSource>
    <ShaderSource Include="Experimental\Scene\Lights\EnvMapIntegration.ps.slang">
      <Filter>Experimental\Scene\Lights</Filter>
    </ShaderSource>
    <ShaderSource Include="Experimental\Scene\Lights\EnvMapLighting.slang">
      <Filter>Experimental\Scene\Lights</Filter>
    </ShaderSource>
    <ShaderSource Include="Experimental\Scene\Volume\VolumeSampler.slang">
      <Filter>Experimental\Scene\Volume</Filter>
    </ShaderSource>
    <ShaderSource Include="Experimental\Scene\Volume\PhaseFunctions.slang">
      <Filter>Experimental\Scene\Volume</Filter>
    </ShaderSource>
    <ShaderSource Include="Experimental\Scene\Volume\VolumeSamplerParams.slang">
      <Filter>Experimental\Scene\Volume</Filter>
    </ShaderSource>
    <ShaderSource Include="Experimental\Scene\Lights\EmissivePowerSampler.slang">
      <Filter>Experimental\Scene\Lights</Filter>
    </ShaderSource>
    <ShaderSource Include="Experimental\Scene\Material\BCSDFConfig.slangh">
      <Filter>Experimental\Scene\Material</Filter>
    </ShaderSource>
    <ShaderSource Include="Experimental\Scene\Material\HairChiang16.slang">
      <Filter>Experimental\Scene\Material</Filter>
    </ShaderSource>
    <ShaderSource Include="Scene\Intersection.slang">
      <Filter>Scene</Filter>
    </ShaderSource>
    <ShaderSource Include="Scene\HitInfoType.slang">
      <Filter>Scene</Filter>
    </ShaderSource>
    <ShaderSource Include="Utils\Sampling\AliasTable.slang">
      <Filter>Utils\Sampling</Filter>
    </ShaderSource>
    <ShaderSource Include="Scene\ScenePrimitiveDefines.slangh">
      <Filter>Scene</Filter>
    </ShaderSource>
    <ShaderSource Include="Scene\Lights\LightCollection.slang">
      <Filter>Scene\Lights</Filter>
    </ShaderSource>
    <ShaderSource Include="Scene\Lights\LightCollectionShared.slang">
      <Filter>Scene\Lights</Filter>
    </ShaderSource>
    <ShaderSource Include="Scene\Lights\MeshLightData.slang">
      <Filter>Scene\Lights</Filter>
    </ShaderSource>
    <ShaderSource Include="Scene\Lights\EnvMap.slang">
      <Filter>Scene\Lights</Filter>
    </ShaderSource>
    <ShaderSource Include="Scene\Lights\EnvMapData.slang">
      <Filter>Scene\Lights</Filter>
    </ShaderSource>
    <ShaderSource Include="Scene\Lights\BuildTriangleList.cs.slang">
      <Filter>Scene\Lights</Filter>
    </ShaderSource>
    <ShaderSource Include="Scene\Lights\FinalizeIntegration.cs.slang">
      <Filter>Scene\Lights</Filter>
    </ShaderSource>
    <ShaderSource Include="Scene\Lights\UpdateTriangleVertices.cs.slang">
      <Filter>Scene\Lights</Filter>
    </ShaderSource>
    <ShaderSource Include="Scene\Material\AlphaTest.slang">
      <Filter>Scene\Material</Filter>
    </ShaderSource>
    <ShaderSource Include="Utils\Sampling\LowDiscrepancy\HammersleySequence.slang">
      <Filter>Utils\Sampling\LowDiscrepancy</Filter>
    </ShaderSource>
    <ShaderSource Include="Utils\Geometry\GeometryHelpers.slang">
      <Filter>Utils\Geometry</Filter>
    </ShaderSource>
    <ShaderSource Include="Utils\Geometry\IntersectionHelpers.slang">
      <Filter>Utils\Geometry</Filter>
    </ShaderSource>
    <ShaderSource Include="Utils\Image\TextureAnalyzer.cs.slang">
      <Filter>Utils\Image</Filter>
    </ShaderSource>
    <ShaderSource Include="Scene\SceneRayQueryInterface.slang">
      <Filter>Scene</Filter>
    </ShaderSource>
    <ShaderSource Include="Scene\Lights\EmissiveIntegrator.3d.slang">
      <Filter>Scene\Lights</Filter>
    </ShaderSource>
    <ShaderSource Include="Utils\NVAPI.slang">
      <Filter>Utils</Filter>
    </ShaderSource>
    <ShaderSource Include="Utils\NVAPI.slangh">
      <Filter>Utils</Filter>
    </ShaderSource>
    <ShaderSource Include="Experimental\Scene\Volume\HomogeneousVolumeSampler.slang">
      <Filter>Experimental\Scene\Volume</Filter>
    </ShaderSource>
    <ShaderSource Include="Utils\Math\Ray.slang">
      <Filter>Utils\Math</Filter>
    </ShaderSource>
    <ShaderSource Include="Experimental\Scene\Material\StandardMaterial.slang">
      <Filter>Experimental\Scene\Material</Filter>
    </ShaderSource>
    <ShaderSource Include="Experimental\Scene\Material\IMaterial.slang">
      <Filter>Experimental\Scene\Material</Filter>
    </ShaderSource>
    <ShaderSource Include="Experimental\Scene\Material\HairMaterial.slang">
      <Filter>Experimental\Scene\Material</Filter>
    </ShaderSource>
    <ShaderSource Include="Scene\Animation\UpdateAABBs.slang">
      <Filter>Scene\Animation</Filter>
    </ShaderSource>
    <ShaderSource Include="Scene\Animation\UpdateVertices.slang">
      <Filter>Scene\Animation</Filter>
    </ShaderSource>
    <ShaderSource Include="Core\API\BlitReduction.slang">
      <Filter>Core\API</Filter>
    </ShaderSource>
    <ShaderSource Include="Experimental\Scene\Material\ClothMaterial.slang">
      <Filter>Experimental\Scene\Material</Filter>
    </ShaderSource>
    <ShaderSource Include="Experimental\Scene\Material\ClothBRDF.slang">
      <Filter>Experimental\Scene\Material</Filter>
    </ShaderSource>
    <ShaderSource Include="Experimental\Scene\Material\IBxDF.slang">
      <Filter>Experimental\Scene\Material</Filter>
    </ShaderSource>
    <ShaderSource Include="Scene\Displacement\DisplacementMapping.slang">
      <Filter>Scene\Displacement</Filter>
    </ShaderSource>
    <ShaderSource Include="Scene\Displacement\DisplacementUpdate.cs.slang">
      <Filter>Scene\Displacement</Filter>
    </ShaderSource>
    <ShaderSource Include="Scene\Displacement\DisplacementUpdateTask.slang">
      <Filter>Scene\Displacement</Filter>
    </ShaderSource>
    <ShaderSource Include="Utils\SDF\SDF2DDraw.slang">
      <Filter>Utils\SDF</Filter>
    </ShaderSource>
    <ShaderSource Include="Utils\SDF\SDF2DPrimitives.slang">
      <Filter>Utils\SDF</Filter>
    </ShaderSource>
    <ShaderSource Include="Utils\SDF\SDFOperations.slang">
      <Filter>Utils\SDF</Filter>
    </ShaderSource>
  </ItemGroup>
</Project>