<?xml version="1.0" encoding="utf-8"?>
<Project ToolsVersion="4.0" xmlns="http://schemas.microsoft.com/developer/msbuild/2003">
  <ItemGroup>
    <ClCompile Include="BSDFViewer.cpp" />
  </ItemGroup>
  <ItemGroup>
    <ClInclude Include="BSDFViewer.h" />
  </ItemGroup>
  <ItemGroup>
    <ShaderSource Include="BSDFViewer.cs.slang" />
    <ShaderSource Include="BSDFViewerParams.slang" />
  </ItemGroup>
</Project>