<?xml version="1.0" encoding="utf-8"?>
<Project ToolsVersion="4.0" xmlns="http://schemas.microsoft.com/developer/msbuild/2003">
  <ItemGroup>
    <Filter Include="Data">
      <UniqueIdentifier>{8f4b49db-cf13-4168-abde-51760776cfd1}</UniqueIdentifier>
    </Filter>
  </ItemGroup>
  <ItemGroup>
    <None Include="Data\toyContainer.hlsl">
      <Filter>Data</Filter>
    </None>
    <None Include="Data\toy.hlsl">
      <Filter>Data</Filter>
    </None>
  </ItemGroup>
  <ItemGroup>
    <ClCompile Include="ShaderToy.cpp" />
  </ItemGroup>
  <ItemGroup>
    <ClInclude Include="ShaderToy.h" />
  </ItemGroup>
</Project>