<?xml version="1.0" encoding="utf-8"?>
<Project ToolsVersion="4.0" xmlns="http://schemas.microsoft.com/developer/msbuild/2003">
  <ItemGroup>
    <ClCompile Include="..\..\..\Source\ProgramReflectionTest.cpp" />
  </ItemGroup>
  <ItemGroup>
    <ClInclude Include="..\..\..\Source\ProgramReflectionTest.h" />
  </ItemGroup>
  <ItemGroup>
    <Filter Include="Data">
      <UniqueIdentifier>{10fc412e-7946-44b5-8d55-626273790b5e}</UniqueIdentifier>
    </Filter>
  </ItemGroup>
  <ItemGroup>
    <None Include="Data\PS.frag">
      <Filter>Data</Filter>
    </None>
    <None Include="Data\VS.vert">
      <Filter>Data</Filter>
    </None>
    <None Include="Data\VS.vs.hlsl">
      <Filter>Data</Filter>
    </None>
    <None Include="Data\PS.ps.hlsl">
      <Filter>Data</Filter>
    </None>
  </ItemGroup>
</Project>