<?xml version="1.0" encoding="utf-8"?>
<Project ToolsVersion="4.0" xmlns="http://schemas.microsoft.com/developer/msbuild/2003">
  <ItemGroup>
    <ClCompile Include="Graphics\Model\AnimationController.cpp">
      <Filter>Graphics\Model</Filter>
    </ClCompile>
    <ClCompile Include="Graphics\Model\Mesh.cpp">
      <Filter>Graphics\Model</Filter>
    </ClCompile>
    <ClCompile Include="Graphics\Model\Model.cpp">
      <Filter>Graphics\Model</Filter>
    </ClCompile>
    <ClCompile Include="Graphics\Model\Animation.cpp">
      <Filter>Graphics\Model</Filter>
    </ClCompile>
    <ClCompile Include="Graphics\FullScreenPass.cpp">
      <Filter>Graphics</Filter>
    </ClCompile>
    <ClCompile Include="Graphics\Light.cpp">
      <Filter>Graphics</Filter>
    </ClCompile>
    <ClCompile Include="Utils\Bitmap.cpp">
      <Filter>Utils</Filter>
    </ClCompile>
    <ClCompile Include="Utils\Font.cpp">
      <Filter>Utils</Filter>
    </ClCompile>
    <ClCompile Include="Utils\Gui.cpp">
      <Filter>Utils</Filter>
    </ClCompile>
    <ClCompile Include="Utils\Logger.cpp">
      <Filter>Utils</Filter>
    </ClCompile>
    <ClCompile Include="Utils\TextRenderer.cpp">
      <Filter>Utils</Filter>
    </ClCompile>
    <ClCompile Include="Utils\Profiler.cpp">
      <Filter>Utils</Filter>
    </ClCompile>
    <ClCompile Include="Graphics\Model\Loaders\AssimpModelImporter.cpp">
      <Filter>Graphics\Model\Loaders</Filter>
    </ClCompile>
    <ClCompile Include="Graphics\Model\Loaders\BinaryModelImporter.cpp">
      <Filter>Graphics\Model\Loaders</Filter>
    </ClCompile>
    <ClCompile Include="Graphics\Model\Loaders\BinaryModelExporter.cpp">
      <Filter>Graphics\Model\Loaders</Filter>
    </ClCompile>
    <ClCompile Include="Graphics\Scene\SceneImporter.cpp">
      <Filter>Graphics\Scene</Filter>
    </ClCompile>
    <ClCompile Include="Graphics\Scene\Scene.cpp">
      <Filter>Graphics\Scene</Filter>
    </ClCompile>
    <ClCompile Include="Graphics\Scene\SceneRenderer.cpp">
      <Filter>Graphics\Scene</Filter>
    </ClCompile>
    <ClCompile Include="Graphics\Model\ModelRenderer.cpp">
      <Filter>Graphics\Model</Filter>
    </ClCompile>
    <ClCompile Include="Graphics\Scene\SceneUtils.cpp">
      <Filter>Graphics\Scene</Filter>
    </ClCompile>
    <ClCompile Include="Graphics\Camera\CameraController.cpp">
      <Filter>Graphics\Camera</Filter>
    </ClCompile>
    <ClCompile Include="Graphics\Camera\Camera.cpp">
      <Filter>Graphics\Camera</Filter>
    </ClCompile>
    <ClCompile Include="Graphics\Scene\SceneExporter.cpp">
      <Filter>Graphics\Scene</Filter>
    </ClCompile>
    <ClCompile Include="Graphics\Paths\ObjectPath.cpp">
      <Filter>Graphics\Paths</Filter>
    </ClCompile>
    <ClCompile Include="Graphics\Paths\PathEditor.cpp">
      <Filter>Graphics\Paths</Filter>
    </ClCompile>
    <ClCompile Include="Graphics\Material\Material.cpp">
      <Filter>Graphics\Material</Filter>
    </ClCompile>
    <ClCompile Include="Graphics\Material\MaterialEditor.cpp">
      <Filter>Graphics\Material</Filter>
    </ClCompile>
    <ClCompile Include="Utils\Video\VideoDecoder.cpp">
      <Filter>Utils\Video</Filter>
    </ClCompile>
    <ClCompile Include="Utils\Video\VideoEncoder.cpp">
      <Filter>Utils\Video</Filter>
    </ClCompile>
    <ClCompile Include="Utils\Video\VideoEncoderUI.cpp">
      <Filter>Utils\Video</Filter>
    </ClCompile>
    <ClCompile Include="Graphics\FboHelper.cpp">
      <Filter>Graphics</Filter>
    </ClCompile>
    <ClCompile Include="Graphics\TextureHelper.cpp">
      <Filter>Graphics</Filter>
    </ClCompile>
    <ClCompile Include="Graphics\Model\Loaders\SimpleModelImporter.cpp">
      <Filter>Graphics\Model\Loaders</Filter>
    </ClCompile>
    <ClCompile Include="VR\OpenVR\VRController.cpp">
      <Filter>VR\OpenVR</Filter>
    </ClCompile>
    <ClCompile Include="VR\OpenVR\VRDisplay.cpp">
      <Filter>VR\OpenVR</Filter>
    </ClCompile>
    <ClCompile Include="VR\OpenVR\VRPlayArea.cpp">
      <Filter>VR\OpenVR</Filter>
    </ClCompile>
    <ClCompile Include="VR\OpenVR\VRSystem.cpp">
      <Filter>VR\OpenVR</Filter>
    </ClCompile>
    <ClCompile Include="VR\OpenVR\VRTrackerBox.cpp">
      <Filter>VR\OpenVR</Filter>
    </ClCompile>
    <ClCompile Include="Utils\Math\ParallelReduction.cpp">
      <Filter>Utils\Math</Filter>
    </ClCompile>
    <ClCompile Include="Utils\Psychophysics\Experiment.cpp">
      <Filter>Utils\Psychophysics</Filter>
    </ClCompile>
    <ClCompile Include="Utils\Psychophysics\SingleThresholdMeasurement.cpp">
      <Filter>Utils\Psychophysics</Filter>
    </ClCompile>
    <ClCompile Include="Utils\MonitorInfo.cpp">
      <Filter>Utils</Filter>
    </ClCompile>
    <ClCompile Include="Graphics\Material\BasicMaterial.cpp">
      <Filter>Graphics\Material</Filter>
    </ClCompile>
    <ClCompile Include="Graphics\Material\MaterialSystem.cpp">
      <Filter>Graphics\Material</Filter>
    </ClCompile>
    <ClCompile Include="Effects\NormalMap\LeanMap.cpp">
      <Filter>Effects\NormalMap</Filter>
    </ClCompile>
    <ClCompile Include="Effects\Shadows\CSM.cpp">
      <Filter>Effects\Shadows</Filter>
    </ClCompile>
    <ClCompile Include="Effects\Utils\GaussianBlur.cpp">
      <Filter>Effects\Utils</Filter>
    </ClCompile>
    <ClCompile Include="Effects\SkyBox\SkyBox.cpp">
      <Filter>Effects\SkyBox</Filter>
    </ClCompile>
    <ClCompile Include="Effects\ToneMapping\ToneMapping.cpp">
      <Filter>Effects\ToneMapping</Filter>
    </ClCompile>
    <ClCompile Include="Graphics\Model\Loaders\BinaryImage.cpp">
      <Filter>Graphics\Model\Loaders</Filter>
    </ClCompile>
    <ClCompile Include="VR\VrFbo.cpp">
      <Filter>VR</Filter>
    </ClCompile>
    <ClCompile Include="API\RenderContext.cpp">
      <Filter>API</Filter>
    </ClCompile>
    <ClCompile Include="API\Sampler.cpp">
      <Filter>API</Filter>
    </ClCompile>
    <ClCompile Include="API\Texture.cpp">
      <Filter>API</Filter>
    </ClCompile>
    <ClCompile Include="API\VAO.cpp">
      <Filter>API</Filter>
    </ClCompile>
    <ClCompile Include="API\BlendState.cpp">
      <Filter>API</Filter>
    </ClCompile>
    <ClCompile Include="API\DepthStencilState.cpp">
      <Filter>API</Filter>
    </ClCompile>
    <ClCompile Include="API\FBO.cpp">
      <Filter>API</Filter>
    </ClCompile>
    <ClCompile Include="API\Formats.cpp">
      <Filter>API</Filter>
    </ClCompile>
    <ClCompile Include="API\LowLevel\RootSignature.cpp">
      <Filter>API\LowLevel</Filter>
    </ClCompile>
    <ClCompile Include="API\ConstantBuffer.cpp">
      <Filter>API</Filter>
    </ClCompile>
    <ClCompile Include="..\Externals\dear_imgui\imgui.cpp">
      <Filter>Externals\dear_imgui</Filter>
    </ClCompile>
    <ClCompile Include="..\Externals\dear_imgui\imgui_demo.cpp">
      <Filter>Externals\dear_imgui</Filter>
    </ClCompile>
    <ClCompile Include="..\Externals\dear_imgui\imgui_draw.cpp">
      <Filter>Externals\dear_imgui</Filter>
    </ClCompile>
    <ClCompile Include="..\Externals\GLM\glm\detail\glm.cpp">
      <Filter>Externals\GLM\detail</Filter>
    </ClCompile>
    <ClCompile Include="..\Externals\GLM\glm\detail\dummy.cpp">
      <Filter>Externals\GLM\detail</Filter>
    </ClCompile>
    <ClCompile Include="Sample.cpp" />
    <ClCompile Include="API\Resource.cpp">
      <Filter>API</Filter>
    </ClCompile>
    <ClCompile Include="API\TypedBuffer.cpp">
      <Filter>API</Filter>
    </ClCompile>
    <ClCompile Include="API\StructuredBuffer.cpp">
      <Filter>API</Filter>
    </ClCompile>
    <ClCompile Include="API\VariablesBuffer.cpp">
      <Filter>API</Filter>
    </ClCompile>
    <ClCompile Include="API\ComputeStateObject.cpp">
      <Filter>API</Filter>
    </ClCompile>
    <ClCompile Include="Graphics\ComputeState.cpp">
      <Filter>Graphics</Filter>
    </ClCompile>
    <ClCompile Include="Graphics\GraphicsState.cpp">
      <Filter>Graphics</Filter>
    </ClCompile>
    <ClCompile Include="API\GraphicsStateObject.cpp">
      <Filter>API</Filter>
    </ClCompile>
    <ClCompile Include="Graphics\Model\Loaders\ModelImporter.cpp">
      <Filter>Graphics\Model\Loaders</Filter>
    </ClCompile>
    <ClCompile Include="ArgList.cpp">
      <Filter>Utils</Filter>
    </ClCompile>
    <ClCompile Include="SampleTest.cpp" />
    <ClCompile Include="Utils\Picking\Picking.cpp">
      <Filter>Utils\Picking</Filter>
    </ClCompile>
    <ClCompile Include="Graphics\Scene\Editor\SceneEditor.cpp">
      <Filter>Graphics\Scene\Editor</Filter>
    </ClCompile>
    <ClCompile Include="Graphics\Scene\Editor\Gizmo.cpp">
      <Filter>Graphics\Scene\Editor</Filter>
    </ClCompile>
    <ClCompile Include="Graphics\Scene\Editor\SceneEditorRenderer.cpp">
      <Filter>Graphics\Scene\Editor</Filter>
    </ClCompile>
    <ClCompile Include="Utils\DebugDrawer.cpp">
      <Filter>Utils</Filter>
    </ClCompile>
    <ClCompile Include="Graphics\Material\MaterialHistory.cpp">
      <Filter>Graphics\Material</Filter>
    </ClCompile>
    <ClCompile Include="Effects\AmbientOcclusion\SSAO.cpp">
      <Filter>Effects\AmbientOcclusion</Filter>
    </ClCompile>
    <ClCompile Include="Utils\PixelZoom.cpp">
      <Filter>Utils</Filter>
    </ClCompile>
    <ClCompile Include="Effects\ParticleSystem\ParticleSystem.cpp">
      <Filter>Effects\ParticleSystem</Filter>
    </ClCompile>
    <ClCompile Include="API\DescriptorSet.cpp">
      <Filter>API</Filter>
    </ClCompile>
    <ClCompile Include="API\LowLevel\DescriptorPool.cpp">
      <Filter>API\LowLevel</Filter>
    </ClCompile>
    <ClCompile Include="API\vulkan\VKDevice.cpp">
      <Filter>API\Vulkan</Filter>
    </ClCompile>
    <ClCompile Include="API\vulkan\VKRenderContext.cpp">
      <Filter>API\Vulkan</Filter>
    </ClCompile>
    <ClCompile Include="API\vulkan\VKBuffer.cpp">
      <Filter>API\Vulkan</Filter>
    </ClCompile>
    <ClCompile Include="API\Vulkan\VKTexture.cpp">
      <Filter>API\Vulkan</Filter>
    </ClCompile>
    <ClCompile Include="API\Vulkan\VKFormats.cpp">
      <Filter>API\Vulkan</Filter>
    </ClCompile>
    <ClCompile Include="API\Vulkan\VKResourceViews.cpp">
      <Filter>API\Vulkan</Filter>
    </ClCompile>
    <ClCompile Include="API\Vulkan\VKShader.cpp">
      <Filter>API\Vulkan</Filter>
    </ClCompile>
    <ClCompile Include="API\Vulkan\VKFbo.cpp">
      <Filter>API\Vulkan</Filter>
    </ClCompile>
    <ClCompile Include="API\Vulkan\VKCopyContext.cpp">
      <Filter>API\Vulkan</Filter>
    </ClCompile>
    <ClCompile Include="API\Vulkan\VKGpuTimer.cpp">
      <Filter>API\Vulkan</Filter>
    </ClCompile>
    <ClCompile Include="API\Vulkan\VKComputeContext.cpp">
      <Filter>API\Vulkan</Filter>
    </ClCompile>
    <ClCompile Include="API\Vulkan\LowLevel\VKGpuFence.cpp">
      <Filter>API\Vulkan\LowLevel</Filter>
    </ClCompile>
    <ClCompile Include="API\Vulkan\LowLevel\VKLowLevelContextData.cpp">
      <Filter>API\Vulkan\LowLevel</Filter>
    </ClCompile>
    <ClCompile Include="API\Vulkan\LowLevel\VKRootSignature.cpp">
      <Filter>API\Vulkan\LowLevel</Filter>
    </ClCompile>
    <ClCompile Include="API\Vulkan\VKRasterizerState.cpp">
      <Filter>API\Vulkan</Filter>
    </ClCompile>
    <ClCompile Include="API\Vulkan\VKProgramVersion.cpp">
      <Filter>API\Vulkan</Filter>
    </ClCompile>
    <ClCompile Include="API\Vulkan\VKVao.cpp">
      <Filter>API\Vulkan</Filter>
    </ClCompile>
    <ClCompile Include="API\Vulkan\VKSampler.cpp">
      <Filter>API\Vulkan</Filter>
    </ClCompile>
    <ClCompile Include="API\Vulkan\VKGraphicsStateObject.cpp">
      <Filter>API\Vulkan</Filter>
    </ClCompile>
    <ClCompile Include="API\Vulkan\LowLevel\VKResourceAllocator.cpp">
      <Filter>API\Vulkan\LowLevel</Filter>
    </ClCompile>
    <ClCompile Include="API\Vulkan\LowLevel\VKDescriptorPool.cpp">
      <Filter>API\Vulkan\LowLevel</Filter>
    </ClCompile>
    <ClCompile Include="API\Vulkan\VKState.cpp">
      <Filter>API\Vulkan</Filter>
    </ClCompile>
    <ClCompile Include="API\Vulkan\LowLevel\VKDescriptorSet.cpp">
      <Filter>API\Vulkan\LowLevel</Filter>
    </ClCompile>
    <ClCompile Include="API\Buffer.cpp">
      <Filter>API</Filter>
    </ClCompile>
    <ClCompile Include="API\Vulkan\VkSmartHandle.cpp">
      <Filter>API\Vulkan</Filter>
    </ClCompile>
    <ClCompile Include="API\ComputeContext.cpp">
      <Filter>API</Filter>
    </ClCompile>
    <ClCompile Include="API\CopyContext.cpp">
      <Filter>API</Filter>
    </ClCompile>
    <ClCompile Include="API\Device.cpp">
      <Filter>API</Filter>
    </ClCompile>
    <ClCompile Include="API\GpuTimer.cpp">
      <Filter>API</Filter>
    </ClCompile>
    <ClCompile Include="API\LowLevel\ResourceAllocator.cpp">
      <Filter>API</Filter>
    </ClCompile>
    <ClCompile Include="API\ResourceViews.cpp">
      <Filter>API</Filter>
    </ClCompile>
    <ClCompile Include="API\Vulkan\VKComputeStateObject.cpp">
      <Filter>API\Vulkan</Filter>
    </ClCompile>
    <ClCompile Include="API\Vulkan\VkQueryHeap.cpp">
      <Filter>API\Vulkan</Filter>
    </ClCompile>
    <ClCompile Include="Effects\TAA\TAA.cpp">
      <Filter>Effects\TAA</Filter>
    </ClCompile>
    <ClCompile Include="MultiRendererSample.cpp" />
    <ClCompile Include="Utils\PythonEmbedding.cpp">
      <Filter>Utils</Filter>
    </ClCompile>
    <ClCompile Include="API\Window.cpp">
      <Filter>API</Filter>
    </ClCompile>
    <ClCompile Include="Graphics\Program\ParameterBlock.cpp">
      <Filter>Graphics\Program</Filter>
    </ClCompile>
    <ClCompile Include="Graphics\Program\Program.cpp">
      <Filter>Graphics\Program</Filter>
    </ClCompile>
    <ClCompile Include="Graphics\Program\ProgramReflection.cpp">
      <Filter>Graphics\Program</Filter>
    </ClCompile>
    <ClCompile Include="Graphics\Program\ProgramVars.cpp">
      <Filter>Graphics\Program</Filter>
    </ClCompile>
    <ClCompile Include="Graphics\Program\ProgramVersion.cpp">
      <Filter>Graphics\Program</Filter>
    </ClCompile>
    <ClCompile Include="Graphics\Program\ComputeProgram.cpp">
      <Filter>Graphics\Program</Filter>
    </ClCompile>
    <ClCompile Include="Graphics\Program\GraphicsProgram.cpp">
      <Filter>Graphics\Program</Filter>
    </ClCompile>
    <ClCompile Include="Utils\Platform\Linux\Linux.cpp">
      <Filter>Utils\Platform\Linux</Filter>
    </ClCompile>
    <ClCompile Include="Utils\Platform\Windows\Windows.cpp">
      <Filter>Utils\Platform\Windows</Filter>
    </ClCompile>
    <ClCompile Include="Utils\Platform\Windows\ProgressBarWin.cpp">
      <Filter>Utils\Platform\Windows</Filter>
    </ClCompile>
    <ClCompile Include="Utils\Platform\Linux\ProgressBarLinux.cpp">
      <Filter>Utils\Platform\Linux</Filter>
    </ClCompile>
    <ClCompile Include="Utils\Platform\OS.cpp">
      <Filter>Utils\Platform</Filter>
    </ClCompile>
    <ClCompile Include="Utils\DXHeader.cpp">
      <Filter>Utils</Filter>
    </ClCompile>
    <ClCompile Include="Utils\Platform\ProgressBar.cpp">
      <Filter>Utils\Platform</Filter>
    </ClCompile>
    <ClCompile Include="API\D3D12\D3D12Buffer.cpp">
      <Filter>API\D3D12</Filter>
    </ClCompile>
    <ClCompile Include="API\D3D12\D3D12ComputeContext.cpp">
      <Filter>API\D3D12</Filter>
    </ClCompile>
    <ClCompile Include="API\D3D12\D3D12ComputeStateObject.cpp">
      <Filter>API\D3D12</Filter>
    </ClCompile>
    <ClCompile Include="API\D3D12\D3D12CopyContext.cpp">
      <Filter>API\D3D12</Filter>
    </ClCompile>
    <ClCompile Include="API\D3D12\D3D12Device.cpp">
      <Filter>API\D3D12</Filter>
    </ClCompile>
    <ClCompile Include="API\D3D12\D3D12Fbo.cpp">
      <Filter>API\D3D12</Filter>
    </ClCompile>
    <ClCompile Include="API\D3D12\D3D12GpuTimer.cpp">
      <Filter>API\D3D12</Filter>
    </ClCompile>
    <ClCompile Include="API\D3D12\D3D12GraphicsStateObject.cpp">
      <Filter>API\D3D12</Filter>
    </ClCompile>
    <ClCompile Include="API\D3D12\D3D12QueryHeap.cpp">
      <Filter>API\D3D12</Filter>
    </ClCompile>
    <ClCompile Include="API\D3D12\D3D12RasterizerState.cpp">
      <Filter>API\D3D12</Filter>
    </ClCompile>
    <ClCompile Include="API\D3D12\D3D12RenderContext.cpp">
      <Filter>API\D3D12</Filter>
    </ClCompile>
    <ClCompile Include="API\D3D12\D3D12Resource.cpp">
      <Filter>API\D3D12</Filter>
    </ClCompile>
    <ClCompile Include="API\D3D12\D3D12ResourceViews.cpp">
      <Filter>API\D3D12</Filter>
    </ClCompile>
    <ClCompile Include="API\D3D12\D3D12Sampler.cpp">
      <Filter>API\D3D12</Filter>
    </ClCompile>
    <ClCompile Include="API\D3D12\D3D12State.cpp">
      <Filter>API\D3D12</Filter>
    </ClCompile>
    <ClCompile Include="API\D3D12\D3D12Texture.cpp">
      <Filter>API\D3D12</Filter>
    </ClCompile>
    <ClCompile Include="API\D3D12\D3D12Vao.cpp">
      <Filter>API\D3D12</Filter>
    </ClCompile>
    <ClCompile Include="API\D3D12\D3DFormats.cpp">
      <Filter>API\D3D12</Filter>
    </ClCompile>
    <ClCompile Include="API\D3D12\D3DProgramVersion.cpp">
      <Filter>API\D3D12</Filter>
    </ClCompile>
    <ClCompile Include="API\D3D12\D3DShader.cpp">
      <Filter>API\D3D12</Filter>
    </ClCompile>
    <ClCompile Include="API\D3D12\LowLevel\D3D12DescriptorSet.cpp">
      <Filter>API\D3D12\LowLevel</Filter>
    </ClCompile>
    <ClCompile Include="API\D3D12\LowLevel\D3D12GpuFence.cpp">
      <Filter>API\D3D12\LowLevel</Filter>
    </ClCompile>
    <ClCompile Include="API\D3D12\LowLevel\D3D12LowLevelContextData.cpp">
      <Filter>API\D3D12\LowLevel</Filter>
    </ClCompile>
    <ClCompile Include="API\D3D12\LowLevel\D3D12ResourceAllocator.cpp">
      <Filter>API\D3D12\LowLevel</Filter>
    </ClCompile>
    <ClCompile Include="API\D3D12\LowLevel\D3D12RootSignature.cpp">
      <Filter>API\D3D12\LowLevel</Filter>
    </ClCompile>
    <ClCompile Include="API\D3D12\LowLevel\D3D12DescriptorHeap.cpp">
      <Filter>API\D3D12\LowLevel</Filter>
    </ClCompile>
    <ClCompile Include="API\D3D12\LowLevel\D3D12DescriptorPool.cpp">
      <Filter>API\D3D12\LowLevel</Filter>
    </ClCompile>
  </ItemGroup>
  <ItemGroup>
    <ClInclude Include="Graphics\Model\Animation.h">
      <Filter>Graphics\Model</Filter>
    </ClInclude>
    <ClInclude Include="Graphics\Model\AnimationController.h">
      <Filter>Graphics\Model</Filter>
    </ClInclude>
    <ClInclude Include="Graphics\Model\Mesh.h">
      <Filter>Graphics\Model</Filter>
    </ClInclude>
    <ClInclude Include="Graphics\Model\Model.h">
      <Filter>Graphics\Model</Filter>
    </ClInclude>
    <ClInclude Include="Graphics\FullScreenPass.h">
      <Filter>Graphics</Filter>
    </ClInclude>
    <ClInclude Include="Graphics\Light.h">
      <Filter>Graphics</Filter>
    </ClInclude>
    <ClInclude Include="Utils\Bitmap.h">
      <Filter>Utils</Filter>
    </ClInclude>
    <ClInclude Include="Utils\Font.h">
      <Filter>Utils</Filter>
    </ClInclude>
    <ClInclude Include="Utils\Gui.h">
      <Filter>Utils</Filter>
    </ClInclude>
    <ClInclude Include="Utils\Logger.h">
      <Filter>Utils</Filter>
    </ClInclude>
    <ClInclude Include="Utils\TextRenderer.h">
      <Filter>Utils</Filter>
    </ClInclude>
    <ClInclude Include="Utils\UserInput.h">
      <Filter>Utils</Filter>
    </ClInclude>
    <ClInclude Include="Utils\FrameRate.h">
      <Filter>Utils</Filter>
    </ClInclude>
    <ClInclude Include="Utils\CpuTimer.h">
      <Filter>Utils</Filter>
    </ClInclude>
    <ClInclude Include="Utils\Profiler.h">
      <Filter>Utils</Filter>
    </ClInclude>
    <ClInclude Include="Data\VertexAttrib.h">
      <Filter>Data</Filter>
    </ClInclude>
    <ClInclude Include="Utils\BinaryFileStream.h">
      <Filter>Utils</Filter>
    </ClInclude>
    <ClInclude Include="Utils\AABB.h">
      <Filter>Utils</Filter>
    </ClInclude>
    <ClInclude Include="Utils\StringUtils.h">
      <Filter>Utils</Filter>
    </ClInclude>
    <ClInclude Include="Graphics\Model\Loaders\AssimpModelImporter.h">
      <Filter>Graphics\Model\Loaders</Filter>
    </ClInclude>
    <ClInclude Include="Graphics\Model\Loaders\BinaryModelImporter.h">
      <Filter>Graphics\Model\Loaders</Filter>
    </ClInclude>
    <ClInclude Include="Graphics\Model\Loaders\BinaryModelExporter.h">
      <Filter>Graphics\Model\Loaders</Filter>
    </ClInclude>
    <ClInclude Include="Graphics\Model\Loaders\BinaryModelSpec.h">
      <Filter>Graphics\Model\Loaders</Filter>
    </ClInclude>
    <ClInclude Include="Graphics\Scene\SceneImporter.h">
      <Filter>Graphics\Scene</Filter>
    </ClInclude>
    <ClInclude Include="Graphics\Scene\Scene.h">
      <Filter>Graphics\Scene</Filter>
    </ClInclude>
    <ClInclude Include="Graphics\Scene\SceneRenderer.h">
      <Filter>Graphics\Scene</Filter>
    </ClInclude>
    <ClInclude Include="Graphics\Model\ModelRenderer.h">
      <Filter>Graphics\Model</Filter>
    </ClInclude>
    <ClInclude Include="Graphics\Scene\SceneUtils.h">
      <Filter>Graphics\Scene</Filter>
    </ClInclude>
    <ClInclude Include="Graphics\Camera\Camera.h">
      <Filter>Graphics\Camera</Filter>
    </ClInclude>
    <ClInclude Include="Graphics\Camera\CameraController.h">
      <Filter>Graphics\Camera</Filter>
    </ClInclude>
    <ClInclude Include="Utils\Math\CubicSpline.h">
      <Filter>Utils\Math</Filter>
    </ClInclude>
    <ClInclude Include="Utils\Math\FalcorMath.h">
      <Filter>Utils\Math</Filter>
    </ClInclude>
    <ClInclude Include="Graphics\Scene\SceneExporter.h">
      <Filter>Graphics\Scene</Filter>
    </ClInclude>
    <ClInclude Include="Graphics\Scene\SceneExportImportCommon.h">
      <Filter>Graphics\Scene</Filter>
    </ClInclude>
    <ClInclude Include="Data\HostDeviceData.h">
      <Filter>Data</Filter>
    </ClInclude>
    <ClInclude Include="Graphics\Paths\MovableObject.h">
      <Filter>Graphics\Paths</Filter>
    </ClInclude>
    <ClInclude Include="Graphics\Paths\ObjectPath.h">
      <Filter>Graphics\Paths</Filter>
    </ClInclude>
    <ClInclude Include="Graphics\Paths\PathEditor.h">
      <Filter>Graphics\Paths</Filter>
    </ClInclude>
    <ClInclude Include="Data\HlslGlslCommon.h">
      <Filter>Data</Filter>
    </ClInclude>
    <ClInclude Include="Graphics\Material\Material.h">
      <Filter>Graphics\Material</Filter>
    </ClInclude>
    <ClInclude Include="Graphics\Material\MaterialEditor.h">
      <Filter>Graphics\Material</Filter>
    </ClInclude>
    <ClInclude Include="Utils\Video\VideoDecoder.h">
      <Filter>Utils\Video</Filter>
    </ClInclude>
    <ClInclude Include="Utils\Video\VideoEncoder.h">
      <Filter>Utils\Video</Filter>
    </ClInclude>
    <ClInclude Include="Utils\Video\VideoEncoderUI.h">
      <Filter>Utils\Video</Filter>
    </ClInclude>
    <ClInclude Include="Graphics\FboHelper.h">
      <Filter>Graphics</Filter>
    </ClInclude>
    <ClInclude Include="Graphics\TextureHelper.h">
      <Filter>Graphics</Filter>
    </ClInclude>
    <ClInclude Include="Graphics\Model\Loaders\SimpleModelImporter.h">
      <Filter>Graphics\Model\Loaders</Filter>
    </ClInclude>
    <ClInclude Include="VR\OpenVR\VRController.h">
      <Filter>VR\OpenVR</Filter>
    </ClInclude>
    <ClInclude Include="VR\OpenVR\VRDisplay.h">
      <Filter>VR\OpenVR</Filter>
    </ClInclude>
    <ClInclude Include="VR\OpenVR\VRPlayArea.h">
      <Filter>VR\OpenVR</Filter>
    </ClInclude>
    <ClInclude Include="VR\OpenVR\VRSystem.h">
      <Filter>VR\OpenVR</Filter>
    </ClInclude>
    <ClInclude Include="VR\OpenVR\VRTrackerBox.h">
      <Filter>VR\OpenVR</Filter>
    </ClInclude>
    <ClInclude Include="Utils\Math\ParallelReduction.h">
      <Filter>Utils\Math</Filter>
    </ClInclude>
    <ClInclude Include="Utils\Psychophysics\Experiment.h">
      <Filter>Utils\Psychophysics</Filter>
    </ClInclude>
    <ClInclude Include="Utils\Psychophysics\SingleThresholdMeasurement.h">
      <Filter>Utils\Psychophysics</Filter>
    </ClInclude>
    <ClInclude Include="Utils\MonitorInfo.h">
      <Filter>Utils</Filter>
    </ClInclude>
    <ClInclude Include="Graphics\Material\BasicMaterial.h">
      <Filter>Graphics\Material</Filter>
    </ClInclude>
    <ClInclude Include="Graphics\Material\MaterialSystem.h">
      <Filter>Graphics\Material</Filter>
    </ClInclude>
    <ClInclude Include="Effects\NormalMap\LeanMap.h">
      <Filter>Effects\NormalMap</Filter>
    </ClInclude>
    <ClInclude Include="Effects\Shadows\CSM.h">
      <Filter>Effects\Shadows</Filter>
    </ClInclude>
    <ClInclude Include="Effects\Utils\GaussianBlur.h">
      <Filter>Effects\Utils</Filter>
    </ClInclude>
    <ClInclude Include="Effects\SkyBox\SkyBox.h">
      <Filter>Effects\SkyBox</Filter>
    </ClInclude>
    <ClInclude Include="Effects\ToneMapping\ToneMapping.h">
      <Filter>Effects\ToneMapping</Filter>
    </ClInclude>
    <ClInclude Include="Graphics\Model\Loaders\BinaryImage.hpp">
      <Filter>Graphics\Model\Loaders</Filter>
    </ClInclude>
    <ClInclude Include="VR\VrFbo.h">
      <Filter>VR</Filter>
    </ClInclude>
    <ClInclude Include="API\RasterizerState.h">
      <Filter>API</Filter>
    </ClInclude>
    <ClInclude Include="API\RenderContext.h">
      <Filter>API</Filter>
    </ClInclude>
    <ClInclude Include="API\Sampler.h">
      <Filter>API</Filter>
    </ClInclude>
    <ClInclude Include="API\Shader.h">
      <Filter>API</Filter>
    </ClInclude>
    <ClInclude Include="API\Texture.h">
      <Filter>API</Filter>
    </ClInclude>
    <ClInclude Include="API\VAO.h">
      <Filter>API</Filter>
    </ClInclude>
    <ClInclude Include="API\VertexLayout.h">
      <Filter>API</Filter>
    </ClInclude>
    <ClInclude Include="API\Window.h">
      <Filter>API</Filter>
    </ClInclude>
    <ClInclude Include="API\BlendState.h">
      <Filter>API</Filter>
    </ClInclude>
    <ClInclude Include="API\Buffer.h">
      <Filter>API</Filter>
    </ClInclude>
    <ClInclude Include="API\DepthStencilState.h">
      <Filter>API</Filter>
    </ClInclude>
    <ClInclude Include="API\Device.h">
      <Filter>API</Filter>
    </ClInclude>
    <ClInclude Include="API\FBO.h">
      <Filter>API</Filter>
    </ClInclude>
    <ClInclude Include="API\Formats.h">
      <Filter>API</Filter>
    </ClInclude>
    <ClInclude Include="API\GpuTimer.h">
      <Filter>API</Filter>
    </ClInclude>
    <ClInclude Include="API\LowLevel\FencedPool.h">
      <Filter>API\LowLevel</Filter>
    </ClInclude>
    <ClInclude Include="API\LowLevel\GpuFence.h">
      <Filter>API\LowLevel</Filter>
    </ClInclude>
    <ClInclude Include="API\LowLevel\RootSignature.h">
      <Filter>API\LowLevel</Filter>
    </ClInclude>
    <ClInclude Include="Utils\DDSHeader.h">
      <Filter>Utils</Filter>
    </ClInclude>
    <ClInclude Include="API\ConstantBuffer.h">
      <Filter>API</Filter>
    </ClInclude>
    <ClInclude Include="API\LowLevel\ResourceAllocator.h">
      <Filter>API\LowLevel</Filter>
    </ClInclude>
    <ClInclude Include="..\Externals\dear_imgui\imconfig.h">
      <Filter>Externals\dear_imgui</Filter>
    </ClInclude>
    <ClInclude Include="..\Externals\dear_imgui\imgui.h">
      <Filter>Externals\dear_imgui</Filter>
    </ClInclude>
    <ClInclude Include="..\Externals\dear_imgui\imgui_internal.h">
      <Filter>Externals\dear_imgui</Filter>
    </ClInclude>
    <ClInclude Include="..\Externals\dear_imgui\stb_rect_pack.h">
      <Filter>Externals\dear_imgui</Filter>
    </ClInclude>
    <ClInclude Include="..\Externals\dear_imgui\stb_textedit.h">
      <Filter>Externals\dear_imgui</Filter>
    </ClInclude>
    <ClInclude Include="..\Externals\dear_imgui\stb_truetype.h">
      <Filter>Externals\dear_imgui</Filter>
    </ClInclude>
    <ClInclude Include="..\Externals\FFMpeg\include\libavcodec\avcodec.h">
      <Filter>Externals\FFMpeg\libavcodec</Filter>
    </ClInclude>
    <ClInclude Include="..\Externals\FFMpeg\include\libavcodec\avfft.h">
      <Filter>Externals\FFMpeg\libavcodec</Filter>
    </ClInclude>
    <ClInclude Include="..\Externals\FFMpeg\include\libavcodec\dv_profile.h">
      <Filter>Externals\FFMpeg\libavcodec</Filter>
    </ClInclude>
    <ClInclude Include="..\Externals\FFMpeg\include\libavcodec\dxva2.h">
      <Filter>Externals\FFMpeg\libavcodec</Filter>
    </ClInclude>
    <ClInclude Include="..\Externals\FFMpeg\include\libavcodec\old_codec_ids.h">
      <Filter>Externals\FFMpeg\libavcodec</Filter>
    </ClInclude>
    <ClInclude Include="..\Externals\FFMpeg\include\libavcodec\qsv.h">
      <Filter>Externals\FFMpeg\libavcodec</Filter>
    </ClInclude>
    <ClInclude Include="..\Externals\FFMpeg\include\libavcodec\vaapi.h">
      <Filter>Externals\FFMpeg\libavcodec</Filter>
    </ClInclude>
    <ClInclude Include="..\Externals\FFMpeg\include\libavcodec\vda.h">
      <Filter>Externals\FFMpeg\libavcodec</Filter>
    </ClInclude>
    <ClInclude Include="..\Externals\FFMpeg\include\libavcodec\vdpau.h">
      <Filter>Externals\FFMpeg\libavcodec</Filter>
    </ClInclude>
    <ClInclude Include="..\Externals\FFMpeg\include\libavcodec\version.h">
      <Filter>Externals\FFMpeg\libavcodec</Filter>
    </ClInclude>
    <ClInclude Include="..\Externals\FFMpeg\include\libavcodec\vorbis_parser.h">
      <Filter>Externals\FFMpeg\libavcodec</Filter>
    </ClInclude>
    <ClInclude Include="..\Externals\FFMpeg\include\libavcodec\xvmc.h">
      <Filter>Externals\FFMpeg\libavcodec</Filter>
    </ClInclude>
    <ClInclude Include="..\Externals\FFMpeg\include\libavdevice\avdevice.h">
      <Filter>Externals\FFMpeg\libavdevice</Filter>
    </ClInclude>
    <ClInclude Include="..\Externals\FFMpeg\include\libavdevice\version.h">
      <Filter>Externals\FFMpeg\libavdevice</Filter>
    </ClInclude>
    <ClInclude Include="..\Externals\FFMpeg\include\libavfilter\avfilter.h">
      <Filter>Externals\FFMpeg\libavfilter</Filter>
    </ClInclude>
    <ClInclude Include="..\Externals\FFMpeg\include\libavfilter\avfiltergraph.h">
      <Filter>Externals\FFMpeg\libavfilter</Filter>
    </ClInclude>
    <ClInclude Include="..\Externals\FFMpeg\include\libavfilter\buffersink.h">
      <Filter>Externals\FFMpeg\libavfilter</Filter>
    </ClInclude>
    <ClInclude Include="..\Externals\FFMpeg\include\libavfilter\buffersrc.h">
      <Filter>Externals\FFMpeg\libavfilter</Filter>
    </ClInclude>
    <ClInclude Include="..\Externals\FFMpeg\include\libavfilter\version.h">
      <Filter>Externals\FFMpeg\libavfilter</Filter>
    </ClInclude>
    <ClInclude Include="..\Externals\FFMpeg\include\libavfilter\asrc_abuffer.h">
      <Filter>Externals\FFMpeg\libavfilter</Filter>
    </ClInclude>
    <ClInclude Include="..\Externals\FFMpeg\include\libavfilter\avcodec.h">
      <Filter>Externals\FFMpeg\libavfilter</Filter>
    </ClInclude>
    <ClInclude Include="..\Externals\FFMpeg\include\libavformat\version.h">
      <Filter>Externals\FFMpeg\libavformat</Filter>
    </ClInclude>
    <ClInclude Include="..\Externals\FFMpeg\include\libavformat\avformat.h">
      <Filter>Externals\FFMpeg\libavformat</Filter>
    </ClInclude>
    <ClInclude Include="..\Externals\FFMpeg\include\libavformat\avio.h">
      <Filter>Externals\FFMpeg\libavformat</Filter>
    </ClInclude>
    <ClInclude Include="..\Externals\FFMpeg\include\libavutil\avconfig.h">
      <Filter>Externals\FFMpeg\libavutil</Filter>
    </ClInclude>
    <ClInclude Include="..\Externals\FFMpeg\include\libavutil\avstring.h">
      <Filter>Externals\FFMpeg\libavutil</Filter>
    </ClInclude>
    <ClInclude Include="..\Externals\FFMpeg\include\libavutil\avutil.h">
      <Filter>Externals\FFMpeg\libavutil</Filter>
    </ClInclude>
    <ClInclude Include="..\Externals\FFMpeg\include\libavutil\base64.h">
      <Filter>Externals\FFMpeg\libavutil</Filter>
    </ClInclude>
    <ClInclude Include="..\Externals\FFMpeg\include\libavutil\blowfish.h">
      <Filter>Externals\FFMpeg\libavutil</Filter>
    </ClInclude>
    <ClInclude Include="..\Externals\FFMpeg\include\libavutil\bprint.h">
      <Filter>Externals\FFMpeg\libavutil</Filter>
    </ClInclude>
    <ClInclude Include="..\Externals\FFMpeg\include\libavutil\bswap.h">
      <Filter>Externals\FFMpeg\libavutil</Filter>
    </ClInclude>
    <ClInclude Include="..\Externals\FFMpeg\include\libavutil\buffer.h">
      <Filter>Externals\FFMpeg\libavutil</Filter>
    </ClInclude>
    <ClInclude Include="..\Externals\FFMpeg\include\libavutil\camellia.h">
      <Filter>Externals\FFMpeg\libavutil</Filter>
    </ClInclude>
    <ClInclude Include="..\Externals\FFMpeg\include\libavutil\cast5.h">
      <Filter>Externals\FFMpeg\libavutil</Filter>
    </ClInclude>
    <ClInclude Include="..\Externals\FFMpeg\include\libavutil\channel_layout.h">
      <Filter>Externals\FFMpeg\libavutil</Filter>
    </ClInclude>
    <ClInclude Include="..\Externals\FFMpeg\include\libavutil\common.h">
      <Filter>Externals\FFMpeg\libavutil</Filter>
    </ClInclude>
    <ClInclude Include="..\Externals\FFMpeg\include\libavutil\cpu.h">
      <Filter>Externals\FFMpeg\libavutil</Filter>
    </ClInclude>
    <ClInclude Include="..\Externals\FFMpeg\include\libavutil\crc.h">
      <Filter>Externals\FFMpeg\libavutil</Filter>
    </ClInclude>
    <ClInclude Include="..\Externals\FFMpeg\include\libavutil\dict.h">
      <Filter>Externals\FFMpeg\libavutil</Filter>
    </ClInclude>
    <ClInclude Include="..\Externals\FFMpeg\include\libavutil\display.h">
      <Filter>Externals\FFMpeg\libavutil</Filter>
    </ClInclude>
    <ClInclude Include="..\Externals\FFMpeg\include\libavutil\downmix_info.h">
      <Filter>Externals\FFMpeg\libavutil</Filter>
    </ClInclude>
    <ClInclude Include="..\Externals\FFMpeg\include\libavutil\error.h">
      <Filter>Externals\FFMpeg\libavutil</Filter>
    </ClInclude>
    <ClInclude Include="..\Externals\FFMpeg\include\libavutil\eval.h">
      <Filter>Externals\FFMpeg\libavutil</Filter>
    </ClInclude>
    <ClInclude Include="..\Externals\FFMpeg\include\libavutil\ffversion.h">
      <Filter>Externals\FFMpeg\libavutil</Filter>
    </ClInclude>
    <ClInclude Include="..\Externals\FFMpeg\include\libavutil\fifo.h">
      <Filter>Externals\FFMpeg\libavutil</Filter>
    </ClInclude>
    <ClInclude Include="..\Externals\FFMpeg\include\libavutil\file.h">
      <Filter>Externals\FFMpeg\libavutil</Filter>
    </ClInclude>
    <ClInclude Include="..\Externals\FFMpeg\include\libavutil\frame.h">
      <Filter>Externals\FFMpeg\libavutil</Filter>
    </ClInclude>
    <ClInclude Include="..\Externals\FFMpeg\include\libavutil\hash.h">
      <Filter>Externals\FFMpeg\libavutil</Filter>
    </ClInclude>
    <ClInclude Include="..\Externals\FFMpeg\include\libavutil\hmac.h">
      <Filter>Externals\FFMpeg\libavutil</Filter>
    </ClInclude>
    <ClInclude Include="..\Externals\FFMpeg\include\libavutil\imgutils.h">
      <Filter>Externals\FFMpeg\libavutil</Filter>
    </ClInclude>
    <ClInclude Include="..\Externals\FFMpeg\include\libavutil\intfloat.h">
      <Filter>Externals\FFMpeg\libavutil</Filter>
    </ClInclude>
    <ClInclude Include="..\Externals\FFMpeg\include\libavutil\intreadwrite.h">
      <Filter>Externals\FFMpeg\libavutil</Filter>
    </ClInclude>
    <ClInclude Include="..\Externals\FFMpeg\include\libavutil\lfg.h">
      <Filter>Externals\FFMpeg\libavutil</Filter>
    </ClInclude>
    <ClInclude Include="..\Externals\FFMpeg\include\libavutil\log.h">
      <Filter>Externals\FFMpeg\libavutil</Filter>
    </ClInclude>
    <ClInclude Include="..\Externals\FFMpeg\include\libavutil\lzo.h">
      <Filter>Externals\FFMpeg\libavutil</Filter>
    </ClInclude>
    <ClInclude Include="..\Externals\FFMpeg\include\libavutil\macros.h">
      <Filter>Externals\FFMpeg\libavutil</Filter>
    </ClInclude>
    <ClInclude Include="..\Externals\FFMpeg\include\libavutil\mathematics.h">
      <Filter>Externals\FFMpeg\libavutil</Filter>
    </ClInclude>
    <ClInclude Include="..\Externals\FFMpeg\include\libavutil\md5.h">
      <Filter>Externals\FFMpeg\libavutil</Filter>
    </ClInclude>
    <ClInclude Include="..\Externals\FFMpeg\include\libavutil\mem.h">
      <Filter>Externals\FFMpeg\libavutil</Filter>
    </ClInclude>
    <ClInclude Include="..\Externals\FFMpeg\include\libavutil\motion_vector.h">
      <Filter>Externals\FFMpeg\libavutil</Filter>
    </ClInclude>
    <ClInclude Include="..\Externals\FFMpeg\include\libavutil\murmur3.h">
      <Filter>Externals\FFMpeg\libavutil</Filter>
    </ClInclude>
    <ClInclude Include="..\Externals\FFMpeg\include\libavutil\old_pix_fmts.h">
      <Filter>Externals\FFMpeg\libavutil</Filter>
    </ClInclude>
    <ClInclude Include="..\Externals\FFMpeg\include\libavutil\opt.h">
      <Filter>Externals\FFMpeg\libavutil</Filter>
    </ClInclude>
    <ClInclude Include="..\Externals\FFMpeg\include\libavutil\parseutils.h">
      <Filter>Externals\FFMpeg\libavutil</Filter>
    </ClInclude>
    <ClInclude Include="..\Externals\FFMpeg\include\libavutil\pixdesc.h">
      <Filter>Externals\FFMpeg\libavutil</Filter>
    </ClInclude>
    <ClInclude Include="..\Externals\FFMpeg\include\libavutil\pixelutils.h">
      <Filter>Externals\FFMpeg\libavutil</Filter>
    </ClInclude>
    <ClInclude Include="..\Externals\FFMpeg\include\libavutil\pixfmt.h">
      <Filter>Externals\FFMpeg\libavutil</Filter>
    </ClInclude>
    <ClInclude Include="..\Externals\FFMpeg\include\libavutil\random_seed.h">
      <Filter>Externals\FFMpeg\libavutil</Filter>
    </ClInclude>
    <ClInclude Include="..\Externals\FFMpeg\include\libavutil\rational.h">
      <Filter>Externals\FFMpeg\libavutil</Filter>
    </ClInclude>
    <ClInclude Include="..\Externals\FFMpeg\include\libavutil\replaygain.h">
      <Filter>Externals\FFMpeg\libavutil</Filter>
    </ClInclude>
    <ClInclude Include="..\Externals\FFMpeg\include\libavutil\ripemd.h">
      <Filter>Externals\FFMpeg\libavutil</Filter>
    </ClInclude>
    <ClInclude Include="..\Externals\FFMpeg\include\libavutil\samplefmt.h">
      <Filter>Externals\FFMpeg\libavutil</Filter>
    </ClInclude>
    <ClInclude Include="..\Externals\FFMpeg\include\libavutil\sha.h">
      <Filter>Externals\FFMpeg\libavutil</Filter>
    </ClInclude>
    <ClInclude Include="..\Externals\FFMpeg\include\libavutil\sha512.h">
      <Filter>Externals\FFMpeg\libavutil</Filter>
    </ClInclude>
    <ClInclude Include="..\Externals\FFMpeg\include\libavutil\stereo3d.h">
      <Filter>Externals\FFMpeg\libavutil</Filter>
    </ClInclude>
    <ClInclude Include="..\Externals\FFMpeg\include\libavutil\threadmessage.h">
      <Filter>Externals\FFMpeg\libavutil</Filter>
    </ClInclude>
    <ClInclude Include="..\Externals\FFMpeg\include\libavutil\time.h">
      <Filter>Externals\FFMpeg\libavutil</Filter>
    </ClInclude>
    <ClInclude Include="..\Externals\FFMpeg\include\libavutil\timecode.h">
      <Filter>Externals\FFMpeg\libavutil</Filter>
    </ClInclude>
    <ClInclude Include="..\Externals\FFMpeg\include\libavutil\timestamp.h">
      <Filter>Externals\FFMpeg\libavutil</Filter>
    </ClInclude>
    <ClInclude Include="..\Externals\FFMpeg\include\libavutil\twofish.h">
      <Filter>Externals\FFMpeg\libavutil</Filter>
    </ClInclude>
    <ClInclude Include="..\Externals\FFMpeg\include\libavutil\version.h">
      <Filter>Externals\FFMpeg\libavutil</Filter>
    </ClInclude>
    <ClInclude Include="..\Externals\FFMpeg\include\libavutil\xtea.h">
      <Filter>Externals\FFMpeg\libavutil</Filter>
    </ClInclude>
    <ClInclude Include="..\Externals\FFMpeg\include\libavutil\adler32.h">
      <Filter>Externals\FFMpeg\libavutil</Filter>
    </ClInclude>
    <ClInclude Include="..\Externals\FFMpeg\include\libavutil\aes.h">
      <Filter>Externals\FFMpeg\libavutil</Filter>
    </ClInclude>
    <ClInclude Include="..\Externals\FFMpeg\include\libavutil\attributes.h">
      <Filter>Externals\FFMpeg\libavutil</Filter>
    </ClInclude>
    <ClInclude Include="..\Externals\FFMpeg\include\libavutil\audio_fifo.h">
      <Filter>Externals\FFMpeg\libavutil</Filter>
    </ClInclude>
    <ClInclude Include="..\Externals\FFMpeg\include\libavutil\audioconvert.h">
      <Filter>Externals\FFMpeg\libavutil</Filter>
    </ClInclude>
    <ClInclude Include="..\Externals\FFMpeg\include\libavutil\avassert.h">
      <Filter>Externals\FFMpeg\libavutil</Filter>
    </ClInclude>
    <ClInclude Include="..\Externals\FFMpeg\include\libpostproc\postprocess.h">
      <Filter>Externals\FFMpeg\libpostproc</Filter>
    </ClInclude>
    <ClInclude Include="..\Externals\FFMpeg\include\libpostproc\version.h">
      <Filter>Externals\FFMpeg\libpostproc</Filter>
    </ClInclude>
    <ClInclude Include="..\Externals\FFMpeg\include\libswresample\version.h">
      <Filter>Externals\FFMpeg\libswresample</Filter>
    </ClInclude>
    <ClInclude Include="..\Externals\FFMpeg\include\libswresample\swresample.h">
      <Filter>Externals\FFMpeg\libswresample</Filter>
    </ClInclude>
    <ClInclude Include="..\Externals\FFMpeg\include\libswscale\version.h">
      <Filter>Externals\FFMpeg\libswscale</Filter>
    </ClInclude>
    <ClInclude Include="..\Externals\FFMpeg\include\libswscale\swscale.h">
      <Filter>Externals\FFMpeg\libswscale</Filter>
    </ClInclude>
    <ClInclude Include="..\Externals\FreeImage\FreeImage.h">
      <Filter>Externals\FreeImage</Filter>
    </ClInclude>
    <ClInclude Include="..\Externals\GLFW\include\glfw3.h">
      <Filter>Externals\GLFW</Filter>
    </ClInclude>
    <ClInclude Include="..\Externals\GLFW\include\glfw3native.h">
      <Filter>Externals\GLFW</Filter>
    </ClInclude>
    <ClInclude Include="..\Externals\GLM\glm\detail\func_exponential.hpp">
      <Filter>Externals\GLM\detail</Filter>
    </ClInclude>
    <ClInclude Include="..\Externals\GLM\glm\detail\func_geometric.hpp">
      <Filter>Externals\GLM\detail</Filter>
    </ClInclude>
    <ClInclude Include="..\Externals\GLM\glm\detail\func_integer.hpp">
      <Filter>Externals\GLM\detail</Filter>
    </ClInclude>
    <ClInclude Include="..\Externals\GLM\glm\detail\func_matrix.hpp">
      <Filter>Externals\GLM\detail</Filter>
    </ClInclude>
    <ClInclude Include="..\Externals\GLM\glm\detail\func_noise.hpp">
      <Filter>Externals\GLM\detail</Filter>
    </ClInclude>
    <ClInclude Include="..\Externals\GLM\glm\detail\func_packing.hpp">
      <Filter>Externals\GLM\detail</Filter>
    </ClInclude>
    <ClInclude Include="..\Externals\GLM\glm\detail\func_trigonometric.hpp">
      <Filter>Externals\GLM\detail</Filter>
    </ClInclude>
    <ClInclude Include="..\Externals\GLM\glm\detail\func_vector_relational.hpp">
      <Filter>Externals\GLM\detail</Filter>
    </ClInclude>
    <ClInclude Include="..\Externals\GLM\glm\detail\intrinsic_common.hpp">
      <Filter>Externals\GLM\detail</Filter>
    </ClInclude>
    <ClInclude Include="..\Externals\GLM\glm\detail\intrinsic_exponential.hpp">
      <Filter>Externals\GLM\detail</Filter>
    </ClInclude>
    <ClInclude Include="..\Externals\GLM\glm\detail\intrinsic_geometric.hpp">
      <Filter>Externals\GLM\detail</Filter>
    </ClInclude>
    <ClInclude Include="..\Externals\GLM\glm\detail\intrinsic_integer.hpp">
      <Filter>Externals\GLM\detail</Filter>
    </ClInclude>
    <ClInclude Include="..\Externals\GLM\glm\detail\intrinsic_matrix.hpp">
      <Filter>Externals\GLM\detail</Filter>
    </ClInclude>
    <ClInclude Include="..\Externals\GLM\glm\detail\intrinsic_trigonometric.hpp">
      <Filter>Externals\GLM\detail</Filter>
    </ClInclude>
    <ClInclude Include="..\Externals\GLM\glm\detail\intrinsic_vector_relational.hpp">
      <Filter>Externals\GLM\detail</Filter>
    </ClInclude>
    <ClInclude Include="..\Externals\GLM\glm\detail\precision.hpp">
      <Filter>Externals\GLM\detail</Filter>
    </ClInclude>
    <ClInclude Include="..\Externals\GLM\glm\detail\setup.hpp">
      <Filter>Externals\GLM\detail</Filter>
    </ClInclude>
    <ClInclude Include="..\Externals\GLM\glm\detail\type_float.hpp">
      <Filter>Externals\GLM\detail</Filter>
    </ClInclude>
    <ClInclude Include="..\Externals\GLM\glm\detail\type_gentype.hpp">
      <Filter>Externals\GLM\detail</Filter>
    </ClInclude>
    <ClInclude Include="..\Externals\GLM\glm\detail\type_half.hpp">
      <Filter>Externals\GLM\detail</Filter>
    </ClInclude>
    <ClInclude Include="..\Externals\GLM\glm\detail\type_int.hpp">
      <Filter>Externals\GLM\detail</Filter>
    </ClInclude>
    <ClInclude Include="..\Externals\GLM\glm\detail\type_mat.hpp">
      <Filter>Externals\GLM\detail</Filter>
    </ClInclude>
    <ClInclude Include="..\Externals\GLM\glm\detail\type_mat2x2.hpp">
      <Filter>Externals\GLM\detail</Filter>
    </ClInclude>
    <ClInclude Include="..\Externals\GLM\glm\detail\type_mat2x3.hpp">
      <Filter>Externals\GLM\detail</Filter>
    </ClInclude>
    <ClInclude Include="..\Externals\GLM\glm\detail\type_mat2x4.hpp">
      <Filter>Externals\GLM\detail</Filter>
    </ClInclude>
    <ClInclude Include="..\Externals\GLM\glm\detail\type_mat3x2.hpp">
      <Filter>Externals\GLM\detail</Filter>
    </ClInclude>
    <ClInclude Include="..\Externals\GLM\glm\detail\type_mat3x3.hpp">
      <Filter>Externals\GLM\detail</Filter>
    </ClInclude>
    <ClInclude Include="..\Externals\GLM\glm\detail\type_mat3x4.hpp">
      <Filter>Externals\GLM\detail</Filter>
    </ClInclude>
    <ClInclude Include="..\Externals\GLM\glm\detail\type_mat4x2.hpp">
      <Filter>Externals\GLM\detail</Filter>
    </ClInclude>
    <ClInclude Include="..\Externals\GLM\glm\detail\type_mat4x3.hpp">
      <Filter>Externals\GLM\detail</Filter>
    </ClInclude>
    <ClInclude Include="..\Externals\GLM\glm\detail\type_mat4x4.hpp">
      <Filter>Externals\GLM\detail</Filter>
    </ClInclude>
    <ClInclude Include="..\Externals\GLM\glm\detail\type_vec.hpp">
      <Filter>Externals\GLM\detail</Filter>
    </ClInclude>
    <ClInclude Include="..\Externals\GLM\glm\detail\type_vec1.hpp">
      <Filter>Externals\GLM\detail</Filter>
    </ClInclude>
    <ClInclude Include="..\Externals\GLM\glm\detail\type_vec2.hpp">
      <Filter>Externals\GLM\detail</Filter>
    </ClInclude>
    <ClInclude Include="..\Externals\GLM\glm\detail\type_vec3.hpp">
      <Filter>Externals\GLM\detail</Filter>
    </ClInclude>
    <ClInclude Include="..\Externals\GLM\glm\detail\type_vec4.hpp">
      <Filter>Externals\GLM\detail</Filter>
    </ClInclude>
    <ClInclude Include="..\Externals\GLM\glm\detail\_features.hpp">
      <Filter>Externals\GLM\detail</Filter>
    </ClInclude>
    <ClInclude Include="..\Externals\GLM\glm\detail\_fixes.hpp">
      <Filter>Externals\GLM\detail</Filter>
    </ClInclude>
    <ClInclude Include="..\Externals\GLM\glm\detail\_noise.hpp">
      <Filter>Externals\GLM\detail</Filter>
    </ClInclude>
    <ClInclude Include="..\Externals\GLM\glm\detail\_swizzle.hpp">
      <Filter>Externals\GLM\detail</Filter>
    </ClInclude>
    <ClInclude Include="..\Externals\GLM\glm\detail\_swizzle_func.hpp">
      <Filter>Externals\GLM\detail</Filter>
    </ClInclude>
    <ClInclude Include="..\Externals\GLM\glm\detail\_vectorize.hpp">
      <Filter>Externals\GLM\detail</Filter>
    </ClInclude>
    <ClInclude Include="..\Externals\GLM\glm\detail\func_common.hpp">
      <Filter>Externals\GLM\detail</Filter>
    </ClInclude>
    <ClInclude Include="..\Externals\GLM\glm\gtc\constants.hpp">
      <Filter>Externals\GLM\gtc</Filter>
    </ClInclude>
    <ClInclude Include="..\Externals\GLM\glm\gtc\epsilon.hpp">
      <Filter>Externals\GLM\gtc</Filter>
    </ClInclude>
    <ClInclude Include="..\Externals\GLM\glm\gtc\integer.hpp">
      <Filter>Externals\GLM\gtc</Filter>
    </ClInclude>
    <ClInclude Include="..\Externals\GLM\glm\gtc\matrix_access.hpp">
      <Filter>Externals\GLM\gtc</Filter>
    </ClInclude>
    <ClInclude Include="..\Externals\GLM\glm\gtc\matrix_integer.hpp">
      <Filter>Externals\GLM\gtc</Filter>
    </ClInclude>
    <ClInclude Include="..\Externals\GLM\glm\gtc\matrix_inverse.hpp">
      <Filter>Externals\GLM\gtc</Filter>
    </ClInclude>
    <ClInclude Include="..\Externals\GLM\glm\gtc\matrix_transform.hpp">
      <Filter>Externals\GLM\gtc</Filter>
    </ClInclude>
    <ClInclude Include="..\Externals\GLM\glm\gtc\noise.hpp">
      <Filter>Externals\GLM\gtc</Filter>
    </ClInclude>
    <ClInclude Include="..\Externals\GLM\glm\gtc\packing.hpp">
      <Filter>Externals\GLM\gtc</Filter>
    </ClInclude>
    <ClInclude Include="..\Externals\GLM\glm\gtc\quaternion.hpp">
      <Filter>Externals\GLM\gtc</Filter>
    </ClInclude>
    <ClInclude Include="..\Externals\GLM\glm\gtc\random.hpp">
      <Filter>Externals\GLM\gtc</Filter>
    </ClInclude>
    <ClInclude Include="..\Externals\GLM\glm\gtc\reciprocal.hpp">
      <Filter>Externals\GLM\gtc</Filter>
    </ClInclude>
    <ClInclude Include="..\Externals\GLM\glm\gtc\round.hpp">
      <Filter>Externals\GLM\gtc</Filter>
    </ClInclude>
    <ClInclude Include="..\Externals\GLM\glm\gtc\type_precision.hpp">
      <Filter>Externals\GLM\gtc</Filter>
    </ClInclude>
    <ClInclude Include="..\Externals\GLM\glm\gtc\type_ptr.hpp">
      <Filter>Externals\GLM\gtc</Filter>
    </ClInclude>
    <ClInclude Include="..\Externals\GLM\glm\gtc\ulp.hpp">
      <Filter>Externals\GLM\gtc</Filter>
    </ClInclude>
    <ClInclude Include="..\Externals\GLM\glm\gtc\vec1.hpp">
      <Filter>Externals\GLM\gtc</Filter>
    </ClInclude>
    <ClInclude Include="..\Externals\GLM\glm\gtc\bitfield.hpp">
      <Filter>Externals\GLM\gtc</Filter>
    </ClInclude>
    <ClInclude Include="..\Externals\GLM\glm\gtx\color_space.hpp">
      <Filter>Externals\GLM\gtx</Filter>
    </ClInclude>
    <ClInclude Include="..\Externals\GLM\glm\gtx\color_space_YCoCg.hpp">
      <Filter>Externals\GLM\gtx</Filter>
    </ClInclude>
    <ClInclude Include="..\Externals\GLM\glm\gtx\common.hpp">
      <Filter>Externals\GLM\gtx</Filter>
    </ClInclude>
    <ClInclude Include="..\Externals\GLM\glm\gtx\compatibility.hpp">
      <Filter>Externals\GLM\gtx</Filter>
    </ClInclude>
    <ClInclude Include="..\Externals\GLM\glm\gtx\component_wise.hpp">
      <Filter>Externals\GLM\gtx</Filter>
    </ClInclude>
    <ClInclude Include="..\Externals\GLM\glm\gtx\dual_quaternion.hpp">
      <Filter>Externals\GLM\gtx</Filter>
    </ClInclude>
    <ClInclude Include="..\Externals\GLM\glm\gtx\euler_angles.hpp">
      <Filter>Externals\GLM\gtx</Filter>
    </ClInclude>
    <ClInclude Include="..\Externals\GLM\glm\gtx\extend.hpp">
      <Filter>Externals\GLM\gtx</Filter>
    </ClInclude>
    <ClInclude Include="..\Externals\GLM\glm\gtx\extented_min_max.hpp">
      <Filter>Externals\GLM\gtx</Filter>
    </ClInclude>
    <ClInclude Include="..\Externals\GLM\glm\gtx\fast_exponential.hpp">
      <Filter>Externals\GLM\gtx</Filter>
    </ClInclude>
    <ClInclude Include="..\Externals\GLM\glm\gtx\fast_square_root.hpp">
      <Filter>Externals\GLM\gtx</Filter>
    </ClInclude>
    <ClInclude Include="..\Externals\GLM\glm\gtx\fast_trigonometry.hpp">
      <Filter>Externals\GLM\gtx</Filter>
    </ClInclude>
    <ClInclude Include="..\Externals\GLM\glm\gtx\gradient_paint.hpp">
      <Filter>Externals\GLM\gtx</Filter>
    </ClInclude>
    <ClInclude Include="..\Externals\GLM\glm\gtx\handed_coordinate_space.hpp">
      <Filter>Externals\GLM\gtx</Filter>
    </ClInclude>
    <ClInclude Include="..\Externals\GLM\glm\gtx\integer.hpp">
      <Filter>Externals\GLM\gtx</Filter>
    </ClInclude>
    <ClInclude Include="..\Externals\GLM\glm\gtx\intersect.hpp">
      <Filter>Externals\GLM\gtx</Filter>
    </ClInclude>
    <ClInclude Include="..\Externals\GLM\glm\gtx\io.hpp">
      <Filter>Externals\GLM\gtx</Filter>
    </ClInclude>
    <ClInclude Include="..\Externals\GLM\glm\gtx\log_base.hpp">
      <Filter>Externals\GLM\gtx</Filter>
    </ClInclude>
    <ClInclude Include="..\Externals\GLM\glm\gtx\matrix_cross_product.hpp">
      <Filter>Externals\GLM\gtx</Filter>
    </ClInclude>
    <ClInclude Include="..\Externals\GLM\glm\gtx\matrix_decompose.hpp">
      <Filter>Externals\GLM\gtx</Filter>
    </ClInclude>
    <ClInclude Include="..\Externals\GLM\glm\gtx\matrix_interpolation.hpp">
      <Filter>Externals\GLM\gtx</Filter>
    </ClInclude>
    <ClInclude Include="..\Externals\GLM\glm\gtx\matrix_major_storage.hpp">
      <Filter>Externals\GLM\gtx</Filter>
    </ClInclude>
    <ClInclude Include="..\Externals\GLM\glm\gtx\matrix_operation.hpp">
      <Filter>Externals\GLM\gtx</Filter>
    </ClInclude>
    <ClInclude Include="..\Externals\GLM\glm\gtx\matrix_query.hpp">
      <Filter>Externals\GLM\gtx</Filter>
    </ClInclude>
    <ClInclude Include="..\Externals\GLM\glm\gtx\matrix_transform_2d.hpp">
      <Filter>Externals\GLM\gtx</Filter>
    </ClInclude>
    <ClInclude Include="..\Externals\GLM\glm\gtx\mixed_product.hpp">
      <Filter>Externals\GLM\gtx</Filter>
    </ClInclude>
    <ClInclude Include="..\Externals\GLM\glm\gtx\multiple.hpp">
      <Filter>Externals\GLM\gtx</Filter>
    </ClInclude>
    <ClInclude Include="..\Externals\GLM\glm\gtx\norm.hpp">
      <Filter>Externals\GLM\gtx</Filter>
    </ClInclude>
    <ClInclude Include="..\Externals\GLM\glm\gtx\normal.hpp">
      <Filter>Externals\GLM\gtx</Filter>
    </ClInclude>
    <ClInclude Include="..\Externals\GLM\glm\gtx\normalize_dot.hpp">
      <Filter>Externals\GLM\gtx</Filter>
    </ClInclude>
    <ClInclude Include="..\Externals\GLM\glm\gtx\number_precision.hpp">
      <Filter>Externals\GLM\gtx</Filter>
    </ClInclude>
    <ClInclude Include="..\Externals\GLM\glm\gtx\optimum_pow.hpp">
      <Filter>Externals\GLM\gtx</Filter>
    </ClInclude>
    <ClInclude Include="..\Externals\GLM\glm\gtx\orthonormalize.hpp">
      <Filter>Externals\GLM\gtx</Filter>
    </ClInclude>
    <ClInclude Include="..\Externals\GLM\glm\gtx\perpendicular.hpp">
      <Filter>Externals\GLM\gtx</Filter>
    </ClInclude>
    <ClInclude Include="..\Externals\GLM\glm\gtx\polar_coordinates.hpp">
      <Filter>Externals\GLM\gtx</Filter>
    </ClInclude>
    <ClInclude Include="..\Externals\GLM\glm\gtx\projection.hpp">
      <Filter>Externals\GLM\gtx</Filter>
    </ClInclude>
    <ClInclude Include="..\Externals\GLM\glm\gtx\quaternion.hpp">
      <Filter>Externals\GLM\gtx</Filter>
    </ClInclude>
    <ClInclude Include="..\Externals\GLM\glm\gtx\range.hpp">
      <Filter>Externals\GLM\gtx</Filter>
    </ClInclude>
    <ClInclude Include="..\Externals\GLM\glm\gtx\raw_data.hpp">
      <Filter>Externals\GLM\gtx</Filter>
    </ClInclude>
    <ClInclude Include="..\Externals\GLM\glm\gtx\rotate_normalized_axis.hpp">
      <Filter>Externals\GLM\gtx</Filter>
    </ClInclude>
    <ClInclude Include="..\Externals\GLM\glm\gtx\rotate_vector.hpp">
      <Filter>Externals\GLM\gtx</Filter>
    </ClInclude>
    <ClInclude Include="..\Externals\GLM\glm\gtx\scalar_multiplication.hpp">
      <Filter>Externals\GLM\gtx</Filter>
    </ClInclude>
    <ClInclude Include="..\Externals\GLM\glm\gtx\scalar_relational.hpp">
      <Filter>Externals\GLM\gtx</Filter>
    </ClInclude>
    <ClInclude Include="..\Externals\GLM\glm\gtx\simd_mat4.hpp">
      <Filter>Externals\GLM\gtx</Filter>
    </ClInclude>
    <ClInclude Include="..\Externals\GLM\glm\gtx\simd_quat.hpp">
      <Filter>Externals\GLM\gtx</Filter>
    </ClInclude>
    <ClInclude Include="..\Externals\GLM\glm\gtx\simd_vec4.hpp">
      <Filter>Externals\GLM\gtx</Filter>
    </ClInclude>
    <ClInclude Include="..\Externals\GLM\glm\gtx\spline.hpp">
      <Filter>Externals\GLM\gtx</Filter>
    </ClInclude>
    <ClInclude Include="..\Externals\GLM\glm\gtx\std_based_type.hpp">
      <Filter>Externals\GLM\gtx</Filter>
    </ClInclude>
    <ClInclude Include="..\Externals\GLM\glm\gtx\string_cast.hpp">
      <Filter>Externals\GLM\gtx</Filter>
    </ClInclude>
    <ClInclude Include="..\Externals\GLM\glm\gtx\transform.hpp">
      <Filter>Externals\GLM\gtx</Filter>
    </ClInclude>
    <ClInclude Include="..\Externals\GLM\glm\gtx\transform2.hpp">
      <Filter>Externals\GLM\gtx</Filter>
    </ClInclude>
    <ClInclude Include="..\Externals\GLM\glm\gtx\type_aligned.hpp">
      <Filter>Externals\GLM\gtx</Filter>
    </ClInclude>
    <ClInclude Include="..\Externals\GLM\glm\gtx\vector_angle.hpp">
      <Filter>Externals\GLM\gtx</Filter>
    </ClInclude>
    <ClInclude Include="..\Externals\GLM\glm\gtx\vector_query.hpp">
      <Filter>Externals\GLM\gtx</Filter>
    </ClInclude>
    <ClInclude Include="..\Externals\GLM\glm\gtx\wrap.hpp">
      <Filter>Externals\GLM\gtx</Filter>
    </ClInclude>
    <ClInclude Include="..\Externals\GLM\glm\gtx\associated_min_max.hpp">
      <Filter>Externals\GLM\gtx</Filter>
    </ClInclude>
    <ClInclude Include="..\Externals\GLM\glm\gtx\bit.hpp">
      <Filter>Externals\GLM\gtx</Filter>
    </ClInclude>
    <ClInclude Include="..\Externals\GLM\glm\gtx\closest_point.hpp">
      <Filter>Externals\GLM\gtx</Filter>
    </ClInclude>
    <ClInclude Include="Falcor.h" />
    <ClInclude Include="FalcorConfig.h" />
    <ClInclude Include="Framework.h" />
    <ClInclude Include="Sample.h" />
    <ClInclude Include="API\Resource.h">
      <Filter>API</Filter>
    </ClInclude>
    <ClInclude Include="API\ResourceViews.h">
      <Filter>API</Filter>
    </ClInclude>
    <ClInclude Include="API\TypedBuffer.h">
      <Filter>API</Filter>
    </ClInclude>
    <ClInclude Include="API\StructuredBuffer.h">
      <Filter>API</Filter>
    </ClInclude>
    <ClInclude Include="API\VariablesBuffer.h">
      <Filter>API</Filter>
    </ClInclude>
    <ClInclude Include="API\ComputeStateObject.h">
      <Filter>API</Filter>
    </ClInclude>
    <ClInclude Include="Graphics\ComputeState.h">
      <Filter>Graphics</Filter>
    </ClInclude>
    <ClInclude Include="Graphics\GraphicsState.h">
      <Filter>Graphics</Filter>
    </ClInclude>
    <ClInclude Include="API\GraphicsStateObject.h">
      <Filter>API</Filter>
    </ClInclude>
    <ClInclude Include="API\CopyContext.h">
      <Filter>API</Filter>
    </ClInclude>
    <ClInclude Include="API\ComputeContext.h">
      <Filter>API</Filter>
    </ClInclude>
    <ClInclude Include="API\LowLevel\LowLevelContextData.h">
      <Filter>API\LowLevel</Filter>
    </ClInclude>
    <ClInclude Include="Graphics\Model\ObjectInstance.h">
      <Filter>Graphics\Model</Filter>
    </ClInclude>
    <ClInclude Include="Graphics\Model\Loaders\ModelImporter.h">
      <Filter>Graphics\Model\Loaders</Filter>
    </ClInclude>
    <ClInclude Include="ArgList.h">
      <Filter>Utils</Filter>
    </ClInclude>
    <ClInclude Include="SampleTest.h" />
    <ClInclude Include="Utils\Graph.h">
      <Filter>Utils</Filter>
    </ClInclude>
    <ClInclude Include="Utils\Picking\Picking.h">
      <Filter>Utils\Picking</Filter>
    </ClInclude>
    <ClInclude Include="Graphics\Scene\Editor\SceneEditor.h">
      <Filter>Graphics\Scene\Editor</Filter>
    </ClInclude>
    <ClInclude Include="Graphics\Scene\Editor\Gizmo.h">
      <Filter>Graphics\Scene\Editor</Filter>
    </ClInclude>
    <ClInclude Include="Graphics\Scene\Editor\SceneEditorRenderer.h">
      <Filter>Graphics\Scene\Editor</Filter>
    </ClInclude>
    <ClInclude Include="Utils\DebugDrawer.h">
      <Filter>Utils</Filter>
    </ClInclude>
    <ClInclude Include="Graphics\Material\MaterialHistory.h">
      <Filter>Graphics\Material</Filter>
    </ClInclude>
    <ClInclude Include="Effects\AmbientOcclusion\SSAO.h">
      <Filter>Effects\AmbientOcclusion</Filter>
    </ClInclude>
    <ClInclude Include="Utils\PixelZoom.h">
      <Filter>Utils</Filter>
    </ClInclude>
    <ClInclude Include="Data\Effects\ParticleData.h">
      <Filter>Data\Effects\Particles</Filter>
    </ClInclude>
    <ClInclude Include="API\vulkan\FalcorVK.h">
      <Filter>API\Vulkan</Filter>
    </ClInclude>
    <ClInclude Include="Effects\ParticleSystem\ParticleSystem.h">
      <Filter>Effects\ParticleSystem</Filter>
    </ClInclude>
    <ClInclude Include="API\DescriptorSet.h">
      <Filter>API</Filter>
    </ClInclude>
    <ClInclude Include="API\LowLevel\DescriptorPool.h">
      <Filter>API\LowLevel</Filter>
    </ClInclude>
    <ClInclude Include="API\Vulkan\LowLevel\VKDescriptorData.h">
      <Filter>API\Vulkan\LowLevel</Filter>
    </ClInclude>
    <ClInclude Include="API\Vulkan\VKState.h">
      <Filter>API\Vulkan</Filter>
    </ClInclude>
    <ClInclude Include="Data\Framework\Shaders\SceneEditorCommon.slang.h">
      <Filter>Data\Framework\Shaders</Filter>
    </ClInclude>
    <ClInclude Include="Data\Effects\CsmData.h">
      <Filter>Data\Effects</Filter>
    </ClInclude>
    <ClInclude Include="Data\Effects\SSAOData.h">
      <Filter>Data\Effects</Filter>
    </ClInclude>
    <ClInclude Include="Data\Effects\ParticleData.h">
      <Filter>Data\Effects\Particles</Filter>
    </ClInclude>
    <ClInclude Include="Data\HostDeviceSharedCode.h">
      <Filter>Data</Filter>
    </ClInclude>
    <ClInclude Include="Data\HostDeviceSharedMacros.h">
      <Filter>Data</Filter>
    </ClInclude>
    <ClInclude Include="API\Vulkan\VKSmartHandle.h">
      <Filter>API\Vulkan</Filter>
    </ClInclude>
    <ClInclude Include="API\QueryHeap.h">
      <Filter>API</Filter>
    </ClInclude>
    <ClInclude Include="Data\Effects\LeanMapData.hlsli">
      <Filter>Data\Effects</Filter>
    </ClInclude>
    <ClInclude Include="Effects\TAA\TAA.h">
      <Filter>Effects\TAA</Filter>
    </ClInclude>
    <ClInclude Include="Utils\ThreadPool.h">
      <Filter>Utils</Filter>
    </ClInclude>
    <ClInclude Include="Utils\Renderer\Renderer.h">
      <Filter>Utils\Renderer</Filter>
    </ClInclude>
    <ClInclude Include="MultiRendererSample.h" />
    <ClInclude Include="Utils\PythonEmbedding.h">
      <Filter>Utils</Filter>
    </ClInclude>
    <ClInclude Include="Utils\Platform\OS.h">
      <Filter>Utils\Platform</Filter>
    </ClInclude>
    <ClInclude Include="Utils\Platform\ProgressBar.h">
      <Filter>Utils\Platform</Filter>
    </ClInclude>
    <ClInclude Include="Utils\DXHeader.h">
      <Filter>Utils</Filter>
    </ClInclude>
    <ClInclude Include="Graphics\Program\ParameterBlock.h">
      <Filter>Graphics\Program</Filter>
    </ClInclude>
    <ClInclude Include="Graphics\Program\Program.h">
      <Filter>Graphics\Program</Filter>
    </ClInclude>
    <ClInclude Include="Graphics\Program\ProgramReflection.h">
      <Filter>Graphics\Program</Filter>
    </ClInclude>
    <ClInclude Include="Graphics\Program\ProgramVars.h">
      <Filter>Graphics\Program</Filter>
    </ClInclude>
    <ClInclude Include="Graphics\Program\ProgramVersion.h">
      <Filter>Graphics\Program</Filter>
    </ClInclude>
    <ClInclude Include="Graphics\Program\ComputeProgram.h">
      <Filter>Graphics\Program</Filter>
    </ClInclude>
    <ClInclude Include="Graphics\Program\GraphicsProgram.h">
      <Filter>Graphics\Program</Filter>
    </ClInclude>
    <ClInclude Include="API\D3D12\D3D12ApiData.h">
      <Filter>API\D3D12</Filter>
    </ClInclude>
    <ClInclude Include="API\D3D12\D3D12NvApiExDesc.h">
      <Filter>API\D3D12</Filter>
    </ClInclude>
    <ClInclude Include="API\D3D12\D3D12Resource.h">
      <Filter>API\D3D12</Filter>
    </ClInclude>
    <ClInclude Include="API\D3D12\D3D12State.h">
      <Filter>API\D3D12</Filter>
    </ClInclude>
    <ClInclude Include="API\D3D12\D3DViews.h">
      <Filter>API\D3D12</Filter>
    </ClInclude>
    <ClInclude Include="API\D3D12\FalcorD3D12.h">
      <Filter>API\D3D12</Filter>
    </ClInclude>
    <ClInclude Include="API\D3D12\LowLevel\D3D12DescriptorData.h">
      <Filter>API\D3D12\LowLevel</Filter>
    </ClInclude>
    <ClInclude Include="API\D3D12\LowLevel\D3D12DescriptorHeap.h">
      <Filter>API\D3D12\LowLevel</Filter>
    </ClInclude>
  </ItemGroup>
  <ItemGroup>
    <Filter Include="Externals">
      <UniqueIdentifier>{91055aa0-2e25-4507-816e-5b43817cef35}</UniqueIdentifier>
    </Filter>
    <Filter Include="Externals\GLFW">
      <UniqueIdentifier>{be02830e-afa2-487f-9c2e-5d8096bbba61}</UniqueIdentifier>
    </Filter>
    <Filter Include="Externals\GLM">
      <UniqueIdentifier>{e92b12af-efa7-464a-8e6e-70385c85a1b5}</UniqueIdentifier>
    </Filter>
    <Filter Include="Externals\GLM\detail">
      <UniqueIdentifier>{0893b0d3-6632-4454-b9a3-e767429eb60f}</UniqueIdentifier>
    </Filter>
    <Filter Include="Externals\GLM\gtc">
      <UniqueIdentifier>{a9cf70e7-8ec1-476f-8a3b-7b02be552d8c}</UniqueIdentifier>
    </Filter>
    <Filter Include="Externals\GLM\gtx">
      <UniqueIdentifier>{8c9b8305-4910-405f-b136-7d2c4aa05499}</UniqueIdentifier>
    </Filter>
    <Filter Include="Externals\FreeImage">
      <UniqueIdentifier>{f2ec6f46-f660-4827-a0be-ecbf231b69b0}</UniqueIdentifier>
    </Filter>
    <Filter Include="Graphics">
      <UniqueIdentifier>{acefc4bf-9434-4454-8a62-201442c09368}</UniqueIdentifier>
    </Filter>
    <Filter Include="Graphics\Model">
      <UniqueIdentifier>{f18d878f-edd9-46d4-99ea-c98642b95c7d}</UniqueIdentifier>
    </Filter>
    <Filter Include="Utils">
      <UniqueIdentifier>{d1e7f435-1a6b-4b90-a3a7-7bae60b19ceb}</UniqueIdentifier>
    </Filter>
    <Filter Include="Graphics\Model\Loaders">
      <UniqueIdentifier>{10617e7e-6bba-4bb0-9081-56718efa0cb4}</UniqueIdentifier>
    </Filter>
    <Filter Include="Data">
      <UniqueIdentifier>{c3922fda-093e-4529-918a-118ffb465ae2}</UniqueIdentifier>
    </Filter>
    <Filter Include="Data\Framework">
      <UniqueIdentifier>{71f28ec9-9c98-499a-947e-a68f4e99f80c}</UniqueIdentifier>
    </Filter>
    <Filter Include="Graphics\Scene">
      <UniqueIdentifier>{c2c1f450-97ef-4896-9b26-efe09836bf15}</UniqueIdentifier>
    </Filter>
    <Filter Include="Graphics\Camera">
      <UniqueIdentifier>{917a7de6-1592-4ef8-9069-705faa5d74a2}</UniqueIdentifier>
    </Filter>
    <Filter Include="Utils\Math">
      <UniqueIdentifier>{b09c5e53-0f1c-4268-8e95-9502744022ef}</UniqueIdentifier>
    </Filter>
    <Filter Include="Externals\FFMpeg">
      <UniqueIdentifier>{8b58789c-729c-440d-82c3-30fb3ff7f3b3}</UniqueIdentifier>
    </Filter>
    <Filter Include="Externals\FFMpeg\libavcodec">
      <UniqueIdentifier>{cfa6e784-ac16-403c-8f1f-5072dfd47292}</UniqueIdentifier>
    </Filter>
    <Filter Include="Externals\FFMpeg\libavdevice">
      <UniqueIdentifier>{768c99a4-1e77-4850-94bb-4e62b28ed2b8}</UniqueIdentifier>
    </Filter>
    <Filter Include="Externals\FFMpeg\libavfilter">
      <UniqueIdentifier>{4deccfb4-2dac-4ee8-9ff2-6bca8562c8ab}</UniqueIdentifier>
    </Filter>
    <Filter Include="Externals\FFMpeg\libavformat">
      <UniqueIdentifier>{5fafb5e1-2a48-4701-848e-366273e36f82}</UniqueIdentifier>
    </Filter>
    <Filter Include="Externals\FFMpeg\libavutil">
      <UniqueIdentifier>{f47af4e6-20c2-4790-b35f-23a7992d2e60}</UniqueIdentifier>
    </Filter>
    <Filter Include="Externals\FFMpeg\libpostproc">
      <UniqueIdentifier>{aee22e98-b4c5-4edb-bc2e-eec38629fd89}</UniqueIdentifier>
    </Filter>
    <Filter Include="Externals\FFMpeg\libswresample">
      <UniqueIdentifier>{64437661-2d27-4013-aaa6-60d43a36d3ab}</UniqueIdentifier>
    </Filter>
    <Filter Include="Externals\FFMpeg\libswscale">
      <UniqueIdentifier>{36fcd9b5-801d-4bfe-bfa6-66b763e0a7e8}</UniqueIdentifier>
    </Filter>
    <Filter Include="Graphics\Paths">
      <UniqueIdentifier>{0a005ed9-f456-46d5-85c0-880689378c3b}</UniqueIdentifier>
    </Filter>
    <Filter Include="ShadingUtils">
      <UniqueIdentifier>{aab19330-4eb2-405a-af5a-a4f65faa888a}</UniqueIdentifier>
    </Filter>
    <Filter Include="Graphics\Material">
      <UniqueIdentifier>{6019fee5-465d-409d-92c2-499985e4d084}</UniqueIdentifier>
    </Filter>
    <Filter Include="Utils\Video">
      <UniqueIdentifier>{8e50a4a9-abda-4cc1-88d2-f048bb68b6e8}</UniqueIdentifier>
    </Filter>
    <Filter Include="VR">
      <UniqueIdentifier>{ab9efc68-3fb7-41e1-b23a-440841348a3e}</UniqueIdentifier>
    </Filter>
    <Filter Include="VR\OpenVR">
      <UniqueIdentifier>{88aa476e-4331-4ad8-b773-2161d97d8b50}</UniqueIdentifier>
    </Filter>
    <Filter Include="Utils\Psychophysics">
      <UniqueIdentifier>{68a68d99-0c61-45ed-b3e6-40bd7d24a13f}</UniqueIdentifier>
    </Filter>
    <Filter Include="Effects">
      <UniqueIdentifier>{f0e71268-e340-4c20-a6dc-cd530de8c7fa}</UniqueIdentifier>
    </Filter>
    <Filter Include="Effects\NormalMap">
      <UniqueIdentifier>{41a14cca-f426-4dd6-919c-76bbc359e065}</UniqueIdentifier>
    </Filter>
    <Filter Include="Data\Effects">
      <UniqueIdentifier>{751b1180-32da-49f6-af92-7a06f383530b}</UniqueIdentifier>
    </Filter>
    <Filter Include="Effects\Shadows">
      <UniqueIdentifier>{92632a4a-f346-4b12-8932-b9ef2bdf61bc}</UniqueIdentifier>
    </Filter>
    <Filter Include="Effects\Utils">
      <UniqueIdentifier>{3f274d50-1f6e-4818-a2bf-3d139f127559}</UniqueIdentifier>
    </Filter>
    <Filter Include="Effects\SkyBox">
      <UniqueIdentifier>{6e37b9dd-d391-420d-aa2e-d3a73598ab38}</UniqueIdentifier>
    </Filter>
    <Filter Include="Effects\ToneMapping">
      <UniqueIdentifier>{93980430-1a93-4999-bd8a-2f0b46713318}</UniqueIdentifier>
    </Filter>
    <Filter Include="API">
      <UniqueIdentifier>{6165d5ad-97ac-4ff3-9c9e-68c93acc245f}</UniqueIdentifier>
    </Filter>
    <Filter Include="API\LowLevel">
      <UniqueIdentifier>{8bb5d38b-eb7d-40a8-a5aa-c934669015b5}</UniqueIdentifier>
    </Filter>
    <Filter Include="Externals\dear_imgui">
      <UniqueIdentifier>{fd48defe-6e2a-4ea0-a9e0-b7a8b7cbe222}</UniqueIdentifier>
    </Filter>
    <Filter Include="Utils\Picking">
      <UniqueIdentifier>{db06632d-289e-4e1c-85b4-7d6f5e41c73b}</UniqueIdentifier>
    </Filter>
    <Filter Include="Graphics\Scene\Editor">
      <UniqueIdentifier>{3b164303-abe4-428c-bd50-4368ab7b8933}</UniqueIdentifier>
    </Filter>
    <Filter Include="Data\Framework\Shaders">
      <UniqueIdentifier>{872e05a2-6354-4a08-ada2-8b8c88a7858c}</UniqueIdentifier>
    </Filter>
    <Filter Include="Effects\AmbientOcclusion">
      <UniqueIdentifier>{723ff80c-2107-49c1-8a2b-e01f9d4eb6e9}</UniqueIdentifier>
    </Filter>
    <Filter Include="API\Vulkan">
      <UniqueIdentifier>{f191732c-c52a-4867-976e-f96cedcbf908}</UniqueIdentifier>
    </Filter>
    <Filter Include="Data\Effects\Particles">
      <UniqueIdentifier>{113ae44c-7970-429b-ba40-22c457f0003d}</UniqueIdentifier>
    </Filter>
    <Filter Include="Effects\ParticleSystem">
      <UniqueIdentifier>{be06907b-0403-4c3b-a59a-ec74cbfdfb86}</UniqueIdentifier>
    </Filter>
    <Filter Include="API\Vulkan">
      <UniqueIdentifier>{f191732c-c52a-4867-976e-f96cedcbf908}</UniqueIdentifier>
    </Filter>
    <Filter Include="API\Vulkan\LowLevel">
      <UniqueIdentifier>{230e7726-da32-47d7-bdf6-c77e62c21ada}</UniqueIdentifier>
    </Filter>
    <Filter Include="Effects\TAA">
      <UniqueIdentifier>{d1b8a19e-aea1-4b27-862a-06434b845be7}</UniqueIdentifier>
    </Filter>
    <Filter Include="Utils\Renderer">
      <UniqueIdentifier>{32802cf1-128c-4a2c-835a-17d0a3dd0976}</UniqueIdentifier>
    </Filter>
    <Filter Include="Utils\Platform">
      <UniqueIdentifier>{91140a89-0755-46ae-8bea-7af2e775afb4}</UniqueIdentifier>
    </Filter>
    <Filter Include="Utils\Platform\Linux">
      <UniqueIdentifier>{594e507a-0be5-4e74-bda2-ddf7b429e957}</UniqueIdentifier>
    </Filter>
    <Filter Include="Utils\Platform\Windows">
      <UniqueIdentifier>{cfd2d470-4f60-4788-89e9-9aa4ee7032de}</UniqueIdentifier>
    </Filter>
    <Filter Include="API\D3D12">
      <UniqueIdentifier>{00ac78d3-41db-4095-af85-65088c6b60bd}</UniqueIdentifier>
    </Filter>
    <Filter Include="API\D3D12\LowLevel">
      <UniqueIdentifier>{eaf2bd94-5891-4207-b40a-3e2461da6295}</UniqueIdentifier>
    </Filter>
    <Filter Include="Graphics\Program">
      <UniqueIdentifier>{a2a4ca1c-043f-4b99-8d25-5f413799c4c8}</UniqueIdentifier>
    </Filter>
  </ItemGroup>
  <ItemGroup>
    <None Include="..\Externals\dear_imgui\LICENSE">
      <Filter>Externals\dear_imgui</Filter>
    </None>
    <None Include="..\Externals\dear_imgui\README.md">
      <Filter>Externals\dear_imgui</Filter>
    </None>
    <None Include="..\Externals\GLM\glm\detail\func_exponential.inl">
      <Filter>Externals\GLM\detail</Filter>
    </None>
    <None Include="..\Externals\GLM\glm\detail\func_geometric.inl">
      <Filter>Externals\GLM\detail</Filter>
    </None>
    <None Include="..\Externals\GLM\glm\detail\func_integer.inl">
      <Filter>Externals\GLM\detail</Filter>
    </None>
    <None Include="..\Externals\GLM\glm\detail\func_matrix.inl">
      <Filter>Externals\GLM\detail</Filter>
    </None>
    <None Include="..\Externals\GLM\glm\detail\func_noise.inl">
      <Filter>Externals\GLM\detail</Filter>
    </None>
    <None Include="..\Externals\GLM\glm\detail\func_packing.inl">
      <Filter>Externals\GLM\detail</Filter>
    </None>
    <None Include="..\Externals\GLM\glm\detail\func_trigonometric.inl">
      <Filter>Externals\GLM\detail</Filter>
    </None>
    <None Include="..\Externals\GLM\glm\detail\func_vector_relational.inl">
      <Filter>Externals\GLM\detail</Filter>
    </None>
    <None Include="..\Externals\GLM\glm\detail\intrinsic_common.inl">
      <Filter>Externals\GLM\detail</Filter>
    </None>
    <None Include="..\Externals\GLM\glm\detail\intrinsic_exponential.inl">
      <Filter>Externals\GLM\detail</Filter>
    </None>
    <None Include="..\Externals\GLM\glm\detail\intrinsic_geometric.inl">
      <Filter>Externals\GLM\detail</Filter>
    </None>
    <None Include="..\Externals\GLM\glm\detail\intrinsic_integer.inl">
      <Filter>Externals\GLM\detail</Filter>
    </None>
    <None Include="..\Externals\GLM\glm\detail\intrinsic_matrix.inl">
      <Filter>Externals\GLM\detail</Filter>
    </None>
    <None Include="..\Externals\GLM\glm\detail\intrinsic_trigonometric.inl">
      <Filter>Externals\GLM\detail</Filter>
    </None>
    <None Include="..\Externals\GLM\glm\detail\intrinsic_vector_relational.inl">
      <Filter>Externals\GLM\detail</Filter>
    </None>
    <None Include="..\Externals\GLM\glm\detail\type_gentype.inl">
      <Filter>Externals\GLM\detail</Filter>
    </None>
    <None Include="..\Externals\GLM\glm\detail\type_half.inl">
      <Filter>Externals\GLM\detail</Filter>
    </None>
    <None Include="..\Externals\GLM\glm\detail\type_mat.inl">
      <Filter>Externals\GLM\detail</Filter>
    </None>
    <None Include="..\Externals\GLM\glm\detail\type_mat2x2.inl">
      <Filter>Externals\GLM\detail</Filter>
    </None>
    <None Include="..\Externals\GLM\glm\detail\type_mat2x3.inl">
      <Filter>Externals\GLM\detail</Filter>
    </None>
    <None Include="..\Externals\GLM\glm\detail\type_mat2x4.inl">
      <Filter>Externals\GLM\detail</Filter>
    </None>
    <None Include="..\Externals\GLM\glm\detail\type_mat3x2.inl">
      <Filter>Externals\GLM\detail</Filter>
    </None>
    <None Include="..\Externals\GLM\glm\detail\type_mat3x3.inl">
      <Filter>Externals\GLM\detail</Filter>
    </None>
    <None Include="..\Externals\GLM\glm\detail\type_mat3x4.inl">
      <Filter>Externals\GLM\detail</Filter>
    </None>
    <None Include="..\Externals\GLM\glm\detail\type_mat4x2.inl">
      <Filter>Externals\GLM\detail</Filter>
    </None>
    <None Include="..\Externals\GLM\glm\detail\type_mat4x3.inl">
      <Filter>Externals\GLM\detail</Filter>
    </None>
    <None Include="..\Externals\GLM\glm\detail\type_mat4x4.inl">
      <Filter>Externals\GLM\detail</Filter>
    </None>
    <None Include="..\Externals\GLM\glm\detail\type_vec.inl">
      <Filter>Externals\GLM\detail</Filter>
    </None>
    <None Include="..\Externals\GLM\glm\detail\type_vec1.inl">
      <Filter>Externals\GLM\detail</Filter>
    </None>
    <None Include="..\Externals\GLM\glm\detail\type_vec2.inl">
      <Filter>Externals\GLM\detail</Filter>
    </None>
    <None Include="..\Externals\GLM\glm\detail\type_vec3.inl">
      <Filter>Externals\GLM\detail</Filter>
    </None>
    <None Include="..\Externals\GLM\glm\detail\type_vec4.inl">
      <Filter>Externals\GLM\detail</Filter>
    </None>
    <None Include="..\Externals\GLM\glm\detail\type_vec4_avx.inl">
      <Filter>Externals\GLM\detail</Filter>
    </None>
    <None Include="..\Externals\GLM\glm\detail\type_vec4_avx2.inl">
      <Filter>Externals\GLM\detail</Filter>
    </None>
    <None Include="..\Externals\GLM\glm\detail\type_vec4_sse2.inl">
      <Filter>Externals\GLM\detail</Filter>
    </None>
    <None Include="..\Externals\GLM\glm\detail\func_common.inl">
      <Filter>Externals\GLM\detail</Filter>
    </None>
    <None Include="..\Externals\GLM\glm\gtc\constants.inl">
      <Filter>Externals\GLM\gtc</Filter>
    </None>
    <None Include="..\Externals\GLM\glm\gtc\epsilon.inl">
      <Filter>Externals\GLM\gtc</Filter>
    </None>
    <None Include="..\Externals\GLM\glm\gtc\integer.inl">
      <Filter>Externals\GLM\gtc</Filter>
    </None>
    <None Include="..\Externals\GLM\glm\gtc\matrix_access.inl">
      <Filter>Externals\GLM\gtc</Filter>
    </None>
    <None Include="..\Externals\GLM\glm\gtc\matrix_inverse.inl">
      <Filter>Externals\GLM\gtc</Filter>
    </None>
    <None Include="..\Externals\GLM\glm\gtc\matrix_transform.inl">
      <Filter>Externals\GLM\gtc</Filter>
    </None>
    <None Include="..\Externals\GLM\glm\gtc\noise.inl">
      <Filter>Externals\GLM\gtc</Filter>
    </None>
    <None Include="..\Externals\GLM\glm\gtc\packing.inl">
      <Filter>Externals\GLM\gtc</Filter>
    </None>
    <None Include="..\Externals\GLM\glm\gtc\quaternion.inl">
      <Filter>Externals\GLM\gtc</Filter>
    </None>
    <None Include="..\Externals\GLM\glm\gtc\random.inl">
      <Filter>Externals\GLM\gtc</Filter>
    </None>
    <None Include="..\Externals\GLM\glm\gtc\reciprocal.inl">
      <Filter>Externals\GLM\gtc</Filter>
    </None>
    <None Include="..\Externals\GLM\glm\gtc\round.inl">
      <Filter>Externals\GLM\gtc</Filter>
    </None>
    <None Include="..\Externals\GLM\glm\gtc\type_precision.inl">
      <Filter>Externals\GLM\gtc</Filter>
    </None>
    <None Include="..\Externals\GLM\glm\gtc\type_ptr.inl">
      <Filter>Externals\GLM\gtc</Filter>
    </None>
    <None Include="..\Externals\GLM\glm\gtc\ulp.inl">
      <Filter>Externals\GLM\gtc</Filter>
    </None>
    <None Include="..\Externals\GLM\glm\gtc\vec1.inl">
      <Filter>Externals\GLM\gtc</Filter>
    </None>
    <None Include="..\Externals\GLM\glm\gtc\bitfield.inl">
      <Filter>Externals\GLM\gtc</Filter>
    </None>
    <None Include="..\Externals\GLM\glm\gtx\color_space.inl">
      <Filter>Externals\GLM\gtx</Filter>
    </None>
    <None Include="..\Externals\GLM\glm\gtx\color_space_YCoCg.inl">
      <Filter>Externals\GLM\gtx</Filter>
    </None>
    <None Include="..\Externals\GLM\glm\gtx\common.inl">
      <Filter>Externals\GLM\gtx</Filter>
    </None>
    <None Include="..\Externals\GLM\glm\gtx\compatibility.inl">
      <Filter>Externals\GLM\gtx</Filter>
    </None>
    <None Include="..\Externals\GLM\glm\gtx\component_wise.inl">
      <Filter>Externals\GLM\gtx</Filter>
    </None>
    <None Include="..\Externals\GLM\glm\gtx\dual_quaternion.inl">
      <Filter>Externals\GLM\gtx</Filter>
    </None>
    <None Include="..\Externals\GLM\glm\gtx\euler_angles.inl">
      <Filter>Externals\GLM\gtx</Filter>
    </None>
    <None Include="..\Externals\GLM\glm\gtx\extend.inl">
      <Filter>Externals\GLM\gtx</Filter>
    </None>
    <None Include="..\Externals\GLM\glm\gtx\extented_min_max.inl">
      <Filter>Externals\GLM\gtx</Filter>
    </None>
    <None Include="..\Externals\GLM\glm\gtx\fast_exponential.inl">
      <Filter>Externals\GLM\gtx</Filter>
    </None>
    <None Include="..\Externals\GLM\glm\gtx\fast_square_root.inl">
      <Filter>Externals\GLM\gtx</Filter>
    </None>
    <None Include="..\Externals\GLM\glm\gtx\fast_trigonometry.inl">
      <Filter>Externals\GLM\gtx</Filter>
    </None>
    <None Include="..\Externals\GLM\glm\gtx\gradient_paint.inl">
      <Filter>Externals\GLM\gtx</Filter>
    </None>
    <None Include="..\Externals\GLM\glm\gtx\handed_coordinate_space.inl">
      <Filter>Externals\GLM\gtx</Filter>
    </None>
    <None Include="..\Externals\GLM\glm\gtx\integer.inl">
      <Filter>Externals\GLM\gtx</Filter>
    </None>
    <None Include="..\Externals\GLM\glm\gtx\intersect.inl">
      <Filter>Externals\GLM\gtx</Filter>
    </None>
    <None Include="..\Externals\GLM\glm\gtx\io.inl">
      <Filter>Externals\GLM\gtx</Filter>
    </None>
    <None Include="..\Externals\GLM\glm\gtx\log_base.inl">
      <Filter>Externals\GLM\gtx</Filter>
    </None>
    <None Include="..\Externals\GLM\glm\gtx\matrix_cross_product.inl">
      <Filter>Externals\GLM\gtx</Filter>
    </None>
    <None Include="..\Externals\GLM\glm\gtx\matrix_decompose.inl">
      <Filter>Externals\GLM\gtx</Filter>
    </None>
    <None Include="..\Externals\GLM\glm\gtx\matrix_interpolation.inl">
      <Filter>Externals\GLM\gtx</Filter>
    </None>
    <None Include="..\Externals\GLM\glm\gtx\matrix_major_storage.inl">
      <Filter>Externals\GLM\gtx</Filter>
    </None>
    <None Include="..\Externals\GLM\glm\gtx\matrix_operation.inl">
      <Filter>Externals\GLM\gtx</Filter>
    </None>
    <None Include="..\Externals\GLM\glm\gtx\matrix_query.inl">
      <Filter>Externals\GLM\gtx</Filter>
    </None>
    <None Include="..\Externals\GLM\glm\gtx\matrix_transform_2d.inl">
      <Filter>Externals\GLM\gtx</Filter>
    </None>
    <None Include="..\Externals\GLM\glm\gtx\mixed_product.inl">
      <Filter>Externals\GLM\gtx</Filter>
    </None>
    <None Include="..\Externals\GLM\glm\gtx\multiple.inl">
      <Filter>Externals\GLM\gtx</Filter>
    </None>
    <None Include="..\Externals\GLM\glm\gtx\norm.inl">
      <Filter>Externals\GLM\gtx</Filter>
    </None>
    <None Include="..\Externals\GLM\glm\gtx\normal.inl">
      <Filter>Externals\GLM\gtx</Filter>
    </None>
    <None Include="..\Externals\GLM\glm\gtx\normalize_dot.inl">
      <Filter>Externals\GLM\gtx</Filter>
    </None>
    <None Include="..\Externals\GLM\glm\gtx\number_precision.inl">
      <Filter>Externals\GLM\gtx</Filter>
    </None>
    <None Include="..\Externals\GLM\glm\gtx\optimum_pow.inl">
      <Filter>Externals\GLM\gtx</Filter>
    </None>
    <None Include="..\Externals\GLM\glm\gtx\orthonormalize.inl">
      <Filter>Externals\GLM\gtx</Filter>
    </None>
    <None Include="..\Externals\GLM\glm\gtx\perpendicular.inl">
      <Filter>Externals\GLM\gtx</Filter>
    </None>
    <None Include="..\Externals\GLM\glm\gtx\polar_coordinates.inl">
      <Filter>Externals\GLM\gtx</Filter>
    </None>
    <None Include="..\Externals\GLM\glm\gtx\projection.inl">
      <Filter>Externals\GLM\gtx</Filter>
    </None>
    <None Include="..\Externals\GLM\glm\gtx\quaternion.inl">
      <Filter>Externals\GLM\gtx</Filter>
    </None>
    <None Include="..\Externals\GLM\glm\gtx\raw_data.inl">
      <Filter>Externals\GLM\gtx</Filter>
    </None>
    <None Include="..\Externals\GLM\glm\gtx\rotate_normalized_axis.inl">
      <Filter>Externals\GLM\gtx</Filter>
    </None>
    <None Include="..\Externals\GLM\glm\gtx\rotate_vector.inl">
      <Filter>Externals\GLM\gtx</Filter>
    </None>
    <None Include="..\Externals\GLM\glm\gtx\scalar_relational.inl">
      <Filter>Externals\GLM\gtx</Filter>
    </None>
    <None Include="..\Externals\GLM\glm\gtx\simd_mat4.inl">
      <Filter>Externals\GLM\gtx</Filter>
    </None>
    <None Include="..\Externals\GLM\glm\gtx\simd_quat.inl">
      <Filter>Externals\GLM\gtx</Filter>
    </None>
    <None Include="..\Externals\GLM\glm\gtx\simd_vec4.inl">
      <Filter>Externals\GLM\gtx</Filter>
    </None>
    <None Include="..\Externals\GLM\glm\gtx\spline.inl">
      <Filter>Externals\GLM\gtx</Filter>
    </None>
    <None Include="..\Externals\GLM\glm\gtx\std_based_type.inl">
      <Filter>Externals\GLM\gtx</Filter>
    </None>
    <None Include="..\Externals\GLM\glm\gtx\string_cast.inl">
      <Filter>Externals\GLM\gtx</Filter>
    </None>
    <None Include="..\Externals\GLM\glm\gtx\transform.inl">
      <Filter>Externals\GLM\gtx</Filter>
    </None>
    <None Include="..\Externals\GLM\glm\gtx\transform2.inl">
      <Filter>Externals\GLM\gtx</Filter>
    </None>
    <None Include="..\Externals\GLM\glm\gtx\type_aligned.inl">
      <Filter>Externals\GLM\gtx</Filter>
    </None>
    <None Include="..\Externals\GLM\glm\gtx\vector_angle.inl">
      <Filter>Externals\GLM\gtx</Filter>
    </None>
    <None Include="..\Externals\GLM\glm\gtx\vector_query.inl">
      <Filter>Externals\GLM\gtx</Filter>
    </None>
    <None Include="..\Externals\GLM\glm\gtx\wrap.inl">
      <Filter>Externals\GLM\gtx</Filter>
    </None>
    <None Include="..\Externals\GLM\glm\gtx\associated_min_max.inl">
      <Filter>Externals\GLM\gtx</Filter>
    </None>
    <None Include="..\Externals\GLM\glm\gtx\bit.inl">
      <Filter>Externals\GLM\gtx</Filter>
    </None>
    <None Include="..\Externals\GLM\glm\gtx\closest_point.inl">
      <Filter>Externals\GLM\gtx</Filter>
    </None>
    <None Include="Data\Framework\Shaders\Blit.ps.slang">
      <Filter>Data\Framework\Shaders</Filter>
    </None>
    <None Include="Data\Framework\Shaders\Blit.vs.slang">
      <Filter>Data\Framework\Shaders</Filter>
    </None>
    <None Include="Data\Framework\Shaders\FullScreenPass.gs.slang">
      <Filter>Data\Framework\Shaders</Filter>
    </None>
    <None Include="Data\Framework\Shaders\FullScreenPass.vs.slang">
      <Filter>Data\Framework\Shaders</Filter>
    </None>
    <None Include="Data\Framework\Shaders\Gui.ps.slang">
      <Filter>Data\Framework\Shaders</Filter>
    </None>
    <None Include="Data\Framework\Shaders\Gui.vs.slang">
      <Filter>Data\Framework\Shaders</Filter>
    </None>
    <None Include="Data\Framework\Shaders\SceneEditorPS.slang">
      <Filter>Data\Framework\Shaders</Filter>
    </None>
    <None Include="Data\Framework\Shaders\SceneEditorVS.slang">
      <Filter>Data\Framework\Shaders</Filter>
    </None>
    <None Include="Data\Framework\Shaders\TextRenderer.vs.slang">
      <Filter>Data\Framework\Shaders</Filter>
    </None>
    <None Include="Data\Effects\GaussianBlur.ps.slang">
      <Filter>Data\Effects</Filter>
    </None>
    <None Include="Data\Effects\ParticleConstColor.ps.slang">
      <Filter>Data\Effects</Filter>
    </None>
    <None Include="Data\Effects\ShadowPass.ps.slang">
      <Filter>Data\Effects</Filter>
    </None>
    <None Include="Data\Effects\ShadowPass.vs.slang">
      <Filter>Data\Effects</Filter>
    </None>
    <None Include="Data\Effects\SkyBox.ps.slang">
      <Filter>Data\Effects</Filter>
    </None>
    <None Include="Data\Effects\SkyBox.vs.slang">
      <Filter>Data\Effects</Filter>
    </None>
    <None Include="Data\Effects\SSAO.ps.slang">
      <Filter>Data\Effects</Filter>
    </None>
    <None Include="Data\Effects\ToneMapping.ps.slang">
      <Filter>Data\Effects</Filter>
    </None>
    <None Include="Data\Effects\ParticleEmit.cs.slang">
      <Filter>Data\Effects\Particles</Filter>
    </None>
    <None Include="Data\Effects\ParticleInterpColor.ps.slang">
      <Filter>Data\Effects\Particles</Filter>
    </None>
    <None Include="Data\Effects\ParticleSimulate.cs.slang">
      <Filter>Data\Effects\Particles</Filter>
    </None>
    <None Include="Data\Effects\ParticleSort.cs.slang">
      <Filter>Data\Effects\Particles</Filter>
    </None>
    <None Include="Data\Effects\ParticleTexture.ps.slang">
      <Filter>Data\Effects\Particles</Filter>
    </None>
    <None Include="Data\Effects\ParticleVertex.vs.slang">
      <Filter>Data\Effects\Particles</Filter>
    </None>
    <None Include="Data\DefaultVS.slang">
      <Filter>Data</Filter>
    </None>
    <None Include="ShadingUtils\BSDFs.slang">
      <Filter>ShadingUtils</Filter>
    </None>
    <None Include="ShadingUtils\Cameras.slang">
      <Filter>ShadingUtils</Filter>
    </None>
    <None Include="ShadingUtils\Helpers.slang">
      <Filter>ShadingUtils</Filter>
    </None>
    <None Include="ShadingUtils\Lights.slang">
      <Filter>ShadingUtils</Filter>
    </None>
    <None Include="ShadingUtils\Shading.slang">
      <Filter>ShadingUtils</Filter>
    </None>
    <None Include="Data\ShaderCommon.slang">
      <Filter>Data</Filter>
    </None>
    <None Include="Data\HostDeviceData.slang">
      <Filter>Data</Filter>
    </None>
    <None Include="Data\Effects\LeanMapping.slang">
      <Filter>Data\Effects</Filter>
    </None>
    <None Include="Data\Effects\CascadedShadowMap.slang">
      <Filter>Data\Effects</Filter>
    </None>
    <None Include="Data\Framework\Shaders\ParallelReduction.ps.slang">
      <Filter>Data\Framework\Shaders</Filter>
    </None>
    <None Include="Data\Effects\ShadowPass.gs.slang">
      <Filter>Data\Effects</Filter>
    </None>
    <None Include="Data\Framework\Shaders\FullScreenPass.gs.glsl">
      <Filter>Data\Framework\Shaders</Filter>
    </None>
    <None Include="Data\Effects\TAA.ps.slang">
      <Filter>Data\Effects</Filter>
    </None>
    <None Include="Data\Framework\Shaders\TextRenderer.ps.slang">
      <Filter>Data\Framework\Shaders</Filter>
    </None>
    <None Include="Data\Framework\Shaders\MaterialBlock.slang">
      <Filter>Data\Framework\Shaders</Filter>
    </None>
  </ItemGroup>
</Project>