<?xml version="1.0" encoding="utf-8"?>
<Project ToolsVersion="4.0" xmlns="http://schemas.microsoft.com/developer/msbuild/2003">
  <ItemGroup>
    <ClCompile Include="Logging.cpp" />
    <ClCompile Include="PathTracer.cpp" />
    <ClCompile Include="Megakernel\MegakernelPathTracer.cpp">
      <Filter>Megakernel</Filter>
    </ClCompile>
  </ItemGroup>
  <ItemGroup>
    <ClInclude Include="Logging.h" />
    <ClInclude Include="PathTracer.h" />
    <ClInclude Include="Megakernel\MegakernelPathTracer.h">
      <Filter>Megakernel</Filter>
    </ClInclude>
  </ItemGroup>
  <ItemGroup>
    <ShaderSource Include="PathTracerParams.h" />
    <ShaderSource Include="Logging.slang" />
    <ShaderSource Include="Megakernel\PathTracer.rt.slang">
      <Filter>Megakernel</Filter>
    </ShaderSource>
    <ShaderSource Include="Megakernel\PathTracer.slang">
      <Filter>Megakernel</Filter>
    </ShaderSource>
    <ShaderSource Include="Megakernel\RayData.slang">
      <Filter>Megakernel</Filter>
    </ShaderSource>
    <ShaderSource Include="StaticParams.slang" />
    <ShaderSource Include="PathTracerHelpers.slang" />
    <ShaderSource Include="PathData.slang" />
    <ShaderSource Include="LoadGBuffer.slang" />
  </ItemGroup>
  <ItemGroup>
    <Filter Include="Megakernel">
      <UniqueIdentifier>{24ea07ed-cd8a-45d3-8fb2-f2db9984488b}</UniqueIdentifier>
    </Filter>
  </ItemGroup>
</Project>