<?xml version="1.0" encoding="utf-8"?>
<Project ToolsVersion="4.0" xmlns="http://schemas.microsoft.com/developer/msbuild/2003">
  <ItemGroup>
    <ClCompile Include="Shadows.cpp" />
  </ItemGroup>
  <ItemGroup>
    <ClInclude Include="Shadows.h" />
  </ItemGroup>
  <ItemGroup>
    <Filter Include="Shaders">
      <UniqueIdentifier>{f09ab360-293e-4517-bce2-da71cb04bdbd}</UniqueIdentifier>
    </Filter>
  </ItemGroup>
  <ItemGroup>
    <None Include="Data\Shadows.slang">
      <Filter>Shaders</Filter>
    </None>
    <None Include="Data\VisualizeMap.slang">
      <Filter>Shaders</Filter>
    </None>
  </ItemGroup>
</Project>