<?xml version="1.0" encoding="utf-8"?>
<Project ToolsVersion="4.0" xmlns="http://schemas.microsoft.com/developer/msbuild/2003">
  <ItemGroup>
    <ClCompile Include="HashedAlpha.cpp" />
  </ItemGroup>
  <ItemGroup>
    <ClInclude Include="HashedAlpha.h" />
  </ItemGroup>
  <ItemGroup>
    <Filter Include="Data">
      <UniqueIdentifier>{71acd929-c7e8-4110-9de4-c889c51fbb87}</UniqueIdentifier>
    </Filter>
  </ItemGroup>
  <ItemGroup>
    <FxCompile Include="Data\HashedAlpha.ps.hlsl">
      <Filter>Data</Filter>
    </FxCompile>
  </ItemGroup>
</Project>